<?xml version="1.0" encoding="utf-8"?>
<Project ToolsVersion="4.0" xmlns="http://schemas.microsoft.com/developer/msbuild/2003">
  <ItemGroup>
    <Filter Include="Source Files">
      <UniqueIdentifier>{dd1568c3-dfd1-4999-a84f-de4d31e9bf0f}</UniqueIdentifier>
      <Extensions>cpp;c;cxx;rc;def;r;odl;idl;hpj;bat</Extensions>
    </Filter>
    <Filter Include="Header Files">
      <UniqueIdentifier>{d342e8e1-8514-4fd7-86bd-28bc4324f2b4}</UniqueIdentifier>
      <Extensions>h;hpp;hxx;hm;inl</Extensions>
    </Filter>
    <Filter Include="Resource Files">
      <UniqueIdentifier>{3e5052ed-a85a-4ff0-a959-f877983f4e6a}</UniqueIdentifier>
      <Extensions>ico;cur;bmp;dlg;rc2;rct;bin;rgs;gif;jpg;jpeg;jpe</Extensions>
    </Filter>
  </ItemGroup>
  <ItemGroup>
    <ClCompile Include="FileFilter.cpp">
      <Filter>Source Files</Filter>
    </ClCompile>
    <ClCompile Include="GUI_Explorer.cpp">
      <Filter>Source Files</Filter>
    </ClCompile>
    <ClCompile Include="GUI_ExplorerDoc.cpp">
      <Filter>Source Files</Filter>
    </ClCompile>
    <ClCompile Include="GUI_ExplorerTree.cpp">
      <Filter>Source Files</Filter>
    </ClCompile>
    <ClCompile Include="GUI_ExplorerView.cpp">
      <Filter>Source Files</Filter>
    </ClCompile>
    <ClCompile Include="HistoryView.cpp">
      <Filter>Source Files</Filter>
    </ClCompile>
    <ClCompile Include="InternetView.cpp">
      <Filter>Source Files</Filter>
    </ClCompile>
    <ClCompile Include="MainFrm.cpp">
      <Filter>Source Files</Filter>
    </ClCompile>
    <ClCompile Include="SearchView.cpp">
      <Filter>Source Files</Filter>
    </ClCompile>
    <ClCompile Include="ShellListCtrl.cpp">
      <Filter>Source Files</Filter>
    </ClCompile>
    <ClCompile Include="StdAfx.cpp">
      <Filter>Source Files</Filter>
    </ClCompile>
  </ItemGroup>
  <ItemGroup>
    <ResourceCompile Include="GUI_Explorer.rc">
      <Filter>Source Files</Filter>
    </ResourceCompile>
  </ItemGroup>
  <ItemGroup>
    <ClInclude Include="..\AboutDlg\AboutDlg.h">
      <Filter>Header Files</Filter>
    </ClInclude>
    <ClInclude Include="FileFilter.h">
      <Filter>Header Files</Filter>
    </ClInclude>
    <ClInclude Include="GUI_Explorer.h">
      <Filter>Header Files</Filter>
    </ClInclude>
    <ClInclude Include="GUI_ExplorerDoc.h">
      <Filter>Header Files</Filter>
    </ClInclude>
    <ClInclude Include="GUI_ExplorerTree.h">
      <Filter>Header Files</Filter>
    </ClInclude>
    <ClInclude Include="GUI_ExplorerView.h">
      <Filter>Header Files</Filter>
    </ClInclude>
    <ClInclude Include="HistoryView.h">
      <Filter>Header Files</Filter>
    </ClInclude>
    <ClInclude Include="InternetView.h">
      <Filter>Header Files</Filter>
    </ClInclude>
    <ClInclude Include="MainFrm.h">
      <Filter>Header Files</Filter>
    </ClInclude>
    <ClInclude Include="Resource.h">
      <Filter>Header Files</Filter>
    </ClInclude>
    <ClInclude Include="SearchView.h">
      <Filter>Header Files</Filter>
    </ClInclude>
    <ClInclude Include="ShellListCtrl.h">
      <Filter>Header Files</Filter>
    </ClInclude>
    <ClInclude Include="StdAfx.h">
      <Filter>Header Files</Filter>
    </ClInclude>
  </ItemGroup>
  <ItemGroup>
    <None Include="res\addressbar.bmp">
      <Filter>Resource Files</Filter>
    </None>
    <None Include="res\CjSample.ico">
      <Filter>Resource Files</Filter>
    </None>
    <None Include="res\explorer_bar.bmp">
      <Filter>Resource Files</Filter>
    </None>
    <None Include="res\go_bar.bmp">
      <Filter>Resource Files</Filter>
    </None>
    <None Include="res\go_bar_hot.bmp">
      <Filter>Resource Files</Filter>
    </None>
    <None Include="res\GUI_Explorer.ico">
      <Filter>Resource Files</Filter>
    </None>
    <None Include="res\GUI_Explorer.rc2">
      <Filter>Resource Files</Filter>
    </None>
    <None Include="res\GUI_ExplorerDoc.ico">
      <Filter>Resource Files</Filter>
    </None>
    <None Include="res\logo.bmp">
      <Filter>Resource Files</Filter>
    </None>
    <None Include="res\Toolbar.bmp">
      <Filter>Resource Files</Filter>
    </None>
    <None Include="res\toolbar_small_light.bmp">
      <Filter>Resource Files</Filter>
    </None>
    <None Include="res\ieglobe.avi" />
    <None Include="res\visualc.avi" />
  </ItemGroup>
</Project>