<?xml version="1.0" encoding="utf-8"?>
<Project ToolsVersion="4.0" xmlns="http://schemas.microsoft.com/developer/msbuild/2003">
  <ItemGroup>
    <Filter Include="Source Files">
      <UniqueIdentifier>{42e82f8b-69ce-401d-9440-19129d8acbc8}</UniqueIdentifier>
      <Extensions>cpp;c;cxx;rc;def;r;odl;idl;hpj;bat</Extensions>
    </Filter>
    <Filter Include="Header Files">
      <UniqueIdentifier>{e0705937-0382-4b8d-a1b3-96aeb47d5fe5}</UniqueIdentifier>
      <Extensions>h;hpp;hxx;hm;inl</Extensions>
    </Filter>
    <Filter Include="Resource Files">
      <UniqueIdentifier>{03dabaf6-7c1a-4f4a-b65a-6b41038175b4}</UniqueIdentifier>
      <Extensions>ico;cur;bmp;dlg;rc2;rct;bin;rgs;gif;jpg;jpeg;jpe</Extensions>
    </Filter>
  </ItemGroup>
  <ItemGroup>
    <ClCompile Include="PropertySheet.cpp">
      <Filter>Source Files</Filter>
    </ClCompile>
    <ClCompile Include="PropertySheetDlg.cpp">
      <Filter>Source Files</Filter>
    </ClCompile>
    <ClCompile Include="StdAfx.cpp">
      <Filter>Source Files</Filter>
    </ClCompile>
    <ClCompile Include="TabClientPage.cpp">
      <Filter>Source Files</Filter>
    </ClCompile>
    <ClCompile Include="TabListPage.cpp">
      <Filter>Source Files</Filter>
    </ClCompile>
    <ClCompile Include="TabLongPage.cpp">
      <Filter>Source Files</Filter>
    </ClCompile>
    <ClCompile Include="TabResizablePage.cpp">
      <Filter>Source Files</Filter>
    </ClCompile>
    <ClCompile Include="TabSamplePage.cpp">
      <Filter>Source Files</Filter>
    </ClCompile>
    <ClCompile Include="TabTreePage.cpp">
      <Filter>Source Files</Filter>
    </ClCompile>
  </ItemGroup>
  <ItemGroup>
    <ResourceCompile Include="PropertySheet.rc">
      <Filter>Source Files</Filter>
    </ResourceCompile>
  </ItemGroup>
  <ItemGroup>
    <ClInclude Include="PropertySheet.h">
      <Filter>Header Files</Filter>
    </ClInclude>
    <ClInclude Include="PropertySheetDlg.h">
      <Filter>Header Files</Filter>
    </ClInclude>
    <ClInclude Include="Resource.h">
      <Filter>Header Files</Filter>
    </ClInclude>
    <ClInclude Include="StdAfx.h">
      <Filter>Header Files</Filter>
    </ClInclude>
    <ClInclude Include="TabClientPage.h">
      <Filter>Header Files</Filter>
    </ClInclude>
    <ClInclude Include="TabListPage.h">
      <Filter>Header Files</Filter>
    </ClInclude>
    <ClInclude Include="TabLongPage.h">
      <Filter>Header Files</Filter>
    </ClInclude>
    <ClInclude Include="TabResizablePage.h">
      <Filter>Header Files</Filter>
    </ClInclude>
    <ClInclude Include="TabSamplePage.h">
      <Filter>Header Files</Filter>
    </ClInclude>
    <ClInclude Include="TabTreePage.h">
      <Filter>Header Files</Filter>
    </ClInclude>
  </ItemGroup>
  <ItemGroup>
    <None Include="res\CJSample.ico">
      <Filter>Resource Files</Filter>
    </None>
    <None Include="res\icon4.ico">
      <Filter>Resource Files</Filter>
    </None>
    <None Include="res\icon5.ico">
      <Filter>Resource Files</Filter>
    </None>
    <None Include="res\icon6.ico">
      <Filter>Resource Files</Filter>
    </None>
    <None Include="res\PropertySheet.ico">
      <Filter>Resource Files</Filter>
    </None>
    <None Include="res\PropertySheet.rc2">
      <Filter>Resource Files</Filter>
    </None>
    <None Include="ReadMe.txt" />
  </ItemGroup>
</Project>