<?xml version="1.0" encoding="utf-8"?>
<Project ToolsVersion="4.0" xmlns="http://schemas.microsoft.com/developer/msbuild/2003">
  <ItemGroup>
    <Filter Include="Source Files">
      <UniqueIdentifier>{2522f777-e4d4-4bf2-923b-eea43be0557c}</UniqueIdentifier>
      <Extensions>cpp;c;cxx;rc;def;r;odl;idl;hpj;bat</Extensions>
    </Filter>
    <Filter Include="Header Files">
      <UniqueIdentifier>{cf4c0a64-7283-42c2-9200-9b4b65e1e323}</UniqueIdentifier>
      <Extensions>h;hpp;hxx;hm;inl</Extensions>
    </Filter>
    <Filter Include="Resource Files">
      <UniqueIdentifier>{1a4b2425-22fb-43b2-8afb-3a85fbac2ebf}</UniqueIdentifier>
      <Extensions>ico;cur;bmp;dlg;rc2;rct;bin;rgs;gif;jpg;jpeg;jpe</Extensions>
    </Filter>
  </ItemGroup>
  <ItemGroup>
    <ClCompile Include="ChildFrm.cpp">
      <Filter>Source Files</Filter>
    </ClCompile>
    <ClCompile Include="CommonControls.cpp">
      <Filter>Source Files</Filter>
    </ClCompile>
    <ClCompile Include="CommonControlsDoc.cpp">
      <Filter>Source Files</Filter>
    </ClCompile>
    <ClCompile Include="CommonControlsView.cpp">
      <Filter>Source Files</Filter>
    </ClCompile>
    <ClCompile Include="MainFrm.cpp">
      <Filter>Source Files</Filter>
    </ClCompile>
    <ClCompile Include="StdAfx.cpp">
      <Filter>Source Files</Filter>
    </ClCompile>
  </ItemGroup>
  <ItemGroup>
    <ResourceCompile Include="CommonControls.rc">
      <Filter>Source Files</Filter>
    </ResourceCompile>
  </ItemGroup>
  <ItemGroup>
    <ClInclude Include="ChildFrm.h">
      <Filter>Header Files</Filter>
    </ClInclude>
    <ClInclude Include="CommonControls.h">
      <Filter>Header Files</Filter>
    </ClInclude>
    <ClInclude Include="CommonControlsDoc.h">
      <Filter>Header Files</Filter>
    </ClInclude>
    <ClInclude Include="CommonControlsView.h">
      <Filter>Header Files</Filter>
    </ClInclude>
    <ClInclude Include="MainFrm.h">
      <Filter>Header Files</Filter>
    </ClInclude>
    <ClInclude Include="Resource.h">
      <Filter>Header Files</Filter>
    </ClInclude>
    <ClInclude Include="StdAfx.h">
      <Filter>Header Files</Filter>
    </ClInclude>
  </ItemGroup>
  <ItemGroup>
    <None Include="res\AnimationBar.bmp">
      <Filter>Resource Files</Filter>
    </None>
    <None Include="res\CjSample.ico">
      <Filter>Resource Files</Filter>
    </None>
    <None Include="res\CommonControls.ico">
      <Filter>Resource Files</Filter>
    </None>
    <None Include="res\CommonControls.rc2">
      <Filter>Resource Files</Filter>
    </None>
    <None Include="res\CommonControlsDoc.ico">
      <Filter>Resource Files</Filter>
    </None>
    <None Include="res\OptionsBar.bmp">
      <Filter>Resource Files</Filter>
    </None>
    <None Include="res\ScrollBar.bmp">
      <Filter>Resource Files</Filter>
    </None>
    <None Include="res\SliderBar.bmp">
      <Filter>Resource Files</Filter>
    </None>
    <None Include="res\StaticBar.bmp">
      <Filter>Resource Files</Filter>
    </None>
    <None Include="res\Toolbar.bmp">
      <Filter>Resource Files</Filter>
    </None>
    <None Include="res\heartbeat.avi" />
  </ItemGroup>
</Project>