<?xml version="1.0" encoding="utf-8"?>
<Project ToolsVersion="4.0" xmlns="http://schemas.microsoft.com/developer/msbuild/2003">
  <ItemGroup>
    <Filter Include="Source Files">
      <UniqueIdentifier>{800549f3-4bb1-4db4-b77c-51c3b50d527d}</UniqueIdentifier>
      <Extensions>cpp;c;cxx;rc;def;r;odl;idl;hpj;bat</Extensions>
    </Filter>
    <Filter Include="Header Files">
      <UniqueIdentifier>{407ff909-f6bb-4e37-b145-1ed7fc8c4e79}</UniqueIdentifier>
      <Extensions>h;hpp;hxx;hm;inl</Extensions>
    </Filter>
    <Filter Include="Resource Files">
      <UniqueIdentifier>{78882f1b-3291-4305-b117-ca06fe4c7c3c}</UniqueIdentifier>
      <Extensions>ico;cur;bmp;dlg;rc2;rct;bin;rgs;gif;jpg;jpeg;jpe</Extensions>
    </Filter>
    <Filter Include="Actions">
      <UniqueIdentifier>{1d571a36-0f95-43f4-937a-95d01116adc8}</UniqueIdentifier>
    </Filter>
  </ItemGroup>
  <ItemGroup>
    <ClCompile Include="ActionsSample.cpp">
      <Filter>Source Files</Filter>
    </ClCompile>
    <ClCompile Include="ActionsSampleDoc.cpp">
      <Filter>Source Files</Filter>
    </ClCompile>
    <ClCompile Include="ActionsSampleView.cpp">
      <Filter>Source Files</Filter>
    </ClCompile>
    <ClCompile Include="CntrItem.cpp">
      <Filter>Source Files</Filter>
    </ClCompile>
    <ClCompile Include="DialogActions.cpp">
      <Filter>Source Files</Filter>
    </ClCompile>
    <ClCompile Include="MainFrm.cpp">
      <Filter>Source Files</Filter>
    </ClCompile>
    <ClCompile Include="StdAfx.cpp">
      <Filter>Source Files</Filter>
    </ClCompile>
  </ItemGroup>
  <ItemGroup>
    <ResourceCompile Include="ActionsSample.rc">
      <Filter>Source Files</Filter>
    </ResourceCompile>
  </ItemGroup>
  <ItemGroup>
    <ClInclude Include="ActionsSample.h">
      <Filter>Header Files</Filter>
    </ClInclude>
    <ClInclude Include="ActionsSampleDoc.h">
      <Filter>Header Files</Filter>
    </ClInclude>
    <ClInclude Include="ActionsSampleView.h">
      <Filter>Header Files</Filter>
    </ClInclude>
    <ClInclude Include="CntrItem.h">
      <Filter>Header Files</Filter>
    </ClInclude>
    <ClInclude Include="DialogActions.h">
      <Filter>Header Files</Filter>
    </ClInclude>
    <ClInclude Include="MainFrm.h">
      <Filter>Header Files</Filter>
    </ClInclude>
    <ClInclude Include="Resource.h">
      <Filter>Header Files</Filter>
    </ClInclude>
    <ClInclude Include="StdAfx.h">
      <Filter>Header Files</Filter>
    </ClInclude>
  </ItemGroup>
  <ItemGroup>
    <None Include="res\ActionsSample.ico">
      <Filter>Resource Files</Filter>
    </None>
    <None Include="res\ActionsSample.rc2">
      <Filter>Resource Files</Filter>
    </None>
    <None Include="res\ActionsSampleDoc.ico">
      <Filter>Resource Files</Filter>
    </None>
    <None Include="res\CJSample.ico">
      <Filter>Resource Files</Filter>
    </None>
    <None Include="res\Toolbar.bmp">
      <Filter>Resource Files</Filter>
    </None>
    <None Include="res\Toolbar.png">
      <Filter>Resource Files</Filter>
    </None>
    <None Include="Readme.rtf" />
  </ItemGroup>
  <ItemGroup>
    <CustomBuild Include="Actions\Actions.English.xml">
      <Filter>Actions</Filter>
    </CustomBuild>
    <CustomBuild Include="Actions\Actions.German.xml">
      <Filter>Actions</Filter>
    </CustomBuild>
  </ItemGroup>
</Project>