<?xml version="1.0" encoding="utf-8"?>
<Project ToolsVersion="4.0" xmlns="http://schemas.microsoft.com/developer/msbuild/2003">
  <ItemGroup>
    <Filter Include="Source Files">
      <UniqueIdentifier>{df61b58e-b48a-40f8-b7e2-a7ee2916c856}</UniqueIdentifier>
      <Extensions>cpp;c;cxx;rc;def;r;odl;idl;hpj;bat</Extensions>
    </Filter>
    <Filter Include="Header Files">
      <UniqueIdentifier>{945c3d70-637c-4f67-b4e1-9f3ae0a2dc46}</UniqueIdentifier>
      <Extensions>h;hpp;hxx;hm;inl</Extensions>
    </Filter>
    <Filter Include="Resource Files">
      <UniqueIdentifier>{43ae1103-7830-4c41-9261-e926c8803964}</UniqueIdentifier>
      <Extensions>ico;cur;bmp;dlg;rc2;rct;bin;rgs;gif;jpg;jpeg;jpe</Extensions>
    </Filter>
  </ItemGroup>
  <ItemGroup>
    <ClCompile Include="ChildFrm.cpp">
      <Filter>Source Files</Filter>
    </ClCompile>
    <ClCompile Include="ClassTreeView.cpp">
      <Filter>Source Files</Filter>
    </ClCompile>
    <ClCompile Include="EditControlView.cpp">
      <Filter>Source Files</Filter>
    </ClCompile>
    <ClCompile Include="FileTreeView.cpp">
      <Filter>Source Files</Filter>
    </ClCompile>
    <ClCompile Include="MainFrm.cpp">
      <Filter>Source Files</Filter>
    </ClCompile>
    <ClCompile Include="PropertiesView.cpp">
      <Filter>Source Files</Filter>
    </ClCompile>
    <ClCompile Include="ResourceTreeView.cpp">
      <Filter>Source Files</Filter>
    </ClCompile>
    <ClCompile Include="StdAfx.cpp">
      <Filter>Source Files</Filter>
    </ClCompile>
    <ClCompile Include="TabbedView.cpp">
      <Filter>Source Files</Filter>
    </ClCompile>
    <ClCompile Include="TabbedViewDoc.cpp">
      <Filter>Source Files</Filter>
    </ClCompile>
    <ClCompile Include="TabbedViewView.cpp">
      <Filter>Source Files</Filter>
    </ClCompile>
  </ItemGroup>
  <ItemGroup>
    <ResourceCompile Include="TabbedView.rc">
      <Filter>Source Files</Filter>
    </ResourceCompile>
  </ItemGroup>
  <ItemGroup>
    <ClInclude Include="ChildFrm.h">
      <Filter>Header Files</Filter>
    </ClInclude>
    <ClInclude Include="ClassTreeView.h">
      <Filter>Header Files</Filter>
    </ClInclude>
    <ClInclude Include="EditControlView.h">
      <Filter>Header Files</Filter>
    </ClInclude>
    <ClInclude Include="FileTreeView.h">
      <Filter>Header Files</Filter>
    </ClInclude>
    <ClInclude Include="MainFrm.h">
      <Filter>Header Files</Filter>
    </ClInclude>
    <ClInclude Include="PropertiesView.h">
      <Filter>Header Files</Filter>
    </ClInclude>
    <ClInclude Include="Resource.h">
      <Filter>Header Files</Filter>
    </ClInclude>
    <ClInclude Include="ResourceTreeView.h">
      <Filter>Header Files</Filter>
    </ClInclude>
    <ClInclude Include="StdAfx.h">
      <Filter>Header Files</Filter>
    </ClInclude>
    <ClInclude Include="TabbedView.h">
      <Filter>Header Files</Filter>
    </ClInclude>
    <ClInclude Include="TabbedViewDoc.h">
      <Filter>Header Files</Filter>
    </ClInclude>
    <ClInclude Include="TabbedViewView.h">
      <Filter>Header Files</Filter>
    </ClInclude>
  </ItemGroup>
  <ItemGroup>
    <None Include="res\CjSample.ico">
      <Filter>Resource Files</Filter>
    </None>
    <None Include="res\img_classtree.bmp">
      <Filter>Resource Files</Filter>
    </None>
    <None Include="res\img_filetree.bmp">
      <Filter>Resource Files</Filter>
    </None>
    <None Include="res\img_restree.bmp">
      <Filter>Resource Files</Filter>
    </None>
    <None Include="res\TabbedView.ico">
      <Filter>Resource Files</Filter>
    </None>
    <None Include="res\TabbedView.rc2">
      <Filter>Resource Files</Filter>
    </None>
    <None Include="res\TabbedViewDoc.ico">
      <Filter>Resource Files</Filter>
    </None>
    <None Include="res\TabIcons.bmp">
      <Filter>Resource Files</Filter>
    </None>
    <None Include="res\Toolbar.bmp">
      <Filter>Resource Files</Filter>
    </None>
  </ItemGroup>
</Project>