<?xml version="1.0" encoding="utf-8"?>
<Project ToolsVersion="4.0" xmlns="http://schemas.microsoft.com/developer/msbuild/2003">
  <ItemGroup>
    <Filter Include="Source Files">
      <UniqueIdentifier>{22e48522-22fe-497f-9958-0a17e7c1d930}</UniqueIdentifier>
      <Extensions>cpp;c;cxx;rc;def;r;odl;idl;hpj;bat</Extensions>
    </Filter>
    <Filter Include="Header Files">
      <UniqueIdentifier>{17543214-4770-45fe-860f-cddc19bfda2c}</UniqueIdentifier>
      <Extensions>h;hpp;hxx;hm;inl</Extensions>
    </Filter>
    <Filter Include="Resource Files">
      <UniqueIdentifier>{61feedca-ba39-4622-88e8-b91b235c321a}</UniqueIdentifier>
      <Extensions>ico;cur;bmp;dlg;rc2;rct;bin;rgs;gif;jpg;jpeg;jpe</Extensions>
    </Filter>
  </ItemGroup>
  <ItemGroup>
    <ClCompile Include="ChildFrm.cpp">
      <Filter>Source Files</Filter>
    </ClCompile>
    <ClCompile Include="MainFrm.cpp">
      <Filter>Source Files</Filter>
    </ClCompile>
    <ClCompile Include="StdAfx.cpp">
      <Filter>Source Files</Filter>
    </ClCompile>
    <ClCompile Include="TabbedView.cpp">
      <Filter>Source Files</Filter>
    </ClCompile>
    <ClCompile Include="TabbedViewDoc.cpp">
      <Filter>Source Files</Filter>
    </ClCompile>
    <ClCompile Include="TabbedViewView.cpp">
      <Filter>Source Files</Filter>
    </ClCompile>
    <ClCompile Include="TabEdit.cpp">
      <Filter>Source Files</Filter>
    </ClCompile>
    <ClCompile Include="TabTreeClass.cpp">
      <Filter>Source Files</Filter>
    </ClCompile>
    <ClCompile Include="TabTreeFile.cpp">
      <Filter>Source Files</Filter>
    </ClCompile>
    <ClCompile Include="TabTreeResource.cpp">
      <Filter>Source Files</Filter>
    </ClCompile>
  </ItemGroup>
  <ItemGroup>
    <ResourceCompile Include="TabbedView.rc">
      <Filter>Source Files</Filter>
    </ResourceCompile>
  </ItemGroup>
  <ItemGroup>
    <ClInclude Include="..\AboutDlg\AboutDlg.h">
      <Filter>Header Files</Filter>
    </ClInclude>
    <ClInclude Include="ChildFrm.h">
      <Filter>Header Files</Filter>
    </ClInclude>
    <ClInclude Include="MainFrm.h">
      <Filter>Header Files</Filter>
    </ClInclude>
    <ClInclude Include="Resource.h">
      <Filter>Header Files</Filter>
    </ClInclude>
    <ClInclude Include="StdAfx.h">
      <Filter>Header Files</Filter>
    </ClInclude>
    <ClInclude Include="TabbedView.h">
      <Filter>Header Files</Filter>
    </ClInclude>
    <ClInclude Include="TabbedViewDoc.h">
      <Filter>Header Files</Filter>
    </ClInclude>
    <ClInclude Include="TabbedViewView.h">
      <Filter>Header Files</Filter>
    </ClInclude>
    <ClInclude Include="TabEdit.h">
      <Filter>Header Files</Filter>
    </ClInclude>
    <ClInclude Include="TabTreeClass.h">
      <Filter>Header Files</Filter>
    </ClInclude>
    <ClInclude Include="TabTreeFile.h">
      <Filter>Header Files</Filter>
    </ClInclude>
    <ClInclude Include="TabTreeResource.h">
      <Filter>Header Files</Filter>
    </ClInclude>
  </ItemGroup>
  <ItemGroup>
    <None Include="res\CjSample.ico">
      <Filter>Resource Files</Filter>
    </None>
    <None Include="res\il_class.bmp">
      <Filter>Resource Files</Filter>
    </None>
    <None Include="res\il_file.bmp">
      <Filter>Resource Files</Filter>
    </None>
    <None Include="res\il_rsrc.bmp">
      <Filter>Resource Files</Filter>
    </None>
    <None Include="res\il_tab.bmp">
      <Filter>Resource Files</Filter>
    </None>
    <None Include="res\imagelis.bmp">
      <Filter>Resource Files</Filter>
    </None>
    <None Include="res\TabbedView.ico">
      <Filter>Resource Files</Filter>
    </None>
    <None Include="res\TabbedView.rc2">
      <Filter>Resource Files</Filter>
    </None>
    <None Include="res\TabbedViewDoc.ico">
      <Filter>Resource Files</Filter>
    </None>
    <None Include="res\tabview.bmp">
      <Filter>Resource Files</Filter>
    </None>
    <None Include="res\Toolbar.bmp">
      <Filter>Resource Files</Filter>
    </None>
    <None Include="res\toolbar1.bmp">
      <Filter>Resource Files</Filter>
    </None>
  </ItemGroup>
</Project>