<?xml version="1.0" encoding="utf-8"?>
<Project ToolsVersion="4.0" xmlns="http://schemas.microsoft.com/developer/msbuild/2003">
  <ItemGroup>
    <Filter Include="Source Files">
      <UniqueIdentifier>{edcd09c1-d7f8-442e-84ee-8b1eff830636}</UniqueIdentifier>
      <Extensions>cpp;c;cxx;rc;def;r;odl;idl;hpj;bat</Extensions>
    </Filter>
    <Filter Include="Header Files">
      <UniqueIdentifier>{90f5861c-779b-4451-bc7b-b2fc3dc21121}</UniqueIdentifier>
      <Extensions>h;hpp;hxx;hm;inl</Extensions>
    </Filter>
    <Filter Include="Resource Files">
      <UniqueIdentifier>{a316269a-5536-46ae-96e0-e370f0bbdc56}</UniqueIdentifier>
      <Extensions>ico;cur;bmp;dlg;rc2;rct;bin;rgs;gif;jpg;jpeg;jpe</Extensions>
    </Filter>
  </ItemGroup>
  <ItemGroup>
    <ClCompile Include="MainFrm.cpp">
      <Filter>Source Files</Filter>
    </ClCompile>
    <ClCompile Include="SearchDlg.cpp">
      <Filter>Source Files</Filter>
    </ClCompile>
    <ClCompile Include="SlidersTheme.cpp">
      <Filter>Source Files</Filter>
    </ClCompile>
    <ClCompile Include="StdAfx.cpp">
      <Filter>Source Files</Filter>
    </ClCompile>
    <ClCompile Include="TaskPanel.cpp">
      <Filter>Source Files</Filter>
    </ClCompile>
    <ClCompile Include="TaskPanelDlg.cpp">
      <Filter>Source Files</Filter>
    </ClCompile>
    <ClCompile Include="TaskPanelDoc.cpp">
      <Filter>Source Files</Filter>
    </ClCompile>
    <ClCompile Include="TaskPanelView.cpp">
      <Filter>Source Files</Filter>
    </ClCompile>
    <ClCompile Include="UIFrame.cpp">
      <Filter>Source Files</Filter>
    </ClCompile>
    <ClCompile Include="UITaskPanel.cpp">
      <Filter>Source Files</Filter>
    </ClCompile>
  </ItemGroup>
  <ItemGroup>
    <ResourceCompile Include="TaskPanel.rc">
      <Filter>Source Files</Filter>
    </ResourceCompile>
  </ItemGroup>
  <ItemGroup>
    <ClInclude Include="MainFrm.h">
      <Filter>Header Files</Filter>
    </ClInclude>
    <ClInclude Include="Resource.h">
      <Filter>Header Files</Filter>
    </ClInclude>
    <ClInclude Include="SearchDlg.h">
      <Filter>Header Files</Filter>
    </ClInclude>
    <ClInclude Include="SlidersTheme.h">
      <Filter>Header Files</Filter>
    </ClInclude>
    <ClInclude Include="StdAfx.h">
      <Filter>Header Files</Filter>
    </ClInclude>
    <ClInclude Include="TaskPanel.h">
      <Filter>Header Files</Filter>
    </ClInclude>
    <ClInclude Include="TaskPanelDlg.h">
      <Filter>Header Files</Filter>
    </ClInclude>
    <ClInclude Include="TaskPanelDoc.h">
      <Filter>Header Files</Filter>
    </ClInclude>
    <ClInclude Include="TaskPanelView.h">
      <Filter>Header Files</Filter>
    </ClInclude>
    <ClInclude Include="UIFrame.h">
      <Filter>Header Files</Filter>
    </ClInclude>
    <ClInclude Include="UITaskPanel.h">
      <Filter>Header Files</Filter>
    </ClInclude>
  </ItemGroup>
  <ItemGroup>
    <None Include="res\CjSample.ico">
      <Filter>Resource Files</Filter>
    </None>
    <None Include="res\FileIcons_256.bmp">
      <Filter>Resource Files</Filter>
    </None>
    <None Include="res\FileIcons_Alpha.bmp">
      <Filter>Resource Files</Filter>
    </None>
    <None Include="res\SystemTasks.ico">
      <Filter>Resource Files</Filter>
    </None>
    <None Include="res\TaskIcons_256.bmp">
      <Filter>Resource Files</Filter>
    </None>
    <None Include="res\TaskIcons_alpha.bmp">
      <Filter>Resource Files</Filter>
    </None>
    <None Include="res\TaskPanel.ico">
      <Filter>Resource Files</Filter>
    </None>
    <None Include="res\TaskPanel.rc2">
      <Filter>Resource Files</Filter>
    </None>
    <None Include="res\TaskPanelDoc.ico">
      <Filter>Resource Files</Filter>
    </None>
    <None Include="res\TaskPanelGripper.bmp">
      <Filter>Resource Files</Filter>
    </None>
    <None Include="res\TaskPanelGripperSpecial.bmp">
      <Filter>Resource Files</Filter>
    </None>
    <None Include="res\Toolbar.bmp">
      <Filter>Resource Files</Filter>
    </None>
    <None Include="res\Toolbar_a.bmp">
      <Filter>Resource Files</Filter>
    </None>
  </ItemGroup>
</Project>