Microsoft Visual Studio Solution File, Format Version 14.00
# Visual Studio 2015
VisualStudioVersion = 12.0.31101.0
MinimumVisualStudioVersion = 10.0.40219.1
Project("{8BC9CEB8-8B4A-11D0-8D11-00A0C91BC942}") = "ActionsSample", "..\..\Samples\CommandBars\ActionsSample\ActionsSample_vc140.vcxproj", "{36555854-5954-7558-7654-919289185847}"
EndProject
Project("{8BC9CEB8-8B4A-11D0-8D11-00A0C91BC942}") = "CommandBarIcons", "..\..\Samples\CommandBars\CommandBarIcons\CommandBarIcons_vc140.vcxproj", "{23444812-2214-7747-7149-671888949595}"
EndProject
Project("{8BC9CEB8-8B4A-11D0-8D11-00A0C91BC942}") = "CommonControls", "..\..\Samples\CommandBars\CommonControls\CommonControls_vc140.vcxproj", "{26679894-9867-9447-2468-633778546745}"
EndProject
Project("{8BC9CEB8-8B4A-11D0-8D11-00A0C91BC942}") = "CustomThemes", "..\..\Samples\CommandBars\CustomThemes\CustomThemes_vc140.vcxproj", "{52595638-7924-8531-7219-852632965795}"
EndProject
Project("{8BC9CEB8-8B4A-11D0-8D11-00A0C91BC942}") = "CustomizeDlg", "..\..\Samples\CommandBars\CustomizeDlg\CustomizeDlg_vc140.vcxproj", "{17893944-5672-2236-5282-356457197644}"
EndProject
Project("{8BC9CEB8-8B4A-11D0-8D11-00A0C91BC942}") = "DesignerSample", "..\..\Samples\CommandBars\DesignerSample\DesignerSample_vc140.vcxproj", "{79656365-3733-9324-8289-942465972196}"
EndProject
Project("{8BC9CEB8-8B4A-11D0-8D11-00A0C91BC942}") = "DialogSample", "..\..\Samples\CommandBars\DialogSample\DialogSample_vc140.vcxproj", "{55488578-8693-6211-3183-831438499665}"
EndProject
Project("{8BC9CEB8-8B4A-11D0-8D11-00A0C91BC942}") = "DynamicPopups", "..\..\Samples\CommandBars\DynamicPopups\DynamicPopups_vc140.vcxproj", "{89215223-6759-5313-8734-159282719614}"
EndProject
Project("{8BC9CEB8-8B4A-11D0-8D11-00A0C91BC942}") = "GUI_Gnome", "..\..\Samples\UserInterface\GUI_Gnome\GUI_Gnome_vc140.vcxproj", "{45613629-3427-8999-6896-554927852563}"
EndProject
Project("{8BC9CEB8-8B4A-11D0-8D11-00A0C91BC942}") = "GUI_MsMoney", "..\..\Samples\UserInterface\GUI_MsMoney\GUI_MsMoney_vc140.vcxproj", "{17366949-2568-6196-9894-349925736915}"
EndProject
Project("{8BC9CEB8-8B4A-11D0-8D11-00A0C91BC942}") = "GUI_OneNote", "..\..\Samples\UserInterface\GUI_OneNote\GUI_OneNote_vc140.vcxproj", "{45736769-8332-1888-1621-277696393362}"
EndProject
Project("{8BC9CEB8-8B4A-11D0-8D11-00A0C91BC942}") = "GUI_WinZip", "..\..\Samples\UserInterface\GUI_WinZip\GUI_WinZip_vc140.vcxproj", "{69653414-6487-8982-6362-495459723412}"
EndProject
Project("{8BC9CEB8-8B4A-11D0-8D11-00A0C91BC942}") = "GallerySample", "..\..\Samples\CommandBars\GallerySample\GallerySample_vc140.vcxproj", "{35951719-3145-3677-4435-891285855261}"
EndProject
Project("{8BC9CEB8-8B4A-11D0-8D11-00A0C91BC942}") = "HelpContext", "..\..\Samples\CommandBars\HelpContext\HelpContext_vc140.vcxproj", "{98714131-1297-9765-7432-676293739613}"
EndProject
Project("{8BC9CEB8-8B4A-11D0-8D11-00A0C91BC942}") = "IntelligentMenus", "..\..\Samples\CommandBars\IntelligentMenus\IntelligentMenus_vc140.vcxproj", "{25274859-8859-4467-8248-524874316969}"
EndProject
Project("{8BC9CEB8-8B4A-11D0-8D11-00A0C91BC942}") = "ListBoxSample", "..\..\Samples\CommandBars\ListBoxSample\ListBoxSample_vc140.vcxproj", "{51991694-6115-3659-5999-742637626118}"
EndProject
Project("{8BC9CEB8-8B4A-11D0-8D11-00A0C91BC942}") = "MDIMenus", "..\..\Samples\CommandBars\MDIMenus\MDIMenus_vc140.vcxproj", "{16498999-3763-6356-3163-237453757867}"
EndProject
Project("{8BC9CEB8-8B4A-11D0-8D11-00A0C91BC942}") = "MSDI", "..\..\Samples\CommandBars\MSDI\MSDI_vc140.vcxproj", "{78152321-1825-4343-5969-823462642319}"
EndProject
Project("{8BC9CEB8-8B4A-11D0-8D11-00A0C91BC942}") = "Notifications", "..\..\Samples\CommandBars\Notifications\Notifications_vc140.vcxproj", "{16522141-8577-8145-6877-851143219766}"
EndProject
Project("{8BC9CEB8-8B4A-11D0-8D11-00A0C91BC942}") = "ReBarSample", "..\..\Samples\CommandBars\ReBarSample\ReBarSample_vc140.vcxproj", "{31448784-6633-6238-3527-188896538716}"
EndProject
Project("{8BC9CEB8-8B4A-11D0-8D11-00A0C91BC942}") = "RibbonMDISample", "..\..\Samples\Ribbon\RibbonMDISample\RibbonMDISample_vc140.vcxproj", "{96756281-3382-1824-1691-574622661565}"
EndProject
Project("{8BC9CEB8-8B4A-11D0-8D11-00A0C91BC942}") = "RibbonSample", "..\..\Samples\Ribbon\RibbonSample\RibbonSample_vc140.vcxproj", "{68599511-1443-7921-3697-269639545117}"
EndProject
Project("{8BC9CEB8-8B4A-11D0-8D11-00A0C91BC942}") = "Scribble", "..\..\Samples\CommandBars\ScribbleMultiLang\scribble_vc140.vcxproj", "{86979231-8215-2713-4415-297311223464}"
EndProject
Project("{8BC9CEB8-8B4A-11D0-8D11-00A0C91BC942}") = "SmartLayout", "..\..\Samples\CommandBars\SmartLayout\SmartLayout_vc140.vcxproj", "{21786975-6362-1816-1156-335164532423}"
EndProject
Project("{8BC9CEB8-8B4A-11D0-8D11-00A0C91BC942}") = "StatusBar", "..\..\Samples\CommandBars\StatusBar\StatusBar_vc140.vcxproj", "{76194381-3929-4593-8228-821899664362}"
EndProject
Project("{8BC9CEB8-8B4A-11D0-8D11-00A0C91BC942}") = "TabbedToolbar", "..\..\Samples\CommandBars\TabbedToolbar\TabbedToolbar_vc140.vcxproj", "{48857692-1161-2699-1225-516897548714}"
EndProject
Project("{8BC9CEB8-8B4A-11D0-8D11-00A0C91BC942}") = "TearOffPopups", "..\..\Samples\CommandBars\TearOffPopups\TearOffPopups_vc140.vcxproj", "{42282684-8725-4289-5545-568878145955}"
EndProject
Project("{8BC9CEB8-8B4A-11D0-8D11-00A0C91BC942}") = "ToolTipContext", "..\..\Samples\CommandBars\ToolTipContext\ToolTipContext_vc140.vcxproj", "{91244165-6989-4585-8784-662432445221}"
EndProject
Project("{8BC9CEB8-8B4A-11D0-8D11-00A0C91BC942}") = "WordPad", "..\..\Samples\UserInterface\GUI_Office11\wordpad_vc140.vcxproj", "{33316734-4548-6178-9368-282467697854}"
EndProject
Global
	GlobalSection(SolutionConfigurationPlatforms) = preSolution
		Debug|Win32 = Debug|Win32
		Debug|x64 = Debug|x64
		Release|Win32 = Release|Win32
		Release|x64 = Release|x64
		Unicode Debug|Win32 = Unicode Debug|Win32
		Unicode Debug|x64 = Unicode Debug|x64
		Unicode Release|Win32 = Unicode Release|Win32
		Unicode Release|x64 = Unicode Release|x64
	EndGlobalSection
	GlobalSection(ProjectConfigurationPlatforms) = postSolution
		{36555854-5954-7558-7654-919289185847}.Debug|Win32.ActiveCfg = Debug|Win32
		{36555854-5954-7558-7654-919289185847}.Debug|Win32.Build.0 = Debug|Win32
		{36555854-5954-7558-7654-919289185847}.Debug|x64.ActiveCfg = Debug|x64
		{36555854-5954-7558-7654-919289185847}.Debug|x64.Build.0 = Debug|x64
		{36555854-5954-7558-7654-919289185847}.Release|Win32.ActiveCfg = Release|Win32
		{36555854-5954-7558-7654-919289185847}.Release|Win32.Build.0 = Release|Win32
		{36555854-5954-7558-7654-919289185847}.Release|x64.ActiveCfg = Release|x64
		{36555854-5954-7558-7654-919289185847}.Release|x64.Build.0 = Release|x64
		{36555854-5954-7558-7654-919289185847}.Unicode Debug|Win32.ActiveCfg = Unicode Debug|Win32
		{36555854-5954-7558-7654-919289185847}.Unicode Debug|Win32.Build.0 = Unicode Debug|Win32
		{36555854-5954-7558-7654-919289185847}.Unicode Debug|x64.ActiveCfg = Unicode Debug|x64
		{36555854-5954-7558-7654-919289185847}.Unicode Debug|x64.Build.0 = Unicode Debug|x64
		{36555854-5954-7558-7654-919289185847}.Unicode Release|Win32.ActiveCfg = Unicode Release|Win32
		{36555854-5954-7558-7654-919289185847}.Unicode Release|Win32.Build.0 = Unicode Release|Win32
		{36555854-5954-7558-7654-919289185847}.Unicode Release|x64.ActiveCfg = Unicode Release|x64
		{36555854-5954-7558-7654-919289185847}.Unicode Release|x64.Build.0 = Unicode Release|x64
		{23444812-2214-7747-7149-671888949595}.Debug|Win32.ActiveCfg = Debug|Win32
		{23444812-2214-7747-7149-671888949595}.Debug|Win32.Build.0 = Debug|Win32
		{23444812-2214-7747-7149-671888949595}.Debug|x64.ActiveCfg = Debug|x64
		{23444812-2214-7747-7149-671888949595}.Debug|x64.Build.0 = Debug|x64
		{23444812-2214-7747-7149-671888949595}.Release|Win32.ActiveCfg = Release|Win32
		{23444812-2214-7747-7149-671888949595}.Release|Win32.Build.0 = Release|Win32
		{23444812-2214-7747-7149-671888949595}.Release|x64.ActiveCfg = Release|x64
		{23444812-2214-7747-7149-671888949595}.Release|x64.Build.0 = Release|x64
		{23444812-2214-7747-7149-671888949595}.Unicode Debug|Win32.ActiveCfg = Unicode Debug|Win32
		{23444812-2214-7747-7149-671888949595}.Unicode Debug|Win32.Build.0 = Unicode Debug|Win32
		{23444812-2214-7747-7149-671888949595}.Unicode Debug|x64.ActiveCfg = Unicode Debug|x64
		{23444812-2214-7747-7149-671888949595}.Unicode Debug|x64.Build.0 = Unicode Debug|x64
		{23444812-2214-7747-7149-671888949595}.Unicode Release|Win32.ActiveCfg = Unicode Release|Win32
		{23444812-2214-7747-7149-671888949595}.Unicode Release|Win32.Build.0 = Unicode Release|Win32
		{23444812-2214-7747-7149-671888949595}.Unicode Release|x64.ActiveCfg = Unicode Release|x64
		{23444812-2214-7747-7149-671888949595}.Unicode Release|x64.Build.0 = Unicode Release|x64
		{26679894-9867-9447-2468-633778546745}.Debug|Win32.ActiveCfg = Debug|Win32
		{26679894-9867-9447-2468-633778546745}.Debug|Win32.Build.0 = Debug|Win32
		{26679894-9867-9447-2468-633778546745}.Debug|x64.ActiveCfg = Debug|x64
		{26679894-9867-9447-2468-633778546745}.Debug|x64.Build.0 = Debug|x64
		{26679894-9867-9447-2468-633778546745}.Release|Win32.ActiveCfg = Release|Win32
		{26679894-9867-9447-2468-633778546745}.Release|Win32.Build.0 = Release|Win32
		{26679894-9867-9447-2468-633778546745}.Release|x64.ActiveCfg = Release|x64
		{26679894-9867-9447-2468-633778546745}.Release|x64.Build.0 = Release|x64
		{26679894-9867-9447-2468-633778546745}.Unicode Debug|Win32.ActiveCfg = Unicode Debug|Win32
		{26679894-9867-9447-2468-633778546745}.Unicode Debug|Win32.Build.0 = Unicode Debug|Win32
		{26679894-9867-9447-2468-633778546745}.Unicode Debug|x64.ActiveCfg = Unicode Debug|x64
		{26679894-9867-9447-2468-633778546745}.Unicode Debug|x64.Build.0 = Unicode Debug|x64
		{26679894-9867-9447-2468-633778546745}.Unicode Release|Win32.ActiveCfg = Unicode Release|Win32
		{26679894-9867-9447-2468-633778546745}.Unicode Release|Win32.Build.0 = Unicode Release|Win32
		{26679894-9867-9447-2468-633778546745}.Unicode Release|x64.ActiveCfg = Unicode Release|x64
		{26679894-9867-9447-2468-633778546745}.Unicode Release|x64.Build.0 = Unicode Release|x64
		{52595638-7924-8531-7219-852632965795}.Debug|Win32.ActiveCfg = Debug|Win32
		{52595638-7924-8531-7219-852632965795}.Debug|Win32.Build.0 = Debug|Win32
		{52595638-7924-8531-7219-852632965795}.Debug|x64.ActiveCfg = Debug|x64
		{52595638-7924-8531-7219-852632965795}.Debug|x64.Build.0 = Debug|x64
		{52595638-7924-8531-7219-852632965795}.Release|Win32.ActiveCfg = Release|Win32
		{52595638-7924-8531-7219-852632965795}.Release|Win32.Build.0 = Release|Win32
		{52595638-7924-8531-7219-852632965795}.Release|x64.ActiveCfg = Release|x64
		{52595638-7924-8531-7219-852632965795}.Release|x64.Build.0 = Release|x64
		{52595638-7924-8531-7219-852632965795}.Unicode Debug|Win32.ActiveCfg = Unicode Debug|Win32
		{52595638-7924-8531-7219-852632965795}.Unicode Debug|Win32.Build.0 = Unicode Debug|Win32
		{52595638-7924-8531-7219-852632965795}.Unicode Debug|x64.ActiveCfg = Unicode Debug|x64
		{52595638-7924-8531-7219-852632965795}.Unicode Debug|x64.Build.0 = Unicode Debug|x64
		{52595638-7924-8531-7219-852632965795}.Unicode Release|Win32.ActiveCfg = Unicode Release|Win32
		{52595638-7924-8531-7219-852632965795}.Unicode Release|Win32.Build.0 = Unicode Release|Win32
		{52595638-7924-8531-7219-852632965795}.Unicode Release|x64.ActiveCfg = Unicode Release|x64
		{52595638-7924-8531-7219-852632965795}.Unicode Release|x64.Build.0 = Unicode Release|x64
		{17893944-5672-2236-5282-356457197644}.Debug|Win32.ActiveCfg = Debug|Win32
		{17893944-5672-2236-5282-356457197644}.Debug|Win32.Build.0 = Debug|Win32
		{17893944-5672-2236-5282-356457197644}.Debug|x64.ActiveCfg = Debug|x64
		{17893944-5672-2236-5282-356457197644}.Debug|x64.Build.0 = Debug|x64
		{17893944-5672-2236-5282-356457197644}.Release|Win32.ActiveCfg = Release|Win32
		{17893944-5672-2236-5282-356457197644}.Release|Win32.Build.0 = Release|Win32
		{17893944-5672-2236-5282-356457197644}.Release|x64.ActiveCfg = Release|x64
		{17893944-5672-2236-5282-356457197644}.Release|x64.Build.0 = Release|x64
		{17893944-5672-2236-5282-356457197644}.Unicode Debug|Win32.ActiveCfg = Unicode Debug|Win32
		{17893944-5672-2236-5282-356457197644}.Unicode Debug|Win32.Build.0 = Unicode Debug|Win32
		{17893944-5672-2236-5282-356457197644}.Unicode Debug|x64.ActiveCfg = Unicode Debug|x64
		{17893944-5672-2236-5282-356457197644}.Unicode Debug|x64.Build.0 = Unicode Debug|x64
		{17893944-5672-2236-5282-356457197644}.Unicode Release|Win32.ActiveCfg = Unicode Release|Win32
		{17893944-5672-2236-5282-356457197644}.Unicode Release|Win32.Build.0 = Unicode Release|Win32
		{17893944-5672-2236-5282-356457197644}.Unicode Release|x64.ActiveCfg = Unicode Release|x64
		{17893944-5672-2236-5282-356457197644}.Unicode Release|x64.Build.0 = Unicode Release|x64
		{79656365-3733-9324-8289-942465972196}.Debug|Win32.ActiveCfg = Debug|Win32
		{79656365-3733-9324-8289-942465972196}.Debug|Win32.Build.0 = Debug|Win32
		{79656365-3733-9324-8289-942465972196}.Debug|x64.ActiveCfg = Debug|x64
		{79656365-3733-9324-8289-942465972196}.Debug|x64.Build.0 = Debug|x64
		{79656365-3733-9324-8289-942465972196}.Release|Win32.ActiveCfg = Release|Win32
		{79656365-3733-9324-8289-942465972196}.Release|Win32.Build.0 = Release|Win32
		{79656365-3733-9324-8289-942465972196}.Release|x64.ActiveCfg = Release|x64
		{79656365-3733-9324-8289-942465972196}.Release|x64.Build.0 = Release|x64
		{79656365-3733-9324-8289-942465972196}.Unicode Debug|Win32.ActiveCfg = Unicode Debug|Win32
		{79656365-3733-9324-8289-942465972196}.Unicode Debug|Win32.Build.0 = Unicode Debug|Win32
		{79656365-3733-9324-8289-942465972196}.Unicode Debug|x64.ActiveCfg = Unicode Debug|x64
		{79656365-3733-9324-8289-942465972196}.Unicode Debug|x64.Build.0 = Unicode Debug|x64
		{79656365-3733-9324-8289-942465972196}.Unicode Release|Win32.ActiveCfg = Unicode Release|Win32
		{79656365-3733-9324-8289-942465972196}.Unicode Release|Win32.Build.0 = Unicode Release|Win32
		{79656365-3733-9324-8289-942465972196}.Unicode Release|x64.ActiveCfg = Unicode Release|x64
		{79656365-3733-9324-8289-942465972196}.Unicode Release|x64.Build.0 = Unicode Release|x64
		{55488578-8693-6211-3183-831438499665}.Debug|Win32.ActiveCfg = Debug|Win32
		{55488578-8693-6211-3183-831438499665}.Debug|Win32.Build.0 = Debug|Win32
		{55488578-8693-6211-3183-831438499665}.Debug|x64.ActiveCfg = Debug|x64
		{55488578-8693-6211-3183-831438499665}.Debug|x64.Build.0 = Debug|x64
		{55488578-8693-6211-3183-831438499665}.Release|Win32.ActiveCfg = Release|Win32
		{55488578-8693-6211-3183-831438499665}.Release|Win32.Build.0 = Release|Win32
		{55488578-8693-6211-3183-831438499665}.Release|x64.ActiveCfg = Release|x64
		{55488578-8693-6211-3183-831438499665}.Release|x64.Build.0 = Release|x64
		{55488578-8693-6211-3183-831438499665}.Unicode Debug|Win32.ActiveCfg = Unicode Debug|Win32
		{55488578-8693-6211-3183-831438499665}.Unicode Debug|Win32.Build.0 = Unicode Debug|Win32
		{55488578-8693-6211-3183-831438499665}.Unicode Debug|x64.ActiveCfg = Unicode Debug|x64
		{55488578-8693-6211-3183-831438499665}.Unicode Debug|x64.Build.0 = Unicode Debug|x64
		{55488578-8693-6211-3183-831438499665}.Unicode Release|Win32.ActiveCfg = Unicode Release|Win32
		{55488578-8693-6211-3183-831438499665}.Unicode Release|Win32.Build.0 = Unicode Release|Win32
		{55488578-8693-6211-3183-831438499665}.Unicode Release|x64.ActiveCfg = Unicode Release|x64
		{55488578-8693-6211-3183-831438499665}.Unicode Release|x64.Build.0 = Unicode Release|x64
		{89215223-6759-5313-8734-159282719614}.Debug|Win32.ActiveCfg = Debug|Win32
		{89215223-6759-5313-8734-159282719614}.Debug|Win32.Build.0 = Debug|Win32
		{89215223-6759-5313-8734-159282719614}.Debug|x64.ActiveCfg = Debug|x64
		{89215223-6759-5313-8734-159282719614}.Debug|x64.Build.0 = Debug|x64
		{89215223-6759-5313-8734-159282719614}.Release|Win32.ActiveCfg = Release|Win32
		{89215223-6759-5313-8734-159282719614}.Release|Win32.Build.0 = Release|Win32
		{89215223-6759-5313-8734-159282719614}.Release|x64.ActiveCfg = Release|x64
		{89215223-6759-5313-8734-159282719614}.Release|x64.Build.0 = Release|x64
		{89215223-6759-5313-8734-159282719614}.Unicode Debug|Win32.ActiveCfg = Unicode Debug|Win32
		{89215223-6759-5313-8734-159282719614}.Unicode Debug|Win32.Build.0 = Unicode Debug|Win32
		{89215223-6759-5313-8734-159282719614}.Unicode Debug|x64.ActiveCfg = Unicode Debug|x64
		{89215223-6759-5313-8734-159282719614}.Unicode Debug|x64.Build.0 = Unicode Debug|x64
		{89215223-6759-5313-8734-159282719614}.Unicode Release|Win32.ActiveCfg = Unicode Release|Win32
		{89215223-6759-5313-8734-159282719614}.Unicode Release|Win32.Build.0 = Unicode Release|Win32
		{89215223-6759-5313-8734-159282719614}.Unicode Release|x64.ActiveCfg = Unicode Release|x64
		{89215223-6759-5313-8734-159282719614}.Unicode Release|x64.Build.0 = Unicode Release|x64
		{45613629-3427-8999-6896-554927852563}.Debug|Win32.ActiveCfg = Debug|Win32
		{45613629-3427-8999-6896-554927852563}.Debug|Win32.Build.0 = Debug|Win32
		{45613629-3427-8999-6896-554927852563}.Debug|x64.ActiveCfg = Debug|x64
		{45613629-3427-8999-6896-554927852563}.Debug|x64.Build.0 = Debug|x64
		{45613629-3427-8999-6896-554927852563}.Release|Win32.ActiveCfg = Release|Win32
		{45613629-3427-8999-6896-554927852563}.Release|Win32.Build.0 = Release|Win32
		{45613629-3427-8999-6896-554927852563}.Release|x64.ActiveCfg = Release|x64
		{45613629-3427-8999-6896-554927852563}.Release|x64.Build.0 = Release|x64
		{45613629-3427-8999-6896-554927852563}.Unicode Debug|Win32.ActiveCfg = Unicode Debug|Win32
		{45613629-3427-8999-6896-554927852563}.Unicode Debug|Win32.Build.0 = Unicode Debug|Win32
		{45613629-3427-8999-6896-554927852563}.Unicode Debug|x64.ActiveCfg = Unicode Debug|x64
		{45613629-3427-8999-6896-554927852563}.Unicode Debug|x64.Build.0 = Unicode Debug|x64
		{45613629-3427-8999-6896-554927852563}.Unicode Release|Win32.ActiveCfg = Unicode Release|Win32
		{45613629-3427-8999-6896-554927852563}.Unicode Release|Win32.Build.0 = Unicode Release|Win32
		{45613629-3427-8999-6896-554927852563}.Unicode Release|x64.ActiveCfg = Unicode Release|x64
		{45613629-3427-8999-6896-554927852563}.Unicode Release|x64.Build.0 = Unicode Release|x64
		{17366949-2568-6196-9894-349925736915}.Debug|Win32.ActiveCfg = Debug|Win32
		{17366949-2568-6196-9894-349925736915}.Debug|Win32.Build.0 = Debug|Win32
		{17366949-2568-6196-9894-349925736915}.Debug|x64.ActiveCfg = Debug|x64
		{17366949-2568-6196-9894-349925736915}.Debug|x64.Build.0 = Debug|x64
		{17366949-2568-6196-9894-349925736915}.Release|Win32.ActiveCfg = Release|Win32
		{17366949-2568-6196-9894-349925736915}.Release|Win32.Build.0 = Release|Win32
		{17366949-2568-6196-9894-349925736915}.Release|x64.ActiveCfg = Release|x64
		{17366949-2568-6196-9894-349925736915}.Release|x64.Build.0 = Release|x64
		{17366949-2568-6196-9894-349925736915}.Unicode Debug|Win32.ActiveCfg = Unicode Debug|Win32
		{17366949-2568-6196-9894-349925736915}.Unicode Debug|Win32.Build.0 = Unicode Debug|Win32
		{17366949-2568-6196-9894-349925736915}.Unicode Debug|x64.ActiveCfg = Unicode Debug|x64
		{17366949-2568-6196-9894-349925736915}.Unicode Debug|x64.Build.0 = Unicode Debug|x64
		{17366949-2568-6196-9894-349925736915}.Unicode Release|Win32.ActiveCfg = Unicode Release|Win32
		{17366949-2568-6196-9894-349925736915}.Unicode Release|Win32.Build.0 = Unicode Release|Win32
		{17366949-2568-6196-9894-349925736915}.Unicode Release|x64.ActiveCfg = Unicode Release|x64
		{17366949-2568-6196-9894-349925736915}.Unicode Release|x64.Build.0 = Unicode Release|x64
		{45736769-8332-1888-1621-277696393362}.Debug|Win32.ActiveCfg = Debug|Win32
		{45736769-8332-1888-1621-277696393362}.Debug|Win32.Build.0 = Debug|Win32
		{45736769-8332-1888-1621-277696393362}.Debug|x64.ActiveCfg = Debug|x64
		{45736769-8332-1888-1621-277696393362}.Debug|x64.Build.0 = Debug|x64
		{45736769-8332-1888-1621-277696393362}.Release|Win32.ActiveCfg = Release|Win32
		{45736769-8332-1888-1621-277696393362}.Release|Win32.Build.0 = Release|Win32
		{45736769-8332-1888-1621-277696393362}.Release|x64.ActiveCfg = Release|x64
		{45736769-8332-1888-1621-277696393362}.Release|x64.Build.0 = Release|x64
		{45736769-8332-1888-1621-277696393362}.Unicode Debug|Win32.ActiveCfg = Unicode Debug|Win32
		{45736769-8332-1888-1621-277696393362}.Unicode Debug|Win32.Build.0 = Unicode Debug|Win32
		{45736769-8332-1888-1621-277696393362}.Unicode Debug|x64.ActiveCfg = Unicode Debug|x64
		{45736769-8332-1888-1621-277696393362}.Unicode Debug|x64.Build.0 = Unicode Debug|x64
		{45736769-8332-1888-1621-277696393362}.Unicode Release|Win32.ActiveCfg = Unicode Release|Win32
		{45736769-8332-1888-1621-277696393362}.Unicode Release|Win32.Build.0 = Unicode Release|Win32
		{45736769-8332-1888-1621-277696393362}.Unicode Release|x64.ActiveCfg = Unicode Release|x64
		{45736769-8332-1888-1621-277696393362}.Unicode Release|x64.Build.0 = Unicode Release|x64
		{69653414-6487-8982-6362-495459723412}.Debug|Win32.ActiveCfg = Debug|Win32
		{69653414-6487-8982-6362-495459723412}.Debug|Win32.Build.0 = Debug|Win32
		{69653414-6487-8982-6362-495459723412}.Debug|x64.ActiveCfg = Debug|x64
		{69653414-6487-8982-6362-495459723412}.Debug|x64.Build.0 = Debug|x64
		{69653414-6487-8982-6362-495459723412}.Release|Win32.ActiveCfg = Release|Win32
		{69653414-6487-8982-6362-495459723412}.Release|Win32.Build.0 = Release|Win32
		{69653414-6487-8982-6362-495459723412}.Release|x64.ActiveCfg = Release|x64
		{69653414-6487-8982-6362-495459723412}.Release|x64.Build.0 = Release|x64
		{69653414-6487-8982-6362-495459723412}.Unicode Debug|Win32.ActiveCfg = Unicode Debug|Win32
		{69653414-6487-8982-6362-495459723412}.Unicode Debug|Win32.Build.0 = Unicode Debug|Win32
		{69653414-6487-8982-6362-495459723412}.Unicode Debug|x64.ActiveCfg = Unicode Debug|x64
		{69653414-6487-8982-6362-495459723412}.Unicode Debug|x64.Build.0 = Unicode Debug|x64
		{69653414-6487-8982-6362-495459723412}.Unicode Release|Win32.ActiveCfg = Unicode Release|Win32
		{69653414-6487-8982-6362-495459723412}.Unicode Release|Win32.Build.0 = Unicode Release|Win32
		{69653414-6487-8982-6362-495459723412}.Unicode Release|x64.ActiveCfg = Unicode Release|x64
		{69653414-6487-8982-6362-495459723412}.Unicode Release|x64.Build.0 = Unicode Release|x64
		{35951719-3145-3677-4435-891285855261}.Debug|Win32.ActiveCfg = Debug|Win32
		{35951719-3145-3677-4435-891285855261}.Debug|Win32.Build.0 = Debug|Win32
		{35951719-3145-3677-4435-891285855261}.Debug|x64.ActiveCfg = Debug|x64
		{35951719-3145-3677-4435-891285855261}.Debug|x64.Build.0 = Debug|x64
		{35951719-3145-3677-4435-891285855261}.Release|Win32.ActiveCfg = Release|Win32
		{35951719-3145-3677-4435-891285855261}.Release|Win32.Build.0 = Release|Win32
		{35951719-3145-3677-4435-891285855261}.Release|x64.ActiveCfg = Release|x64
		{35951719-3145-3677-4435-891285855261}.Release|x64.Build.0 = Release|x64
		{35951719-3145-3677-4435-891285855261}.Unicode Debug|Win32.ActiveCfg = Unicode Debug|Win32
		{35951719-3145-3677-4435-891285855261}.Unicode Debug|Win32.Build.0 = Unicode Debug|Win32
		{35951719-3145-3677-4435-891285855261}.Unicode Debug|x64.ActiveCfg = Unicode Debug|x64
		{35951719-3145-3677-4435-891285855261}.Unicode Debug|x64.Build.0 = Unicode Debug|x64
		{35951719-3145-3677-4435-891285855261}.Unicode Release|Win32.ActiveCfg = Unicode Release|Win32
		{35951719-3145-3677-4435-891285855261}.Unicode Release|Win32.Build.0 = Unicode Release|Win32
		{35951719-3145-3677-4435-891285855261}.Unicode Release|x64.ActiveCfg = Unicode Release|x64
		{35951719-3145-3677-4435-891285855261}.Unicode Release|x64.Build.0 = Unicode Release|x64
		{98714131-1297-9765-7432-676293739613}.Debug|Win32.ActiveCfg = Debug|Win32
		{98714131-1297-9765-7432-676293739613}.Debug|Win32.Build.0 = Debug|Win32
		{98714131-1297-9765-7432-676293739613}.Debug|x64.ActiveCfg = Debug|x64
		{98714131-1297-9765-7432-676293739613}.Debug|x64.Build.0 = Debug|x64
		{98714131-1297-9765-7432-676293739613}.Release|Win32.ActiveCfg = Release|Win32
		{98714131-1297-9765-7432-676293739613}.Release|Win32.Build.0 = Release|Win32
		{98714131-1297-9765-7432-676293739613}.Release|x64.ActiveCfg = Release|x64
		{98714131-1297-9765-7432-676293739613}.Release|x64.Build.0 = Release|x64
		{98714131-1297-9765-7432-676293739613}.Unicode Debug|Win32.ActiveCfg = Unicode Debug|Win32
		{98714131-1297-9765-7432-676293739613}.Unicode Debug|Win32.Build.0 = Unicode Debug|Win32
		{98714131-1297-9765-7432-676293739613}.Unicode Debug|x64.ActiveCfg = Unicode Debug|x64
		{98714131-1297-9765-7432-676293739613}.Unicode Debug|x64.Build.0 = Unicode Debug|x64
		{98714131-1297-9765-7432-676293739613}.Unicode Release|Win32.ActiveCfg = Unicode Release|Win32
		{98714131-1297-9765-7432-676293739613}.Unicode Release|Win32.Build.0 = Unicode Release|Win32
		{98714131-1297-9765-7432-676293739613}.Unicode Release|x64.ActiveCfg = Unicode Release|x64
		{98714131-1297-9765-7432-676293739613}.Unicode Release|x64.Build.0 = Unicode Release|x64
		{25274859-8859-4467-8248-524874316969}.Debug|Win32.ActiveCfg = Debug|Win32
		{25274859-8859-4467-8248-524874316969}.Debug|Win32.Build.0 = Debug|Win32
		{25274859-8859-4467-8248-524874316969}.Debug|x64.ActiveCfg = Debug|x64
		{25274859-8859-4467-8248-524874316969}.Debug|x64.Build.0 = Debug|x64
		{25274859-8859-4467-8248-524874316969}.Release|Win32.ActiveCfg = Release|Win32
		{25274859-8859-4467-8248-524874316969}.Release|Win32.Build.0 = Release|Win32
		{25274859-8859-4467-8248-524874316969}.Release|x64.ActiveCfg = Release|x64
		{25274859-8859-4467-8248-524874316969}.Release|x64.Build.0 = Release|x64
		{25274859-8859-4467-8248-524874316969}.Unicode Debug|Win32.ActiveCfg = Unicode Debug|Win32
		{25274859-8859-4467-8248-524874316969}.Unicode Debug|Win32.Build.0 = Unicode Debug|Win32
		{25274859-8859-4467-8248-524874316969}.Unicode Debug|x64.ActiveCfg = Unicode Debug|x64
		{25274859-8859-4467-8248-524874316969}.Unicode Debug|x64.Build.0 = Unicode Debug|x64
		{25274859-8859-4467-8248-524874316969}.Unicode Release|Win32.ActiveCfg = Unicode Release|Win32
		{25274859-8859-4467-8248-524874316969}.Unicode Release|Win32.Build.0 = Unicode Release|Win32
		{25274859-8859-4467-8248-524874316969}.Unicode Release|x64.ActiveCfg = Unicode Release|x64
		{25274859-8859-4467-8248-524874316969}.Unicode Release|x64.Build.0 = Unicode Release|x64
		{51991694-6115-3659-5999-742637626118}.Debug|Win32.ActiveCfg = Debug|Win32
		{51991694-6115-3659-5999-742637626118}.Debug|Win32.Build.0 = Debug|Win32
		{51991694-6115-3659-5999-742637626118}.Debug|x64.ActiveCfg = Debug|x64
		{51991694-6115-3659-5999-742637626118}.Debug|x64.Build.0 = Debug|x64
		{51991694-6115-3659-5999-742637626118}.Release|Win32.ActiveCfg = Release|Win32
		{51991694-6115-3659-5999-742637626118}.Release|Win32.Build.0 = Release|Win32
		{51991694-6115-3659-5999-742637626118}.Release|x64.ActiveCfg = Release|x64
		{51991694-6115-3659-5999-742637626118}.Release|x64.Build.0 = Release|x64
		{51991694-6115-3659-5999-742637626118}.Unicode Debug|Win32.ActiveCfg = Unicode Debug|Win32
		{51991694-6115-3659-5999-742637626118}.Unicode Debug|Win32.Build.0 = Unicode Debug|Win32
		{51991694-6115-3659-5999-742637626118}.Unicode Debug|x64.ActiveCfg = Unicode Debug|x64
		{51991694-6115-3659-5999-742637626118}.Unicode Debug|x64.Build.0 = Unicode Debug|x64
		{51991694-6115-3659-5999-742637626118}.Unicode Release|Win32.ActiveCfg = Unicode Release|Win32
		{51991694-6115-3659-5999-742637626118}.Unicode Release|Win32.Build.0 = Unicode Release|Win32
		{51991694-6115-3659-5999-742637626118}.Unicode Release|x64.ActiveCfg = Unicode Release|x64
		{51991694-6115-3659-5999-742637626118}.Unicode Release|x64.Build.0 = Unicode Release|x64
		{16498999-3763-6356-3163-237453757867}.Debug|Win32.ActiveCfg = Debug|Win32
		{16498999-3763-6356-3163-237453757867}.Debug|Win32.Build.0 = Debug|Win32
		{16498999-3763-6356-3163-237453757867}.Debug|x64.ActiveCfg = Debug|x64
		{16498999-3763-6356-3163-237453757867}.Debug|x64.Build.0 = Debug|x64
		{16498999-3763-6356-3163-237453757867}.Release|Win32.ActiveCfg = Release|Win32
		{16498999-3763-6356-3163-237453757867}.Release|Win32.Build.0 = Release|Win32
		{16498999-3763-6356-3163-237453757867}.Release|x64.ActiveCfg = Release|x64
		{16498999-3763-6356-3163-237453757867}.Release|x64.Build.0 = Release|x64
		{16498999-3763-6356-3163-237453757867}.Unicode Debug|Win32.ActiveCfg = Unicode Debug|Win32
		{16498999-3763-6356-3163-237453757867}.Unicode Debug|Win32.Build.0 = Unicode Debug|Win32
		{16498999-3763-6356-3163-237453757867}.Unicode Debug|x64.ActiveCfg = Unicode Debug|x64
		{16498999-3763-6356-3163-237453757867}.Unicode Debug|x64.Build.0 = Unicode Debug|x64
		{16498999-3763-6356-3163-237453757867}.Unicode Release|Win32.ActiveCfg = Unicode Release|Win32
		{16498999-3763-6356-3163-237453757867}.Unicode Release|Win32.Build.0 = Unicode Release|Win32
		{16498999-3763-6356-3163-237453757867}.Unicode Release|x64.ActiveCfg = Unicode Release|x64
		{16498999-3763-6356-3163-237453757867}.Unicode Release|x64.Build.0 = Unicode Release|x64
		{78152321-1825-4343-5969-823462642319}.Debug|Win32.ActiveCfg = Debug|Win32
		{78152321-1825-4343-5969-823462642319}.Debug|Win32.Build.0 = Debug|Win32
		{78152321-1825-4343-5969-823462642319}.Debug|x64.ActiveCfg = Debug|x64
		{78152321-1825-4343-5969-823462642319}.Debug|x64.Build.0 = Debug|x64
		{78152321-1825-4343-5969-823462642319}.Release|Win32.ActiveCfg = Release|Win32
		{78152321-1825-4343-5969-823462642319}.Release|Win32.Build.0 = Release|Win32
		{78152321-1825-4343-5969-823462642319}.Release|x64.ActiveCfg = Release|x64
		{78152321-1825-4343-5969-823462642319}.Release|x64.Build.0 = Release|x64
		{78152321-1825-4343-5969-823462642319}.Unicode Debug|Win32.ActiveCfg = Unicode Debug|Win32
		{78152321-1825-4343-5969-823462642319}.Unicode Debug|Win32.Build.0 = Unicode Debug|Win32
		{78152321-1825-4343-5969-823462642319}.Unicode Debug|x64.ActiveCfg = Unicode Debug|x64
		{78152321-1825-4343-5969-823462642319}.Unicode Debug|x64.Build.0 = Unicode Debug|x64
		{78152321-1825-4343-5969-823462642319}.Unicode Release|Win32.ActiveCfg = Unicode Release|Win32
		{78152321-1825-4343-5969-823462642319}.Unicode Release|Win32.Build.0 = Unicode Release|Win32
		{78152321-1825-4343-5969-823462642319}.Unicode Release|x64.ActiveCfg = Unicode Release|x64
		{78152321-1825-4343-5969-823462642319}.Unicode Release|x64.Build.0 = Unicode Release|x64
		{16522141-8577-8145-6877-851143219766}.Debug|Win32.ActiveCfg = Debug|Win32
		{16522141-8577-8145-6877-851143219766}.Debug|Win32.Build.0 = Debug|Win32
		{16522141-8577-8145-6877-851143219766}.Debug|x64.ActiveCfg = Debug|x64
		{16522141-8577-8145-6877-851143219766}.Debug|x64.Build.0 = Debug|x64
		{16522141-8577-8145-6877-851143219766}.Release|Win32.ActiveCfg = Release|Win32
		{16522141-8577-8145-6877-851143219766}.Release|Win32.Build.0 = Release|Win32
		{16522141-8577-8145-6877-851143219766}.Release|x64.ActiveCfg = Release|x64
		{16522141-8577-8145-6877-851143219766}.Release|x64.Build.0 = Release|x64
		{16522141-8577-8145-6877-851143219766}.Unicode Debug|Win32.ActiveCfg = Unicode Debug|Win32
		{16522141-8577-8145-6877-851143219766}.Unicode Debug|Win32.Build.0 = Unicode Debug|Win32
		{16522141-8577-8145-6877-851143219766}.Unicode Debug|x64.ActiveCfg = Unicode Debug|x64
		{16522141-8577-8145-6877-851143219766}.Unicode Debug|x64.Build.0 = Unicode Debug|x64
		{16522141-8577-8145-6877-851143219766}.Unicode Release|Win32.ActiveCfg = Unicode Release|Win32
		{16522141-8577-8145-6877-851143219766}.Unicode Release|Win32.Build.0 = Unicode Release|Win32
		{16522141-8577-8145-6877-851143219766}.Unicode Release|x64.ActiveCfg = Unicode Release|x64
		{16522141-8577-8145-6877-851143219766}.Unicode Release|x64.Build.0 = Unicode Release|x64
		{31448784-6633-6238-3527-188896538716}.Debug|Win32.ActiveCfg = Debug|Win32
		{31448784-6633-6238-3527-188896538716}.Debug|Win32.Build.0 = Debug|Win32
		{31448784-6633-6238-3527-188896538716}.Debug|x64.ActiveCfg = Debug|x64
		{31448784-6633-6238-3527-188896538716}.Debug|x64.Build.0 = Debug|x64
		{31448784-6633-6238-3527-188896538716}.Release|Win32.ActiveCfg = Release|Win32
		{31448784-6633-6238-3527-188896538716}.Release|Win32.Build.0 = Release|Win32
		{31448784-6633-6238-3527-188896538716}.Release|x64.ActiveCfg = Release|x64
		{31448784-6633-6238-3527-188896538716}.Release|x64.Build.0 = Release|x64
		{31448784-6633-6238-3527-188896538716}.Unicode Debug|Win32.ActiveCfg = Unicode Debug|Win32
		{31448784-6633-6238-3527-188896538716}.Unicode Debug|Win32.Build.0 = Unicode Debug|Win32
		{31448784-6633-6238-3527-188896538716}.Unicode Debug|x64.ActiveCfg = Unicode Debug|x64
		{31448784-6633-6238-3527-188896538716}.Unicode Debug|x64.Build.0 = Unicode Debug|x64
		{31448784-6633-6238-3527-188896538716}.Unicode Release|Win32.ActiveCfg = Unicode Release|Win32
		{31448784-6633-6238-3527-188896538716}.Unicode Release|Win32.Build.0 = Unicode Release|Win32
		{31448784-6633-6238-3527-188896538716}.Unicode Release|x64.ActiveCfg = Unicode Release|x64
		{31448784-6633-6238-3527-188896538716}.Unicode Release|x64.Build.0 = Unicode Release|x64
		{96756281-3382-1824-1691-574622661565}.Debug|Win32.ActiveCfg = Debug|Win32
		{96756281-3382-1824-1691-574622661565}.Debug|Win32.Build.0 = Debug|Win32
		{96756281-3382-1824-1691-574622661565}.Debug|x64.ActiveCfg = Debug|x64
		{96756281-3382-1824-1691-574622661565}.Debug|x64.Build.0 = Debug|x64
		{96756281-3382-1824-1691-574622661565}.Release|Win32.ActiveCfg = Release|Win32
		{96756281-3382-1824-1691-574622661565}.Release|Win32.Build.0 = Release|Win32
		{96756281-3382-1824-1691-574622661565}.Release|x64.ActiveCfg = Release|x64
		{96756281-3382-1824-1691-574622661565}.Release|x64.Build.0 = Release|x64
		{96756281-3382-1824-1691-574622661565}.Unicode Debug|Win32.ActiveCfg = Unicode Debug|Win32
		{96756281-3382-1824-1691-574622661565}.Unicode Debug|Win32.Build.0 = Unicode Debug|Win32
		{96756281-3382-1824-1691-574622661565}.Unicode Debug|x64.ActiveCfg = Unicode Debug|x64
		{96756281-3382-1824-1691-574622661565}.Unicode Debug|x64.Build.0 = Unicode Debug|x64
		{96756281-3382-1824-1691-574622661565}.Unicode Release|Win32.ActiveCfg = Unicode Release|Win32
		{96756281-3382-1824-1691-574622661565}.Unicode Release|Win32.Build.0 = Unicode Release|Win32
		{96756281-3382-1824-1691-574622661565}.Unicode Release|x64.ActiveCfg = Unicode Release|x64
		{96756281-3382-1824-1691-574622661565}.Unicode Release|x64.Build.0 = Unicode Release|x64
		{68599511-1443-7921-3697-269639545117}.Debug|Win32.ActiveCfg = Debug|Win32
		{68599511-1443-7921-3697-269639545117}.Debug|Win32.Build.0 = Debug|Win32
		{68599511-1443-7921-3697-269639545117}.Debug|x64.ActiveCfg = Debug|x64
		{68599511-1443-7921-3697-269639545117}.Debug|x64.Build.0 = Debug|x64
		{68599511-1443-7921-3697-269639545117}.Release|Win32.ActiveCfg = Release|Win32
		{68599511-1443-7921-3697-269639545117}.Release|Win32.Build.0 = Release|Win32
		{68599511-1443-7921-3697-269639545117}.Release|x64.ActiveCfg = Release|x64
		{68599511-1443-7921-3697-269639545117}.Release|x64.Build.0 = Release|x64
		{68599511-1443-7921-3697-269639545117}.Unicode Debug|Win32.ActiveCfg = Unicode Debug|Win32
		{68599511-1443-7921-3697-269639545117}.Unicode Debug|Win32.Build.0 = Unicode Debug|Win32
		{68599511-1443-7921-3697-269639545117}.Unicode Debug|x64.ActiveCfg = Unicode Debug|x64
		{68599511-1443-7921-3697-269639545117}.Unicode Debug|x64.Build.0 = Unicode Debug|x64
		{68599511-1443-7921-3697-269639545117}.Unicode Release|Win32.ActiveCfg = Unicode Release|Win32
		{68599511-1443-7921-3697-269639545117}.Unicode Release|Win32.Build.0 = Unicode Release|Win32
		{68599511-1443-7921-3697-269639545117}.Unicode Release|x64.ActiveCfg = Unicode Release|x64
		{68599511-1443-7921-3697-269639545117}.Unicode Release|x64.Build.0 = Unicode Release|x64
		{86979231-8215-2713-4415-297311223464}.Debug|Win32.ActiveCfg = Debug|Win32
		{86979231-8215-2713-4415-297311223464}.Debug|Win32.Build.0 = Debug|Win32
		{86979231-8215-2713-4415-297311223464}.Debug|x64.ActiveCfg = Debug|x64
		{86979231-8215-2713-4415-297311223464}.Debug|x64.Build.0 = Debug|x64
		{86979231-8215-2713-4415-297311223464}.Release|Win32.ActiveCfg = Release|Win32
		{86979231-8215-2713-4415-297311223464}.Release|Win32.Build.0 = Release|Win32
		{86979231-8215-2713-4415-297311223464}.Release|x64.ActiveCfg = Release|x64
		{86979231-8215-2713-4415-297311223464}.Release|x64.Build.0 = Release|x64
		{86979231-8215-2713-4415-297311223464}.Unicode Debug|Win32.ActiveCfg = Unicode Debug|Win32
		{86979231-8215-2713-4415-297311223464}.Unicode Debug|Win32.Build.0 = Unicode Debug|Win32
		{86979231-8215-2713-4415-297311223464}.Unicode Debug|x64.ActiveCfg = Unicode Debug|x64
		{86979231-8215-2713-4415-297311223464}.Unicode Debug|x64.Build.0 = Unicode Debug|x64
		{86979231-8215-2713-4415-297311223464}.Unicode Release|Win32.ActiveCfg = Unicode Release|Win32
		{86979231-8215-2713-4415-297311223464}.Unicode Release|Win32.Build.0 = Unicode Release|Win32
		{86979231-8215-2713-4415-297311223464}.Unicode Release|x64.ActiveCfg = Unicode Release|x64
		{86979231-8215-2713-4415-297311223464}.Unicode Release|x64.Build.0 = Unicode Release|x64
		{21786975-6362-1816-1156-335164532423}.Debug|Win32.ActiveCfg = Debug|Win32
		{21786975-6362-1816-1156-335164532423}.Debug|Win32.Build.0 = Debug|Win32
		{21786975-6362-1816-1156-335164532423}.Debug|x64.ActiveCfg = Debug|x64
		{21786975-6362-1816-1156-335164532423}.Debug|x64.Build.0 = Debug|x64
		{21786975-6362-1816-1156-335164532423}.Release|Win32.ActiveCfg = Release|Win32
		{21786975-6362-1816-1156-335164532423}.Release|Win32.Build.0 = Release|Win32
		{21786975-6362-1816-1156-335164532423}.Release|x64.ActiveCfg = Release|x64
		{21786975-6362-1816-1156-335164532423}.Release|x64.Build.0 = Release|x64
		{21786975-6362-1816-1156-335164532423}.Unicode Debug|Win32.ActiveCfg = Unicode Debug|Win32
		{21786975-6362-1816-1156-335164532423}.Unicode Debug|Win32.Build.0 = Unicode Debug|Win32
		{21786975-6362-1816-1156-335164532423}.Unicode Debug|x64.ActiveCfg = Unicode Debug|x64
		{21786975-6362-1816-1156-335164532423}.Unicode Debug|x64.Build.0 = Unicode Debug|x64
		{21786975-6362-1816-1156-335164532423}.Unicode Release|Win32.ActiveCfg = Unicode Release|Win32
		{21786975-6362-1816-1156-335164532423}.Unicode Release|Win32.Build.0 = Unicode Release|Win32
		{21786975-6362-1816-1156-335164532423}.Unicode Release|x64.ActiveCfg = Unicode Release|x64
		{21786975-6362-1816-1156-335164532423}.Unicode Release|x64.Build.0 = Unicode Release|x64
		{76194381-3929-4593-8228-821899664362}.Debug|Win32.ActiveCfg = Debug|Win32
		{76194381-3929-4593-8228-821899664362}.Debug|Win32.Build.0 = Debug|Win32
		{76194381-3929-4593-8228-821899664362}.Debug|x64.ActiveCfg = Debug|x64
		{76194381-3929-4593-8228-821899664362}.Debug|x64.Build.0 = Debug|x64
		{76194381-3929-4593-8228-821899664362}.Release|Win32.ActiveCfg = Release|Win32
		{76194381-3929-4593-8228-821899664362}.Release|Win32.Build.0 = Release|Win32
		{76194381-3929-4593-8228-821899664362}.Release|x64.ActiveCfg = Release|x64
		{76194381-3929-4593-8228-821899664362}.Release|x64.Build.0 = Release|x64
		{76194381-3929-4593-8228-821899664362}.Unicode Debug|Win32.ActiveCfg = Unicode Debug|Win32
		{76194381-3929-4593-8228-821899664362}.Unicode Debug|Win32.Build.0 = Unicode Debug|Win32
		{76194381-3929-4593-8228-821899664362}.Unicode Debug|x64.ActiveCfg = Unicode Debug|x64
		{76194381-3929-4593-8228-821899664362}.Unicode Debug|x64.Build.0 = Unicode Debug|x64
		{76194381-3929-4593-8228-821899664362}.Unicode Release|Win32.ActiveCfg = Unicode Release|Win32
		{76194381-3929-4593-8228-821899664362}.Unicode Release|Win32.Build.0 = Unicode Release|Win32
		{76194381-3929-4593-8228-821899664362}.Unicode Release|x64.ActiveCfg = Unicode Release|x64
		{76194381-3929-4593-8228-821899664362}.Unicode Release|x64.Build.0 = Unicode Release|x64
		{48857692-1161-2699-1225-516897548714}.Debug|Win32.ActiveCfg = Debug|Win32
		{48857692-1161-2699-1225-516897548714}.Debug|Win32.Build.0 = Debug|Win32
		{48857692-1161-2699-1225-516897548714}.Debug|x64.ActiveCfg = Debug|x64
		{48857692-1161-2699-1225-516897548714}.Debug|x64.Build.0 = Debug|x64
		{48857692-1161-2699-1225-516897548714}.Release|Win32.ActiveCfg = Release|Win32
		{48857692-1161-2699-1225-516897548714}.Release|Win32.Build.0 = Release|Win32
		{48857692-1161-2699-1225-516897548714}.Release|x64.ActiveCfg = Release|x64
		{48857692-1161-2699-1225-516897548714}.Release|x64.Build.0 = Release|x64
		{48857692-1161-2699-1225-516897548714}.Unicode Debug|Win32.ActiveCfg = Unicode Debug|Win32
		{48857692-1161-2699-1225-516897548714}.Unicode Debug|Win32.Build.0 = Unicode Debug|Win32
		{48857692-1161-2699-1225-516897548714}.Unicode Debug|x64.ActiveCfg = Unicode Debug|x64
		{48857692-1161-2699-1225-516897548714}.Unicode Debug|x64.Build.0 = Unicode Debug|x64
		{48857692-1161-2699-1225-516897548714}.Unicode Release|Win32.ActiveCfg = Unicode Release|Win32
		{48857692-1161-2699-1225-516897548714}.Unicode Release|Win32.Build.0 = Unicode Release|Win32
		{48857692-1161-2699-1225-516897548714}.Unicode Release|x64.ActiveCfg = Unicode Release|x64
		{48857692-1161-2699-1225-516897548714}.Unicode Release|x64.Build.0 = Unicode Release|x64
		{42282684-8725-4289-5545-568878145955}.Debug|Win32.ActiveCfg = Debug|Win32
		{42282684-8725-4289-5545-568878145955}.Debug|Win32.Build.0 = Debug|Win32
		{42282684-8725-4289-5545-568878145955}.Debug|x64.ActiveCfg = Debug|x64
		{42282684-8725-4289-5545-568878145955}.Debug|x64.Build.0 = Debug|x64
		{42282684-8725-4289-5545-568878145955}.Release|Win32.ActiveCfg = Release|Win32
		{42282684-8725-4289-5545-568878145955}.Release|Win32.Build.0 = Release|Win32
		{42282684-8725-4289-5545-568878145955}.Release|x64.ActiveCfg = Release|x64
		{42282684-8725-4289-5545-568878145955}.Release|x64.Build.0 = Release|x64
		{42282684-8725-4289-5545-568878145955}.Unicode Debug|Win32.ActiveCfg = Unicode Debug|Win32
		{42282684-8725-4289-5545-568878145955}.Unicode Debug|Win32.Build.0 = Unicode Debug|Win32
		{42282684-8725-4289-5545-568878145955}.Unicode Debug|x64.ActiveCfg = Unicode Debug|x64
		{42282684-8725-4289-5545-568878145955}.Unicode Debug|x64.Build.0 = Unicode Debug|x64
		{42282684-8725-4289-5545-568878145955}.Unicode Release|Win32.ActiveCfg = Unicode Release|Win32
		{42282684-8725-4289-5545-568878145955}.Unicode Release|Win32.Build.0 = Unicode Release|Win32
		{42282684-8725-4289-5545-568878145955}.Unicode Release|x64.ActiveCfg = Unicode Release|x64
		{42282684-8725-4289-5545-568878145955}.Unicode Release|x64.Build.0 = Unicode Release|x64
		{91244165-6989-4585-8784-662432445221}.Debug|Win32.ActiveCfg = Debug|Win32
		{91244165-6989-4585-8784-662432445221}.Debug|Win32.Build.0 = Debug|Win32
		{91244165-6989-4585-8784-662432445221}.Debug|x64.ActiveCfg = Debug|x64
		{91244165-6989-4585-8784-662432445221}.Debug|x64.Build.0 = Debug|x64
		{91244165-6989-4585-8784-662432445221}.Release|Win32.ActiveCfg = Release|Win32
		{91244165-6989-4585-8784-662432445221}.Release|Win32.Build.0 = Release|Win32
		{91244165-6989-4585-8784-662432445221}.Release|x64.ActiveCfg = Release|x64
		{91244165-6989-4585-8784-662432445221}.Release|x64.Build.0 = Release|x64
		{91244165-6989-4585-8784-662432445221}.Unicode Debug|Win32.ActiveCfg = Unicode Debug|Win32
		{91244165-6989-4585-8784-662432445221}.Unicode Debug|Win32.Build.0 = Unicode Debug|Win32
		{91244165-6989-4585-8784-662432445221}.Unicode Debug|x64.ActiveCfg = Unicode Debug|x64
		{91244165-6989-4585-8784-662432445221}.Unicode Debug|x64.Build.0 = Unicode Debug|x64
		{91244165-6989-4585-8784-662432445221}.Unicode Release|Win32.ActiveCfg = Unicode Release|Win32
		{91244165-6989-4585-8784-662432445221}.Unicode Release|Win32.Build.0 = Unicode Release|Win32
		{91244165-6989-4585-8784-662432445221}.Unicode Release|x64.ActiveCfg = Unicode Release|x64
		{91244165-6989-4585-8784-662432445221}.Unicode Release|x64.Build.0 = Unicode Release|x64
		{33316734-4548-6178-9368-282467697854}.Debug|Win32.ActiveCfg = Debug|Win32
		{33316734-4548-6178-9368-282467697854}.Debug|Win32.Build.0 = Debug|Win32
		{33316734-4548-6178-9368-282467697854}.Debug|x64.ActiveCfg = Debug|x64
		{33316734-4548-6178-9368-282467697854}.Debug|x64.Build.0 = Debug|x64
		{33316734-4548-6178-9368-282467697854}.Release|Win32.ActiveCfg = Release|Win32
		{33316734-4548-6178-9368-282467697854}.Release|Win32.Build.0 = Release|Win32
		{33316734-4548-6178-9368-282467697854}.Release|x64.ActiveCfg = Release|x64
		{33316734-4548-6178-9368-282467697854}.Release|x64.Build.0 = Release|x64
		{33316734-4548-6178-9368-282467697854}.Unicode Debug|Win32.ActiveCfg = Unicode Debug|Win32
		{33316734-4548-6178-9368-282467697854}.Unicode Debug|Win32.Build.0 = Unicode Debug|Win32
		{33316734-4548-6178-9368-282467697854}.Unicode Debug|x64.ActiveCfg = Unicode Debug|x64
		{33316734-4548-6178-9368-282467697854}.Unicode Debug|x64.Build.0 = Unicode Debug|x64
		{33316734-4548-6178-9368-282467697854}.Unicode Release|Win32.ActiveCfg = Unicode Release|Win32
		{33316734-4548-6178-9368-282467697854}.Unicode Release|Win32.Build.0 = Unicode Release|Win32
		{33316734-4548-6178-9368-282467697854}.Unicode Release|x64.ActiveCfg = Unicode Release|x64
		{33316734-4548-6178-9368-282467697854}.Unicode Release|x64.Build.0 = Unicode Release|x64
	EndGlobalSection
	GlobalSection(SolutionProperties) = preSolution
		HideSolutionNode = FALSE
	EndGlobalSection
EndGlobal
