Microsoft Visual Studio Solution File, Format Version 14.00
# Visual Studio 2015
VisualStudioVersion = 12.0.31101.0
MinimumVisualStudioVersion = 10.0.40219.1
Project("{8BC9CEB8-8B4A-11D0-8D11-00A0C91BC942}") = "Animation", "..\..\Samples\Controls\Animation\Animation_vc140.vcxproj", "{71766573-9499-5177-3238-295181737784}"
EndProject
Project("{8BC9CEB8-8B4A-11D0-8D11-00A0C91BC942}") = "BrowseDialog", "..\..\Samples\Controls\BrowseDialog\BrowseDialog_vc140.vcxproj", "{15572327-6555-4271-8879-434944246734}"
EndProject
Project("{8BC9CEB8-8B4A-11D0-8D11-00A0C91BC942}") = "BrowseEdit", "..\..\Samples\Controls\BrowseEdit\BrowseEdit_vc140.vcxproj", "{71989624-4214-7867-6943-828679378583}"
EndProject
Project("{8BC9CEB8-8B4A-11D0-8D11-00A0C91BC942}") = "Button", "..\..\Samples\Controls\Button\Button_vc140.vcxproj", "{44643944-2365-5964-9849-514777263134}"
EndProject
Project("{8BC9CEB8-8B4A-11D0-8D11-00A0C91BC942}") = "CaptionBar", "..\..\Samples\Controls\CaptionBar\CaptionBar_vc140.vcxproj", "{62114764-8927-9756-1756-442358739481}"
EndProject
Project("{8BC9CEB8-8B4A-11D0-8D11-00A0C91BC942}") = "CheckListBox", "..\..\Samples\Controls\CheckListBox\CheckListBox_vc140.vcxproj", "{96931418-6274-7849-6417-671212159431}"
EndProject
Project("{8BC9CEB8-8B4A-11D0-8D11-00A0C91BC942}") = "ColorPicker", "..\..\Samples\Controls\ColorPicker\ColorPicker_vc140.vcxproj", "{52337814-4832-2545-4571-165948282389}"
EndProject
Project("{8BC9CEB8-8B4A-11D0-8D11-00A0C91BC942}") = "Controls", "..\..\Samples\Controls\Controls\Controls_vc140.vcxproj", "{24181235-2983-8632-7577-851956166732}"
EndProject
Project("{8BC9CEB8-8B4A-11D0-8D11-00A0C91BC942}") = "CustomizeTree", "..\..\Samples\Controls\CustomizeTree\CustomizeTree_vc140.vcxproj", "{42552964-8656-3334-8385-788537633188}"
EndProject
Project("{8BC9CEB8-8B4A-11D0-8D11-00A0C91BC942}") = "EditListBox", "..\..\Samples\Controls\EditListBox\EditListBox_vc140.vcxproj", "{76378698-6712-2527-4135-917481953238}"
EndProject
Project("{8BC9CEB8-8B4A-11D0-8D11-00A0C91BC942}") = "ExcelTabDlg", "..\..\Samples\Controls\ExcelTabDlg\ExcelTabDlg_vc140.vcxproj", "{92483357-7417-2116-9242-286973538966}"
EndProject
Project("{8BC9CEB8-8B4A-11D0-8D11-00A0C91BC942}") = "ExcelTabView", "..\..\Samples\Controls\ExcelTabView\ExcelTabView_vc140.vcxproj", "{65246677-5568-8213-2248-872971413517}"
EndProject
Project("{8BC9CEB8-8B4A-11D0-8D11-00A0C91BC942}") = "FlatCombo", "..\..\Samples\Controls\FlatCombo\FlatCombo_vc140.vcxproj", "{93617497-2222-3895-3955-819652189864}"
EndProject
Project("{8BC9CEB8-8B4A-11D0-8D11-00A0C91BC942}") = "FlatHeader", "..\..\Samples\Controls\FlatHeader\FlatHeader_vc140.vcxproj", "{27433142-9377-2188-9716-148415499824}"
EndProject
Project("{8BC9CEB8-8B4A-11D0-8D11-00A0C91BC942}") = "FontCombo", "..\..\Samples\Controls\FontCombo\FontCombo_vc140.vcxproj", "{83731547-7935-5784-7779-533241542663}"
EndProject
Project("{8BC9CEB8-8B4A-11D0-8D11-00A0C91BC942}") = "HexEdit", "..\..\Samples\Controls\HexEdit\HexEdit_vc140.vcxproj", "{55584868-5187-3871-9776-228258425215}"
EndProject
Project("{8BC9CEB8-8B4A-11D0-8D11-00A0C91BC942}") = "HyperLink", "..\..\Samples\Controls\HyperLink\HyperLink_vc140.vcxproj", "{73955587-2849-7573-2583-256839983562}"
EndProject
Project("{8BC9CEB8-8B4A-11D0-8D11-00A0C91BC942}") = "ListCtrl", "..\..\Samples\Controls\ListCtrl\ListCtrl_vc140.vcxproj", "{17871332-9995-5666-7334-375683312522}"
EndProject
Project("{8BC9CEB8-8B4A-11D0-8D11-00A0C91BC942}") = "MDITabWindows", "..\..\Samples\Controls\MDITabWindows\MDITabWindows_vc140.vcxproj", "{63278638-7654-9362-5417-779418444461}"
EndProject
Project("{8BC9CEB8-8B4A-11D0-8D11-00A0C91BC942}") = "MarqueeProgress", "..\..\Samples\Controls\MarqueeProgress\MarqueeProgress_vc140.vcxproj", "{35832958-5715-6459-8394-565427328812}"
EndProject
Project("{8BC9CEB8-8B4A-11D0-8D11-00A0C91BC942}") = "MaskEdit", "..\..\Samples\Controls\MaskEdit\MaskEdit_vc140.vcxproj", "{63493788-2477-1242-9222-493198896269}"
EndProject
Project("{8BC9CEB8-8B4A-11D0-8D11-00A0C91BC942}") = "PopupControl", "..\..\Samples\Controls\PopupControl\PopupControl_vc140.vcxproj", "{87228423-9634-9344-5862-622952315328}"
EndProject
Project("{8BC9CEB8-8B4A-11D0-8D11-00A0C91BC942}") = "PropertySheet", "..\..\Samples\Controls\PropertySheet\PropertySheet_vc140.vcxproj", "{53526838-7382-3931-3935-126677447167}"
EndProject
Project("{8BC9CEB8-8B4A-11D0-8D11-00A0C91BC942}") = "SearchOptions", "..\..\Samples\Controls\SearchOptions\SearchOptions_vc140.vcxproj", "{25379248-5433-1137-6932-812685332519}"
EndProject
Project("{8BC9CEB8-8B4A-11D0-8D11-00A0C91BC942}") = "SplitterWindow", "..\..\Samples\Controls\SplitterWindow\SplitterWindow_vc140.vcxproj", "{29525232-3987-3727-1351-764665828861}"
EndProject
Project("{8BC9CEB8-8B4A-11D0-8D11-00A0C91BC942}") = "TabCtrl", "..\..\Samples\Controls\TabCtrl\TabCtrl_vc140.vcxproj", "{77567613-9252-3923-3591-968229228926}"
EndProject
Project("{8BC9CEB8-8B4A-11D0-8D11-00A0C91BC942}") = "TabbedView", "..\..\Samples\Controls\TabbedView\TabbedView_vc140.vcxproj", "{19748372-7811-5516-4175-487255471668}"
EndProject
Project("{8BC9CEB8-8B4A-11D0-8D11-00A0C91BC942}") = "TaskbarManager", "..\..\Samples\Controls\TaskbarManager\TaskbarManager_vc140.vcxproj", "{96628339-5961-4716-4561-148953235316}"
EndProject
Project("{8BC9CEB8-8B4A-11D0-8D11-00A0C91BC942}") = "TipOfTheDay", "..\..\Samples\Controls\TipOfTheDay\TipOfTheDay_vc140.vcxproj", "{99963322-3625-7396-8889-191834832567}"
EndProject
Project("{8BC9CEB8-8B4A-11D0-8D11-00A0C91BC942}") = "TipWindow", "..\..\Samples\Controls\TipWindow\TipWindow_vc140.vcxproj", "{58915713-9879-7581-1138-315487222623}"
EndProject
Project("{8BC9CEB8-8B4A-11D0-8D11-00A0C91BC942}") = "TrayIconDemo", "..\..\Samples\Controls\TrayIcon\TrayIconDemo_vc140.vcxproj", "{89286462-7438-8285-2693-724423384466}"
EndProject
Project("{8BC9CEB8-8B4A-11D0-8D11-00A0C91BC942}") = "TrayIconDlg", "..\..\Samples\Controls\TrayIconDlg\TrayIconDlg_vc140.vcxproj", "{86176539-5689-8374-2198-485222138914}"
EndProject
Project("{8BC9CEB8-8B4A-11D0-8D11-00A0C91BC942}") = "TreeCtrl", "..\..\Samples\Controls\TreeCtrl\TreeCtrl_vc140.vcxproj", "{89311512-3343-1974-6427-447112735265}"
EndProject
Project("{8BC9CEB8-8B4A-11D0-8D11-00A0C91BC942}") = "VistaTaskDialog", "..\..\Samples\Controls\VistaTaskDialog\VistaTaskDialog_vc140.vcxproj", "{14237256-1498-9167-3268-676965155215}"
EndProject
Project("{8BC9CEB8-8B4A-11D0-8D11-00A0C91BC942}") = "WinExplorer", "..\..\Samples\Controls\WinExplorer\WinExplorer_vc140.vcxproj", "{37896147-6364-6957-4327-922182137375}"
EndProject
Project("{8BC9CEB8-8B4A-11D0-8D11-00A0C91BC942}") = "WindowPos", "..\..\Samples\Controls\WindowPos\WindowPos_vc140.vcxproj", "{24775115-4425-5257-3713-783781982833}"
EndProject
Global
	GlobalSection(SolutionConfigurationPlatforms) = preSolution
		Debug|Win32 = Debug|Win32
		Debug|x64 = Debug|x64
		Release|Win32 = Release|Win32
		Release|x64 = Release|x64
		Unicode Debug|Win32 = Unicode Debug|Win32
		Unicode Debug|x64 = Unicode Debug|x64
		Unicode Release|Win32 = Unicode Release|Win32
		Unicode Release|x64 = Unicode Release|x64
	EndGlobalSection
	GlobalSection(ProjectConfigurationPlatforms) = postSolution
		{71766573-9499-5177-3238-295181737784}.Debug|Win32.ActiveCfg = Debug|Win32
		{71766573-9499-5177-3238-295181737784}.Debug|Win32.Build.0 = Debug|Win32
		{71766573-9499-5177-3238-295181737784}.Debug|x64.ActiveCfg = Debug|x64
		{71766573-9499-5177-3238-295181737784}.Debug|x64.Build.0 = Debug|x64
		{71766573-9499-5177-3238-295181737784}.Release|Win32.ActiveCfg = Release|Win32
		{71766573-9499-5177-3238-295181737784}.Release|Win32.Build.0 = Release|Win32
		{71766573-9499-5177-3238-295181737784}.Release|x64.ActiveCfg = Release|x64
		{71766573-9499-5177-3238-295181737784}.Release|x64.Build.0 = Release|x64
		{71766573-9499-5177-3238-295181737784}.Unicode Debug|Win32.ActiveCfg = Unicode Debug|Win32
		{71766573-9499-5177-3238-295181737784}.Unicode Debug|Win32.Build.0 = Unicode Debug|Win32
		{71766573-9499-5177-3238-295181737784}.Unicode Debug|x64.ActiveCfg = Unicode Debug|x64
		{71766573-9499-5177-3238-295181737784}.Unicode Debug|x64.Build.0 = Unicode Debug|x64
		{71766573-9499-5177-3238-295181737784}.Unicode Release|Win32.ActiveCfg = Unicode Release|Win32
		{71766573-9499-5177-3238-295181737784}.Unicode Release|Win32.Build.0 = Unicode Release|Win32
		{71766573-9499-5177-3238-295181737784}.Unicode Release|x64.ActiveCfg = Unicode Release|x64
		{71766573-9499-5177-3238-295181737784}.Unicode Release|x64.Build.0 = Unicode Release|x64
		{15572327-6555-4271-8879-434944246734}.Debug|Win32.ActiveCfg = Debug|Win32
		{15572327-6555-4271-8879-434944246734}.Debug|Win32.Build.0 = Debug|Win32
		{15572327-6555-4271-8879-434944246734}.Debug|x64.ActiveCfg = Debug|x64
		{15572327-6555-4271-8879-434944246734}.Debug|x64.Build.0 = Debug|x64
		{15572327-6555-4271-8879-434944246734}.Release|Win32.ActiveCfg = Release|Win32
		{15572327-6555-4271-8879-434944246734}.Release|Win32.Build.0 = Release|Win32
		{15572327-6555-4271-8879-434944246734}.Release|x64.ActiveCfg = Release|x64
		{15572327-6555-4271-8879-434944246734}.Release|x64.Build.0 = Release|x64
		{15572327-6555-4271-8879-434944246734}.Unicode Debug|Win32.ActiveCfg = Unicode Debug|Win32
		{15572327-6555-4271-8879-434944246734}.Unicode Debug|Win32.Build.0 = Unicode Debug|Win32
		{15572327-6555-4271-8879-434944246734}.Unicode Debug|x64.ActiveCfg = Unicode Debug|x64
		{15572327-6555-4271-8879-434944246734}.Unicode Debug|x64.Build.0 = Unicode Debug|x64
		{15572327-6555-4271-8879-434944246734}.Unicode Release|Win32.ActiveCfg = Unicode Release|Win32
		{15572327-6555-4271-8879-434944246734}.Unicode Release|Win32.Build.0 = Unicode Release|Win32
		{15572327-6555-4271-8879-434944246734}.Unicode Release|x64.ActiveCfg = Unicode Release|x64
		{15572327-6555-4271-8879-434944246734}.Unicode Release|x64.Build.0 = Unicode Release|x64
		{71989624-4214-7867-6943-828679378583}.Debug|Win32.ActiveCfg = Debug|Win32
		{71989624-4214-7867-6943-828679378583}.Debug|Win32.Build.0 = Debug|Win32
		{71989624-4214-7867-6943-828679378583}.Debug|x64.ActiveCfg = Debug|x64
		{71989624-4214-7867-6943-828679378583}.Debug|x64.Build.0 = Debug|x64
		{71989624-4214-7867-6943-828679378583}.Release|Win32.ActiveCfg = Release|Win32
		{71989624-4214-7867-6943-828679378583}.Release|Win32.Build.0 = Release|Win32
		{71989624-4214-7867-6943-828679378583}.Release|x64.ActiveCfg = Release|x64
		{71989624-4214-7867-6943-828679378583}.Release|x64.Build.0 = Release|x64
		{71989624-4214-7867-6943-828679378583}.Unicode Debug|Win32.ActiveCfg = Unicode Debug|Win32
		{71989624-4214-7867-6943-828679378583}.Unicode Debug|Win32.Build.0 = Unicode Debug|Win32
		{71989624-4214-7867-6943-828679378583}.Unicode Debug|x64.ActiveCfg = Unicode Debug|x64
		{71989624-4214-7867-6943-828679378583}.Unicode Debug|x64.Build.0 = Unicode Debug|x64
		{71989624-4214-7867-6943-828679378583}.Unicode Release|Win32.ActiveCfg = Unicode Release|Win32
		{71989624-4214-7867-6943-828679378583}.Unicode Release|Win32.Build.0 = Unicode Release|Win32
		{71989624-4214-7867-6943-828679378583}.Unicode Release|x64.ActiveCfg = Unicode Release|x64
		{71989624-4214-7867-6943-828679378583}.Unicode Release|x64.Build.0 = Unicode Release|x64
		{44643944-2365-5964-9849-514777263134}.Debug|Win32.ActiveCfg = Debug|Win32
		{44643944-2365-5964-9849-514777263134}.Debug|Win32.Build.0 = Debug|Win32
		{44643944-2365-5964-9849-514777263134}.Debug|x64.ActiveCfg = Debug|x64
		{44643944-2365-5964-9849-514777263134}.Debug|x64.Build.0 = Debug|x64
		{44643944-2365-5964-9849-514777263134}.Release|Win32.ActiveCfg = Release|Win32
		{44643944-2365-5964-9849-514777263134}.Release|Win32.Build.0 = Release|Win32
		{44643944-2365-5964-9849-514777263134}.Release|x64.ActiveCfg = Release|x64
		{44643944-2365-5964-9849-514777263134}.Release|x64.Build.0 = Release|x64
		{44643944-2365-5964-9849-514777263134}.Unicode Debug|Win32.ActiveCfg = Unicode Debug|Win32
		{44643944-2365-5964-9849-514777263134}.Unicode Debug|Win32.Build.0 = Unicode Debug|Win32
		{44643944-2365-5964-9849-514777263134}.Unicode Debug|x64.ActiveCfg = Unicode Debug|x64
		{44643944-2365-5964-9849-514777263134}.Unicode Debug|x64.Build.0 = Unicode Debug|x64
		{44643944-2365-5964-9849-514777263134}.Unicode Release|Win32.ActiveCfg = Unicode Release|Win32
		{44643944-2365-5964-9849-514777263134}.Unicode Release|Win32.Build.0 = Unicode Release|Win32
		{44643944-2365-5964-9849-514777263134}.Unicode Release|x64.ActiveCfg = Unicode Release|x64
		{44643944-2365-5964-9849-514777263134}.Unicode Release|x64.Build.0 = Unicode Release|x64
		{62114764-8927-9756-1756-442358739481}.Debug|Win32.ActiveCfg = Debug|Win32
		{62114764-8927-9756-1756-442358739481}.Debug|Win32.Build.0 = Debug|Win32
		{62114764-8927-9756-1756-442358739481}.Debug|x64.ActiveCfg = Debug|x64
		{62114764-8927-9756-1756-442358739481}.Debug|x64.Build.0 = Debug|x64
		{62114764-8927-9756-1756-442358739481}.Release|Win32.ActiveCfg = Release|Win32
		{62114764-8927-9756-1756-442358739481}.Release|Win32.Build.0 = Release|Win32
		{62114764-8927-9756-1756-442358739481}.Release|x64.ActiveCfg = Release|x64
		{62114764-8927-9756-1756-442358739481}.Release|x64.Build.0 = Release|x64
		{62114764-8927-9756-1756-442358739481}.Unicode Debug|Win32.ActiveCfg = Unicode Debug|Win32
		{62114764-8927-9756-1756-442358739481}.Unicode Debug|Win32.Build.0 = Unicode Debug|Win32
		{62114764-8927-9756-1756-442358739481}.Unicode Debug|x64.ActiveCfg = Unicode Debug|x64
		{62114764-8927-9756-1756-442358739481}.Unicode Debug|x64.Build.0 = Unicode Debug|x64
		{62114764-8927-9756-1756-442358739481}.Unicode Release|Win32.ActiveCfg = Unicode Release|Win32
		{62114764-8927-9756-1756-442358739481}.Unicode Release|Win32.Build.0 = Unicode Release|Win32
		{62114764-8927-9756-1756-442358739481}.Unicode Release|x64.ActiveCfg = Unicode Release|x64
		{62114764-8927-9756-1756-442358739481}.Unicode Release|x64.Build.0 = Unicode Release|x64
		{96931418-6274-7849-6417-671212159431}.Debug|Win32.ActiveCfg = Debug|Win32
		{96931418-6274-7849-6417-671212159431}.Debug|Win32.Build.0 = Debug|Win32
		{96931418-6274-7849-6417-671212159431}.Debug|x64.ActiveCfg = Debug|x64
		{96931418-6274-7849-6417-671212159431}.Debug|x64.Build.0 = Debug|x64
		{96931418-6274-7849-6417-671212159431}.Release|Win32.ActiveCfg = Release|Win32
		{96931418-6274-7849-6417-671212159431}.Release|Win32.Build.0 = Release|Win32
		{96931418-6274-7849-6417-671212159431}.Release|x64.ActiveCfg = Release|x64
		{96931418-6274-7849-6417-671212159431}.Release|x64.Build.0 = Release|x64
		{96931418-6274-7849-6417-671212159431}.Unicode Debug|Win32.ActiveCfg = Unicode Debug|Win32
		{96931418-6274-7849-6417-671212159431}.Unicode Debug|Win32.Build.0 = Unicode Debug|Win32
		{96931418-6274-7849-6417-671212159431}.Unicode Debug|x64.ActiveCfg = Unicode Debug|x64
		{96931418-6274-7849-6417-671212159431}.Unicode Debug|x64.Build.0 = Unicode Debug|x64
		{96931418-6274-7849-6417-671212159431}.Unicode Release|Win32.ActiveCfg = Unicode Release|Win32
		{96931418-6274-7849-6417-671212159431}.Unicode Release|Win32.Build.0 = Unicode Release|Win32
		{96931418-6274-7849-6417-671212159431}.Unicode Release|x64.ActiveCfg = Unicode Release|x64
		{96931418-6274-7849-6417-671212159431}.Unicode Release|x64.Build.0 = Unicode Release|x64
		{52337814-4832-2545-4571-165948282389}.Debug|Win32.ActiveCfg = Debug|Win32
		{52337814-4832-2545-4571-165948282389}.Debug|Win32.Build.0 = Debug|Win32
		{52337814-4832-2545-4571-165948282389}.Debug|x64.ActiveCfg = Debug|x64
		{52337814-4832-2545-4571-165948282389}.Debug|x64.Build.0 = Debug|x64
		{52337814-4832-2545-4571-165948282389}.Release|Win32.ActiveCfg = Release|Win32
		{52337814-4832-2545-4571-165948282389}.Release|Win32.Build.0 = Release|Win32
		{52337814-4832-2545-4571-165948282389}.Release|x64.ActiveCfg = Release|x64
		{52337814-4832-2545-4571-165948282389}.Release|x64.Build.0 = Release|x64
		{52337814-4832-2545-4571-165948282389}.Unicode Debug|Win32.ActiveCfg = Unicode Debug|Win32
		{52337814-4832-2545-4571-165948282389}.Unicode Debug|Win32.Build.0 = Unicode Debug|Win32
		{52337814-4832-2545-4571-165948282389}.Unicode Debug|x64.ActiveCfg = Unicode Debug|x64
		{52337814-4832-2545-4571-165948282389}.Unicode Debug|x64.Build.0 = Unicode Debug|x64
		{52337814-4832-2545-4571-165948282389}.Unicode Release|Win32.ActiveCfg = Unicode Release|Win32
		{52337814-4832-2545-4571-165948282389}.Unicode Release|Win32.Build.0 = Unicode Release|Win32
		{52337814-4832-2545-4571-165948282389}.Unicode Release|x64.ActiveCfg = Unicode Release|x64
		{52337814-4832-2545-4571-165948282389}.Unicode Release|x64.Build.0 = Unicode Release|x64
		{24181235-2983-8632-7577-851956166732}.Debug|Win32.ActiveCfg = Debug|Win32
		{24181235-2983-8632-7577-851956166732}.Debug|Win32.Build.0 = Debug|Win32
		{24181235-2983-8632-7577-851956166732}.Debug|x64.ActiveCfg = Debug|x64
		{24181235-2983-8632-7577-851956166732}.Debug|x64.Build.0 = Debug|x64
		{24181235-2983-8632-7577-851956166732}.Release|Win32.ActiveCfg = Release|Win32
		{24181235-2983-8632-7577-851956166732}.Release|Win32.Build.0 = Release|Win32
		{24181235-2983-8632-7577-851956166732}.Release|x64.ActiveCfg = Release|x64
		{24181235-2983-8632-7577-851956166732}.Release|x64.Build.0 = Release|x64
		{24181235-2983-8632-7577-851956166732}.Unicode Debug|Win32.ActiveCfg = Unicode Debug|Win32
		{24181235-2983-8632-7577-851956166732}.Unicode Debug|Win32.Build.0 = Unicode Debug|Win32
		{24181235-2983-8632-7577-851956166732}.Unicode Debug|x64.ActiveCfg = Unicode Debug|x64
		{24181235-2983-8632-7577-851956166732}.Unicode Debug|x64.Build.0 = Unicode Debug|x64
		{24181235-2983-8632-7577-851956166732}.Unicode Release|Win32.ActiveCfg = Unicode Release|Win32
		{24181235-2983-8632-7577-851956166732}.Unicode Release|Win32.Build.0 = Unicode Release|Win32
		{24181235-2983-8632-7577-851956166732}.Unicode Release|x64.ActiveCfg = Unicode Release|x64
		{24181235-2983-8632-7577-851956166732}.Unicode Release|x64.Build.0 = Unicode Release|x64
		{42552964-8656-3334-8385-788537633188}.Debug|Win32.ActiveCfg = Debug|Win32
		{42552964-8656-3334-8385-788537633188}.Debug|Win32.Build.0 = Debug|Win32
		{42552964-8656-3334-8385-788537633188}.Debug|x64.ActiveCfg = Debug|x64
		{42552964-8656-3334-8385-788537633188}.Debug|x64.Build.0 = Debug|x64
		{42552964-8656-3334-8385-788537633188}.Release|Win32.ActiveCfg = Release|Win32
		{42552964-8656-3334-8385-788537633188}.Release|Win32.Build.0 = Release|Win32
		{42552964-8656-3334-8385-788537633188}.Release|x64.ActiveCfg = Release|x64
		{42552964-8656-3334-8385-788537633188}.Release|x64.Build.0 = Release|x64
		{42552964-8656-3334-8385-788537633188}.Unicode Debug|Win32.ActiveCfg = Unicode Debug|Win32
		{42552964-8656-3334-8385-788537633188}.Unicode Debug|Win32.Build.0 = Unicode Debug|Win32
		{42552964-8656-3334-8385-788537633188}.Unicode Debug|x64.ActiveCfg = Unicode Debug|x64
		{42552964-8656-3334-8385-788537633188}.Unicode Debug|x64.Build.0 = Unicode Debug|x64
		{42552964-8656-3334-8385-788537633188}.Unicode Release|Win32.ActiveCfg = Unicode Release|Win32
		{42552964-8656-3334-8385-788537633188}.Unicode Release|Win32.Build.0 = Unicode Release|Win32
		{42552964-8656-3334-8385-788537633188}.Unicode Release|x64.ActiveCfg = Unicode Release|x64
		{42552964-8656-3334-8385-788537633188}.Unicode Release|x64.Build.0 = Unicode Release|x64
		{76378698-6712-2527-4135-917481953238}.Debug|Win32.ActiveCfg = Debug|Win32
		{76378698-6712-2527-4135-917481953238}.Debug|Win32.Build.0 = Debug|Win32
		{76378698-6712-2527-4135-917481953238}.Debug|x64.ActiveCfg = Debug|x64
		{76378698-6712-2527-4135-917481953238}.Debug|x64.Build.0 = Debug|x64
		{76378698-6712-2527-4135-917481953238}.Release|Win32.ActiveCfg = Release|Win32
		{76378698-6712-2527-4135-917481953238}.Release|Win32.Build.0 = Release|Win32
		{76378698-6712-2527-4135-917481953238}.Release|x64.ActiveCfg = Release|x64
		{76378698-6712-2527-4135-917481953238}.Release|x64.Build.0 = Release|x64
		{76378698-6712-2527-4135-917481953238}.Unicode Debug|Win32.ActiveCfg = Unicode Debug|Win32
		{76378698-6712-2527-4135-917481953238}.Unicode Debug|Win32.Build.0 = Unicode Debug|Win32
		{76378698-6712-2527-4135-917481953238}.Unicode Debug|x64.ActiveCfg = Unicode Debug|x64
		{76378698-6712-2527-4135-917481953238}.Unicode Debug|x64.Build.0 = Unicode Debug|x64
		{76378698-6712-2527-4135-917481953238}.Unicode Release|Win32.ActiveCfg = Unicode Release|Win32
		{76378698-6712-2527-4135-917481953238}.Unicode Release|Win32.Build.0 = Unicode Release|Win32
		{76378698-6712-2527-4135-917481953238}.Unicode Release|x64.ActiveCfg = Unicode Release|x64
		{76378698-6712-2527-4135-917481953238}.Unicode Release|x64.Build.0 = Unicode Release|x64
		{92483357-7417-2116-9242-286973538966}.Debug|Win32.ActiveCfg = Debug|Win32
		{92483357-7417-2116-9242-286973538966}.Debug|Win32.Build.0 = Debug|Win32
		{92483357-7417-2116-9242-286973538966}.Debug|x64.ActiveCfg = Debug|x64
		{92483357-7417-2116-9242-286973538966}.Debug|x64.Build.0 = Debug|x64
		{92483357-7417-2116-9242-286973538966}.Release|Win32.ActiveCfg = Release|Win32
		{92483357-7417-2116-9242-286973538966}.Release|Win32.Build.0 = Release|Win32
		{92483357-7417-2116-9242-286973538966}.Release|x64.ActiveCfg = Release|x64
		{92483357-7417-2116-9242-286973538966}.Release|x64.Build.0 = Release|x64
		{92483357-7417-2116-9242-286973538966}.Unicode Debug|Win32.ActiveCfg = Unicode Debug|Win32
		{92483357-7417-2116-9242-286973538966}.Unicode Debug|Win32.Build.0 = Unicode Debug|Win32
		{92483357-7417-2116-9242-286973538966}.Unicode Debug|x64.ActiveCfg = Unicode Debug|x64
		{92483357-7417-2116-9242-286973538966}.Unicode Debug|x64.Build.0 = Unicode Debug|x64
		{92483357-7417-2116-9242-286973538966}.Unicode Release|Win32.ActiveCfg = Unicode Release|Win32
		{92483357-7417-2116-9242-286973538966}.Unicode Release|Win32.Build.0 = Unicode Release|Win32
		{92483357-7417-2116-9242-286973538966}.Unicode Release|x64.ActiveCfg = Unicode Release|x64
		{92483357-7417-2116-9242-286973538966}.Unicode Release|x64.Build.0 = Unicode Release|x64
		{65246677-5568-8213-2248-872971413517}.Debug|Win32.ActiveCfg = Debug|Win32
		{65246677-5568-8213-2248-872971413517}.Debug|Win32.Build.0 = Debug|Win32
		{65246677-5568-8213-2248-872971413517}.Debug|x64.ActiveCfg = Debug|x64
		{65246677-5568-8213-2248-872971413517}.Debug|x64.Build.0 = Debug|x64
		{65246677-5568-8213-2248-872971413517}.Release|Win32.ActiveCfg = Release|Win32
		{65246677-5568-8213-2248-872971413517}.Release|Win32.Build.0 = Release|Win32
		{65246677-5568-8213-2248-872971413517}.Release|x64.ActiveCfg = Release|x64
		{65246677-5568-8213-2248-872971413517}.Release|x64.Build.0 = Release|x64
		{65246677-5568-8213-2248-872971413517}.Unicode Debug|Win32.ActiveCfg = Unicode Debug|Win32
		{65246677-5568-8213-2248-872971413517}.Unicode Debug|Win32.Build.0 = Unicode Debug|Win32
		{65246677-5568-8213-2248-872971413517}.Unicode Debug|x64.ActiveCfg = Unicode Debug|x64
		{65246677-5568-8213-2248-872971413517}.Unicode Debug|x64.Build.0 = Unicode Debug|x64
		{65246677-5568-8213-2248-872971413517}.Unicode Release|Win32.ActiveCfg = Unicode Release|Win32
		{65246677-5568-8213-2248-872971413517}.Unicode Release|Win32.Build.0 = Unicode Release|Win32
		{65246677-5568-8213-2248-872971413517}.Unicode Release|x64.ActiveCfg = Unicode Release|x64
		{65246677-5568-8213-2248-872971413517}.Unicode Release|x64.Build.0 = Unicode Release|x64
		{93617497-2222-3895-3955-819652189864}.Debug|Win32.ActiveCfg = Debug|Win32
		{93617497-2222-3895-3955-819652189864}.Debug|Win32.Build.0 = Debug|Win32
		{93617497-2222-3895-3955-819652189864}.Debug|x64.ActiveCfg = Debug|x64
		{93617497-2222-3895-3955-819652189864}.Debug|x64.Build.0 = Debug|x64
		{93617497-2222-3895-3955-819652189864}.Release|Win32.ActiveCfg = Release|Win32
		{93617497-2222-3895-3955-819652189864}.Release|Win32.Build.0 = Release|Win32
		{93617497-2222-3895-3955-819652189864}.Release|x64.ActiveCfg = Release|x64
		{93617497-2222-3895-3955-819652189864}.Release|x64.Build.0 = Release|x64
		{93617497-2222-3895-3955-819652189864}.Unicode Debug|Win32.ActiveCfg = Unicode Debug|Win32
		{93617497-2222-3895-3955-819652189864}.Unicode Debug|Win32.Build.0 = Unicode Debug|Win32
		{93617497-2222-3895-3955-819652189864}.Unicode Debug|x64.ActiveCfg = Unicode Debug|x64
		{93617497-2222-3895-3955-819652189864}.Unicode Debug|x64.Build.0 = Unicode Debug|x64
		{93617497-2222-3895-3955-819652189864}.Unicode Release|Win32.ActiveCfg = Unicode Release|Win32
		{93617497-2222-3895-3955-819652189864}.Unicode Release|Win32.Build.0 = Unicode Release|Win32
		{93617497-2222-3895-3955-819652189864}.Unicode Release|x64.ActiveCfg = Unicode Release|x64
		{93617497-2222-3895-3955-819652189864}.Unicode Release|x64.Build.0 = Unicode Release|x64
		{27433142-9377-2188-9716-148415499824}.Debug|Win32.ActiveCfg = Debug|Win32
		{27433142-9377-2188-9716-148415499824}.Debug|Win32.Build.0 = Debug|Win32
		{27433142-9377-2188-9716-148415499824}.Debug|x64.ActiveCfg = Debug|x64
		{27433142-9377-2188-9716-148415499824}.Debug|x64.Build.0 = Debug|x64
		{27433142-9377-2188-9716-148415499824}.Release|Win32.ActiveCfg = Release|Win32
		{27433142-9377-2188-9716-148415499824}.Release|Win32.Build.0 = Release|Win32
		{27433142-9377-2188-9716-148415499824}.Release|x64.ActiveCfg = Release|x64
		{27433142-9377-2188-9716-148415499824}.Release|x64.Build.0 = Release|x64
		{27433142-9377-2188-9716-148415499824}.Unicode Debug|Win32.ActiveCfg = Unicode Debug|Win32
		{27433142-9377-2188-9716-148415499824}.Unicode Debug|Win32.Build.0 = Unicode Debug|Win32
		{27433142-9377-2188-9716-148415499824}.Unicode Debug|x64.ActiveCfg = Unicode Debug|x64
		{27433142-9377-2188-9716-148415499824}.Unicode Debug|x64.Build.0 = Unicode Debug|x64
		{27433142-9377-2188-9716-148415499824}.Unicode Release|Win32.ActiveCfg = Unicode Release|Win32
		{27433142-9377-2188-9716-148415499824}.Unicode Release|Win32.Build.0 = Unicode Release|Win32
		{27433142-9377-2188-9716-148415499824}.Unicode Release|x64.ActiveCfg = Unicode Release|x64
		{27433142-9377-2188-9716-148415499824}.Unicode Release|x64.Build.0 = Unicode Release|x64
		{83731547-7935-5784-7779-533241542663}.Debug|Win32.ActiveCfg = Debug|Win32
		{83731547-7935-5784-7779-533241542663}.Debug|Win32.Build.0 = Debug|Win32
		{83731547-7935-5784-7779-533241542663}.Debug|x64.ActiveCfg = Debug|x64
		{83731547-7935-5784-7779-533241542663}.Debug|x64.Build.0 = Debug|x64
		{83731547-7935-5784-7779-533241542663}.Release|Win32.ActiveCfg = Release|Win32
		{83731547-7935-5784-7779-533241542663}.Release|Win32.Build.0 = Release|Win32
		{83731547-7935-5784-7779-533241542663}.Release|x64.ActiveCfg = Release|x64
		{83731547-7935-5784-7779-533241542663}.Release|x64.Build.0 = Release|x64
		{83731547-7935-5784-7779-533241542663}.Unicode Debug|Win32.ActiveCfg = Unicode Debug|Win32
		{83731547-7935-5784-7779-533241542663}.Unicode Debug|Win32.Build.0 = Unicode Debug|Win32
		{83731547-7935-5784-7779-533241542663}.Unicode Debug|x64.ActiveCfg = Unicode Debug|x64
		{83731547-7935-5784-7779-533241542663}.Unicode Debug|x64.Build.0 = Unicode Debug|x64
		{83731547-7935-5784-7779-533241542663}.Unicode Release|Win32.ActiveCfg = Unicode Release|Win32
		{83731547-7935-5784-7779-533241542663}.Unicode Release|Win32.Build.0 = Unicode Release|Win32
		{83731547-7935-5784-7779-533241542663}.Unicode Release|x64.ActiveCfg = Unicode Release|x64
		{83731547-7935-5784-7779-533241542663}.Unicode Release|x64.Build.0 = Unicode Release|x64
		{55584868-5187-3871-9776-228258425215}.Debug|Win32.ActiveCfg = Debug|Win32
		{55584868-5187-3871-9776-228258425215}.Debug|Win32.Build.0 = Debug|Win32
		{55584868-5187-3871-9776-228258425215}.Debug|x64.ActiveCfg = Debug|x64
		{55584868-5187-3871-9776-228258425215}.Debug|x64.Build.0 = Debug|x64
		{55584868-5187-3871-9776-228258425215}.Release|Win32.ActiveCfg = Release|Win32
		{55584868-5187-3871-9776-228258425215}.Release|Win32.Build.0 = Release|Win32
		{55584868-5187-3871-9776-228258425215}.Release|x64.ActiveCfg = Release|x64
		{55584868-5187-3871-9776-228258425215}.Release|x64.Build.0 = Release|x64
		{55584868-5187-3871-9776-228258425215}.Unicode Debug|Win32.ActiveCfg = Unicode Debug|Win32
		{55584868-5187-3871-9776-228258425215}.Unicode Debug|Win32.Build.0 = Unicode Debug|Win32
		{55584868-5187-3871-9776-228258425215}.Unicode Debug|x64.ActiveCfg = Unicode Debug|x64
		{55584868-5187-3871-9776-228258425215}.Unicode Debug|x64.Build.0 = Unicode Debug|x64
		{55584868-5187-3871-9776-228258425215}.Unicode Release|Win32.ActiveCfg = Unicode Release|Win32
		{55584868-5187-3871-9776-228258425215}.Unicode Release|Win32.Build.0 = Unicode Release|Win32
		{55584868-5187-3871-9776-228258425215}.Unicode Release|x64.ActiveCfg = Unicode Release|x64
		{55584868-5187-3871-9776-228258425215}.Unicode Release|x64.Build.0 = Unicode Release|x64
		{73955587-2849-7573-2583-256839983562}.Debug|Win32.ActiveCfg = Debug|Win32
		{73955587-2849-7573-2583-256839983562}.Debug|Win32.Build.0 = Debug|Win32
		{73955587-2849-7573-2583-256839983562}.Debug|x64.ActiveCfg = Debug|x64
		{73955587-2849-7573-2583-256839983562}.Debug|x64.Build.0 = Debug|x64
		{73955587-2849-7573-2583-256839983562}.Release|Win32.ActiveCfg = Release|Win32
		{73955587-2849-7573-2583-256839983562}.Release|Win32.Build.0 = Release|Win32
		{73955587-2849-7573-2583-256839983562}.Release|x64.ActiveCfg = Release|x64
		{73955587-2849-7573-2583-256839983562}.Release|x64.Build.0 = Release|x64
		{73955587-2849-7573-2583-256839983562}.Unicode Debug|Win32.ActiveCfg = Unicode Debug|Win32
		{73955587-2849-7573-2583-256839983562}.Unicode Debug|Win32.Build.0 = Unicode Debug|Win32
		{73955587-2849-7573-2583-256839983562}.Unicode Debug|x64.ActiveCfg = Unicode Debug|x64
		{73955587-2849-7573-2583-256839983562}.Unicode Debug|x64.Build.0 = Unicode Debug|x64
		{73955587-2849-7573-2583-256839983562}.Unicode Release|Win32.ActiveCfg = Unicode Release|Win32
		{73955587-2849-7573-2583-256839983562}.Unicode Release|Win32.Build.0 = Unicode Release|Win32
		{73955587-2849-7573-2583-256839983562}.Unicode Release|x64.ActiveCfg = Unicode Release|x64
		{73955587-2849-7573-2583-256839983562}.Unicode Release|x64.Build.0 = Unicode Release|x64
		{17871332-9995-5666-7334-375683312522}.Debug|Win32.ActiveCfg = Debug|Win32
		{17871332-9995-5666-7334-375683312522}.Debug|Win32.Build.0 = Debug|Win32
		{17871332-9995-5666-7334-375683312522}.Debug|x64.ActiveCfg = Debug|x64
		{17871332-9995-5666-7334-375683312522}.Debug|x64.Build.0 = Debug|x64
		{17871332-9995-5666-7334-375683312522}.Release|Win32.ActiveCfg = Release|Win32
		{17871332-9995-5666-7334-375683312522}.Release|Win32.Build.0 = Release|Win32
		{17871332-9995-5666-7334-375683312522}.Release|x64.ActiveCfg = Release|x64
		{17871332-9995-5666-7334-375683312522}.Release|x64.Build.0 = Release|x64
		{17871332-9995-5666-7334-375683312522}.Unicode Debug|Win32.ActiveCfg = Unicode Debug|Win32
		{17871332-9995-5666-7334-375683312522}.Unicode Debug|Win32.Build.0 = Unicode Debug|Win32
		{17871332-9995-5666-7334-375683312522}.Unicode Debug|x64.ActiveCfg = Unicode Debug|x64
		{17871332-9995-5666-7334-375683312522}.Unicode Debug|x64.Build.0 = Unicode Debug|x64
		{17871332-9995-5666-7334-375683312522}.Unicode Release|Win32.ActiveCfg = Unicode Release|Win32
		{17871332-9995-5666-7334-375683312522}.Unicode Release|Win32.Build.0 = Unicode Release|Win32
		{17871332-9995-5666-7334-375683312522}.Unicode Release|x64.ActiveCfg = Unicode Release|x64
		{17871332-9995-5666-7334-375683312522}.Unicode Release|x64.Build.0 = Unicode Release|x64
		{63278638-7654-9362-5417-779418444461}.Debug|Win32.ActiveCfg = Debug|Win32
		{63278638-7654-9362-5417-779418444461}.Debug|Win32.Build.0 = Debug|Win32
		{63278638-7654-9362-5417-779418444461}.Debug|x64.ActiveCfg = Debug|x64
		{63278638-7654-9362-5417-779418444461}.Debug|x64.Build.0 = Debug|x64
		{63278638-7654-9362-5417-779418444461}.Release|Win32.ActiveCfg = Release|Win32
		{63278638-7654-9362-5417-779418444461}.Release|Win32.Build.0 = Release|Win32
		{63278638-7654-9362-5417-779418444461}.Release|x64.ActiveCfg = Release|x64
		{63278638-7654-9362-5417-779418444461}.Release|x64.Build.0 = Release|x64
		{63278638-7654-9362-5417-779418444461}.Unicode Debug|Win32.ActiveCfg = Unicode Debug|Win32
		{63278638-7654-9362-5417-779418444461}.Unicode Debug|Win32.Build.0 = Unicode Debug|Win32
		{63278638-7654-9362-5417-779418444461}.Unicode Debug|x64.ActiveCfg = Unicode Debug|x64
		{63278638-7654-9362-5417-779418444461}.Unicode Debug|x64.Build.0 = Unicode Debug|x64
		{63278638-7654-9362-5417-779418444461}.Unicode Release|Win32.ActiveCfg = Unicode Release|Win32
		{63278638-7654-9362-5417-779418444461}.Unicode Release|Win32.Build.0 = Unicode Release|Win32
		{63278638-7654-9362-5417-779418444461}.Unicode Release|x64.ActiveCfg = Unicode Release|x64
		{63278638-7654-9362-5417-779418444461}.Unicode Release|x64.Build.0 = Unicode Release|x64
		{35832958-5715-6459-8394-565427328812}.Debug|Win32.ActiveCfg = Debug|Win32
		{35832958-5715-6459-8394-565427328812}.Debug|Win32.Build.0 = Debug|Win32
		{35832958-5715-6459-8394-565427328812}.Debug|x64.ActiveCfg = Debug|x64
		{35832958-5715-6459-8394-565427328812}.Debug|x64.Build.0 = Debug|x64
		{35832958-5715-6459-8394-565427328812}.Release|Win32.ActiveCfg = Release|Win32
		{35832958-5715-6459-8394-565427328812}.Release|Win32.Build.0 = Release|Win32
		{35832958-5715-6459-8394-565427328812}.Release|x64.ActiveCfg = Release|x64
		{35832958-5715-6459-8394-565427328812}.Release|x64.Build.0 = Release|x64
		{35832958-5715-6459-8394-565427328812}.Unicode Debug|Win32.ActiveCfg = Unicode Debug|Win32
		{35832958-5715-6459-8394-565427328812}.Unicode Debug|Win32.Build.0 = Unicode Debug|Win32
		{35832958-5715-6459-8394-565427328812}.Unicode Debug|x64.ActiveCfg = Unicode Debug|x64
		{35832958-5715-6459-8394-565427328812}.Unicode Debug|x64.Build.0 = Unicode Debug|x64
		{35832958-5715-6459-8394-565427328812}.Unicode Release|Win32.ActiveCfg = Unicode Release|Win32
		{35832958-5715-6459-8394-565427328812}.Unicode Release|Win32.Build.0 = Unicode Release|Win32
		{35832958-5715-6459-8394-565427328812}.Unicode Release|x64.ActiveCfg = Unicode Release|x64
		{35832958-5715-6459-8394-565427328812}.Unicode Release|x64.Build.0 = Unicode Release|x64
		{63493788-2477-1242-9222-493198896269}.Debug|Win32.ActiveCfg = Debug|Win32
		{63493788-2477-1242-9222-493198896269}.Debug|Win32.Build.0 = Debug|Win32
		{63493788-2477-1242-9222-493198896269}.Debug|x64.ActiveCfg = Debug|x64
		{63493788-2477-1242-9222-493198896269}.Debug|x64.Build.0 = Debug|x64
		{63493788-2477-1242-9222-493198896269}.Release|Win32.ActiveCfg = Release|Win32
		{63493788-2477-1242-9222-493198896269}.Release|Win32.Build.0 = Release|Win32
		{63493788-2477-1242-9222-493198896269}.Release|x64.ActiveCfg = Release|x64
		{63493788-2477-1242-9222-493198896269}.Release|x64.Build.0 = Release|x64
		{63493788-2477-1242-9222-493198896269}.Unicode Debug|Win32.ActiveCfg = Unicode Debug|Win32
		{63493788-2477-1242-9222-493198896269}.Unicode Debug|Win32.Build.0 = Unicode Debug|Win32
		{63493788-2477-1242-9222-493198896269}.Unicode Debug|x64.ActiveCfg = Unicode Debug|x64
		{63493788-2477-1242-9222-493198896269}.Unicode Debug|x64.Build.0 = Unicode Debug|x64
		{63493788-2477-1242-9222-493198896269}.Unicode Release|Win32.ActiveCfg = Unicode Release|Win32
		{63493788-2477-1242-9222-493198896269}.Unicode Release|Win32.Build.0 = Unicode Release|Win32
		{63493788-2477-1242-9222-493198896269}.Unicode Release|x64.ActiveCfg = Unicode Release|x64
		{63493788-2477-1242-9222-493198896269}.Unicode Release|x64.Build.0 = Unicode Release|x64
		{87228423-9634-9344-5862-622952315328}.Debug|Win32.ActiveCfg = Debug|Win32
		{87228423-9634-9344-5862-622952315328}.Debug|Win32.Build.0 = Debug|Win32
		{87228423-9634-9344-5862-622952315328}.Debug|x64.ActiveCfg = Debug|x64
		{87228423-9634-9344-5862-622952315328}.Debug|x64.Build.0 = Debug|x64
		{87228423-9634-9344-5862-622952315328}.Release|Win32.ActiveCfg = Release|Win32
		{87228423-9634-9344-5862-622952315328}.Release|Win32.Build.0 = Release|Win32
		{87228423-9634-9344-5862-622952315328}.Release|x64.ActiveCfg = Release|x64
		{87228423-9634-9344-5862-622952315328}.Release|x64.Build.0 = Release|x64
		{87228423-9634-9344-5862-622952315328}.Unicode Debug|Win32.ActiveCfg = Unicode Debug|Win32
		{87228423-9634-9344-5862-622952315328}.Unicode Debug|Win32.Build.0 = Unicode Debug|Win32
		{87228423-9634-9344-5862-622952315328}.Unicode Debug|x64.ActiveCfg = Unicode Debug|x64
		{87228423-9634-9344-5862-622952315328}.Unicode Debug|x64.Build.0 = Unicode Debug|x64
		{87228423-9634-9344-5862-622952315328}.Unicode Release|Win32.ActiveCfg = Unicode Release|Win32
		{87228423-9634-9344-5862-622952315328}.Unicode Release|Win32.Build.0 = Unicode Release|Win32
		{87228423-9634-9344-5862-622952315328}.Unicode Release|x64.ActiveCfg = Unicode Release|x64
		{87228423-9634-9344-5862-622952315328}.Unicode Release|x64.Build.0 = Unicode Release|x64
		{53526838-7382-3931-3935-126677447167}.Debug|Win32.ActiveCfg = Debug|Win32
		{53526838-7382-3931-3935-126677447167}.Debug|Win32.Build.0 = Debug|Win32
		{53526838-7382-3931-3935-126677447167}.Debug|x64.ActiveCfg = Debug|x64
		{53526838-7382-3931-3935-126677447167}.Debug|x64.Build.0 = Debug|x64
		{53526838-7382-3931-3935-126677447167}.Release|Win32.ActiveCfg = Release|Win32
		{53526838-7382-3931-3935-126677447167}.Release|Win32.Build.0 = Release|Win32
		{53526838-7382-3931-3935-126677447167}.Release|x64.ActiveCfg = Release|x64
		{53526838-7382-3931-3935-126677447167}.Release|x64.Build.0 = Release|x64
		{53526838-7382-3931-3935-126677447167}.Unicode Debug|Win32.ActiveCfg = Unicode Debug|Win32
		{53526838-7382-3931-3935-126677447167}.Unicode Debug|Win32.Build.0 = Unicode Debug|Win32
		{53526838-7382-3931-3935-126677447167}.Unicode Debug|x64.ActiveCfg = Unicode Debug|x64
		{53526838-7382-3931-3935-126677447167}.Unicode Debug|x64.Build.0 = Unicode Debug|x64
		{53526838-7382-3931-3935-126677447167}.Unicode Release|Win32.ActiveCfg = Unicode Release|Win32
		{53526838-7382-3931-3935-126677447167}.Unicode Release|Win32.Build.0 = Unicode Release|Win32
		{53526838-7382-3931-3935-126677447167}.Unicode Release|x64.ActiveCfg = Unicode Release|x64
		{53526838-7382-3931-3935-126677447167}.Unicode Release|x64.Build.0 = Unicode Release|x64
		{25379248-5433-1137-6932-812685332519}.Debug|Win32.ActiveCfg = Debug|Win32
		{25379248-5433-1137-6932-812685332519}.Debug|Win32.Build.0 = Debug|Win32
		{25379248-5433-1137-6932-812685332519}.Debug|x64.ActiveCfg = Debug|x64
		{25379248-5433-1137-6932-812685332519}.Debug|x64.Build.0 = Debug|x64
		{25379248-5433-1137-6932-812685332519}.Release|Win32.ActiveCfg = Release|Win32
		{25379248-5433-1137-6932-812685332519}.Release|Win32.Build.0 = Release|Win32
		{25379248-5433-1137-6932-812685332519}.Release|x64.ActiveCfg = Release|x64
		{25379248-5433-1137-6932-812685332519}.Release|x64.Build.0 = Release|x64
		{25379248-5433-1137-6932-812685332519}.Unicode Debug|Win32.ActiveCfg = Unicode Debug|Win32
		{25379248-5433-1137-6932-812685332519}.Unicode Debug|Win32.Build.0 = Unicode Debug|Win32
		{25379248-5433-1137-6932-812685332519}.Unicode Debug|x64.ActiveCfg = Unicode Debug|x64
		{25379248-5433-1137-6932-812685332519}.Unicode Debug|x64.Build.0 = Unicode Debug|x64
		{25379248-5433-1137-6932-812685332519}.Unicode Release|Win32.ActiveCfg = Unicode Release|Win32
		{25379248-5433-1137-6932-812685332519}.Unicode Release|Win32.Build.0 = Unicode Release|Win32
		{25379248-5433-1137-6932-812685332519}.Unicode Release|x64.ActiveCfg = Unicode Release|x64
		{25379248-5433-1137-6932-812685332519}.Unicode Release|x64.Build.0 = Unicode Release|x64
		{29525232-3987-3727-1351-764665828861}.Debug|Win32.ActiveCfg = Debug|Win32
		{29525232-3987-3727-1351-764665828861}.Debug|Win32.Build.0 = Debug|Win32
		{29525232-3987-3727-1351-764665828861}.Debug|x64.ActiveCfg = Debug|x64
		{29525232-3987-3727-1351-764665828861}.Debug|x64.Build.0 = Debug|x64
		{29525232-3987-3727-1351-764665828861}.Release|Win32.ActiveCfg = Release|Win32
		{29525232-3987-3727-1351-764665828861}.Release|Win32.Build.0 = Release|Win32
		{29525232-3987-3727-1351-764665828861}.Release|x64.ActiveCfg = Release|x64
		{29525232-3987-3727-1351-764665828861}.Release|x64.Build.0 = Release|x64
		{29525232-3987-3727-1351-764665828861}.Unicode Debug|Win32.ActiveCfg = Unicode Debug|Win32
		{29525232-3987-3727-1351-764665828861}.Unicode Debug|Win32.Build.0 = Unicode Debug|Win32
		{29525232-3987-3727-1351-764665828861}.Unicode Debug|x64.ActiveCfg = Unicode Debug|x64
		{29525232-3987-3727-1351-764665828861}.Unicode Debug|x64.Build.0 = Unicode Debug|x64
		{29525232-3987-3727-1351-764665828861}.Unicode Release|Win32.ActiveCfg = Unicode Release|Win32
		{29525232-3987-3727-1351-764665828861}.Unicode Release|Win32.Build.0 = Unicode Release|Win32
		{29525232-3987-3727-1351-764665828861}.Unicode Release|x64.ActiveCfg = Unicode Release|x64
		{29525232-3987-3727-1351-764665828861}.Unicode Release|x64.Build.0 = Unicode Release|x64
		{77567613-9252-3923-3591-968229228926}.Debug|Win32.ActiveCfg = Debug|Win32
		{77567613-9252-3923-3591-968229228926}.Debug|Win32.Build.0 = Debug|Win32
		{77567613-9252-3923-3591-968229228926}.Debug|x64.ActiveCfg = Debug|x64
		{77567613-9252-3923-3591-968229228926}.Debug|x64.Build.0 = Debug|x64
		{77567613-9252-3923-3591-968229228926}.Release|Win32.ActiveCfg = Release|Win32
		{77567613-9252-3923-3591-968229228926}.Release|Win32.Build.0 = Release|Win32
		{77567613-9252-3923-3591-968229228926}.Release|x64.ActiveCfg = Release|x64
		{77567613-9252-3923-3591-968229228926}.Release|x64.Build.0 = Release|x64
		{77567613-9252-3923-3591-968229228926}.Unicode Debug|Win32.ActiveCfg = Unicode Debug|Win32
		{77567613-9252-3923-3591-968229228926}.Unicode Debug|Win32.Build.0 = Unicode Debug|Win32
		{77567613-9252-3923-3591-968229228926}.Unicode Debug|x64.ActiveCfg = Unicode Debug|x64
		{77567613-9252-3923-3591-968229228926}.Unicode Debug|x64.Build.0 = Unicode Debug|x64
		{77567613-9252-3923-3591-968229228926}.Unicode Release|Win32.ActiveCfg = Unicode Release|Win32
		{77567613-9252-3923-3591-968229228926}.Unicode Release|Win32.Build.0 = Unicode Release|Win32
		{77567613-9252-3923-3591-968229228926}.Unicode Release|x64.ActiveCfg = Unicode Release|x64
		{77567613-9252-3923-3591-968229228926}.Unicode Release|x64.Build.0 = Unicode Release|x64
		{19748372-7811-5516-4175-487255471668}.Debug|Win32.ActiveCfg = Debug|Win32
		{19748372-7811-5516-4175-487255471668}.Debug|Win32.Build.0 = Debug|Win32
		{19748372-7811-5516-4175-487255471668}.Debug|x64.ActiveCfg = Debug|x64
		{19748372-7811-5516-4175-487255471668}.Debug|x64.Build.0 = Debug|x64
		{19748372-7811-5516-4175-487255471668}.Release|Win32.ActiveCfg = Release|Win32
		{19748372-7811-5516-4175-487255471668}.Release|Win32.Build.0 = Release|Win32
		{19748372-7811-5516-4175-487255471668}.Release|x64.ActiveCfg = Release|x64
		{19748372-7811-5516-4175-487255471668}.Release|x64.Build.0 = Release|x64
		{19748372-7811-5516-4175-487255471668}.Unicode Debug|Win32.ActiveCfg = Unicode Debug|Win32
		{19748372-7811-5516-4175-487255471668}.Unicode Debug|Win32.Build.0 = Unicode Debug|Win32
		{19748372-7811-5516-4175-487255471668}.Unicode Debug|x64.ActiveCfg = Unicode Debug|x64
		{19748372-7811-5516-4175-487255471668}.Unicode Debug|x64.Build.0 = Unicode Debug|x64
		{19748372-7811-5516-4175-487255471668}.Unicode Release|Win32.ActiveCfg = Unicode Release|Win32
		{19748372-7811-5516-4175-487255471668}.Unicode Release|Win32.Build.0 = Unicode Release|Win32
		{19748372-7811-5516-4175-487255471668}.Unicode Release|x64.ActiveCfg = Unicode Release|x64
		{19748372-7811-5516-4175-487255471668}.Unicode Release|x64.Build.0 = Unicode Release|x64
		{96628339-5961-4716-4561-148953235316}.Debug|Win32.ActiveCfg = Debug|Win32
		{96628339-5961-4716-4561-148953235316}.Debug|Win32.Build.0 = Debug|Win32
		{96628339-5961-4716-4561-148953235316}.Debug|x64.ActiveCfg = Debug|x64
		{96628339-5961-4716-4561-148953235316}.Debug|x64.Build.0 = Debug|x64
		{96628339-5961-4716-4561-148953235316}.Release|Win32.ActiveCfg = Release|Win32
		{96628339-5961-4716-4561-148953235316}.Release|Win32.Build.0 = Release|Win32
		{96628339-5961-4716-4561-148953235316}.Release|x64.ActiveCfg = Release|x64
		{96628339-5961-4716-4561-148953235316}.Release|x64.Build.0 = Release|x64
		{96628339-5961-4716-4561-148953235316}.Unicode Debug|Win32.ActiveCfg = Unicode Debug|Win32
		{96628339-5961-4716-4561-148953235316}.Unicode Debug|Win32.Build.0 = Unicode Debug|Win32
		{96628339-5961-4716-4561-148953235316}.Unicode Debug|x64.ActiveCfg = Unicode Debug|x64
		{96628339-5961-4716-4561-148953235316}.Unicode Debug|x64.Build.0 = Unicode Debug|x64
		{96628339-5961-4716-4561-148953235316}.Unicode Release|Win32.ActiveCfg = Unicode Release|Win32
		{96628339-5961-4716-4561-148953235316}.Unicode Release|Win32.Build.0 = Unicode Release|Win32
		{96628339-5961-4716-4561-148953235316}.Unicode Release|x64.ActiveCfg = Unicode Release|x64
		{96628339-5961-4716-4561-148953235316}.Unicode Release|x64.Build.0 = Unicode Release|x64
		{99963322-3625-7396-8889-191834832567}.Debug|Win32.ActiveCfg = Debug|Win32
		{99963322-3625-7396-8889-191834832567}.Debug|Win32.Build.0 = Debug|Win32
		{99963322-3625-7396-8889-191834832567}.Debug|x64.ActiveCfg = Debug|x64
		{99963322-3625-7396-8889-191834832567}.Debug|x64.Build.0 = Debug|x64
		{99963322-3625-7396-8889-191834832567}.Release|Win32.ActiveCfg = Release|Win32
		{99963322-3625-7396-8889-191834832567}.Release|Win32.Build.0 = Release|Win32
		{99963322-3625-7396-8889-191834832567}.Release|x64.ActiveCfg = Release|x64
		{99963322-3625-7396-8889-191834832567}.Release|x64.Build.0 = Release|x64
		{99963322-3625-7396-8889-191834832567}.Unicode Debug|Win32.ActiveCfg = Unicode Debug|Win32
		{99963322-3625-7396-8889-191834832567}.Unicode Debug|Win32.Build.0 = Unicode Debug|Win32
		{99963322-3625-7396-8889-191834832567}.Unicode Debug|x64.ActiveCfg = Unicode Debug|x64
		{99963322-3625-7396-8889-191834832567}.Unicode Debug|x64.Build.0 = Unicode Debug|x64
		{99963322-3625-7396-8889-191834832567}.Unicode Release|Win32.ActiveCfg = Unicode Release|Win32
		{99963322-3625-7396-8889-191834832567}.Unicode Release|Win32.Build.0 = Unicode Release|Win32
		{99963322-3625-7396-8889-191834832567}.Unicode Release|x64.ActiveCfg = Unicode Release|x64
		{99963322-3625-7396-8889-191834832567}.Unicode Release|x64.Build.0 = Unicode Release|x64
		{58915713-9879-7581-1138-315487222623}.Debug|Win32.ActiveCfg = Debug|Win32
		{58915713-9879-7581-1138-315487222623}.Debug|Win32.Build.0 = Debug|Win32
		{58915713-9879-7581-1138-315487222623}.Debug|x64.ActiveCfg = Debug|x64
		{58915713-9879-7581-1138-315487222623}.Debug|x64.Build.0 = Debug|x64
		{58915713-9879-7581-1138-315487222623}.Release|Win32.ActiveCfg = Release|Win32
		{58915713-9879-7581-1138-315487222623}.Release|Win32.Build.0 = Release|Win32
		{58915713-9879-7581-1138-315487222623}.Release|x64.ActiveCfg = Release|x64
		{58915713-9879-7581-1138-315487222623}.Release|x64.Build.0 = Release|x64
		{58915713-9879-7581-1138-315487222623}.Unicode Debug|Win32.ActiveCfg = Unicode Debug|Win32
		{58915713-9879-7581-1138-315487222623}.Unicode Debug|Win32.Build.0 = Unicode Debug|Win32
		{58915713-9879-7581-1138-315487222623}.Unicode Debug|x64.ActiveCfg = Unicode Debug|x64
		{58915713-9879-7581-1138-315487222623}.Unicode Debug|x64.Build.0 = Unicode Debug|x64
		{58915713-9879-7581-1138-315487222623}.Unicode Release|Win32.ActiveCfg = Unicode Release|Win32
		{58915713-9879-7581-1138-315487222623}.Unicode Release|Win32.Build.0 = Unicode Release|Win32
		{58915713-9879-7581-1138-315487222623}.Unicode Release|x64.ActiveCfg = Unicode Release|x64
		{58915713-9879-7581-1138-315487222623}.Unicode Release|x64.Build.0 = Unicode Release|x64
		{89286462-7438-8285-2693-724423384466}.Debug|Win32.ActiveCfg = Debug|Win32
		{89286462-7438-8285-2693-724423384466}.Debug|Win32.Build.0 = Debug|Win32
		{89286462-7438-8285-2693-724423384466}.Debug|x64.ActiveCfg = Debug|x64
		{89286462-7438-8285-2693-724423384466}.Debug|x64.Build.0 = Debug|x64
		{89286462-7438-8285-2693-724423384466}.Release|Win32.ActiveCfg = Release|Win32
		{89286462-7438-8285-2693-724423384466}.Release|Win32.Build.0 = Release|Win32
		{89286462-7438-8285-2693-724423384466}.Release|x64.ActiveCfg = Release|x64
		{89286462-7438-8285-2693-724423384466}.Release|x64.Build.0 = Release|x64
		{89286462-7438-8285-2693-724423384466}.Unicode Debug|Win32.ActiveCfg = Unicode Debug|Win32
		{89286462-7438-8285-2693-724423384466}.Unicode Debug|Win32.Build.0 = Unicode Debug|Win32
		{89286462-7438-8285-2693-724423384466}.Unicode Debug|x64.ActiveCfg = Unicode Debug|x64
		{89286462-7438-8285-2693-724423384466}.Unicode Debug|x64.Build.0 = Unicode Debug|x64
		{89286462-7438-8285-2693-724423384466}.Unicode Release|Win32.ActiveCfg = Unicode Release|Win32
		{89286462-7438-8285-2693-724423384466}.Unicode Release|Win32.Build.0 = Unicode Release|Win32
		{89286462-7438-8285-2693-724423384466}.Unicode Release|x64.ActiveCfg = Unicode Release|x64
		{89286462-7438-8285-2693-724423384466}.Unicode Release|x64.Build.0 = Unicode Release|x64
		{86176539-5689-8374-2198-485222138914}.Debug|Win32.ActiveCfg = Debug|Win32
		{86176539-5689-8374-2198-485222138914}.Debug|Win32.Build.0 = Debug|Win32
		{86176539-5689-8374-2198-485222138914}.Debug|x64.ActiveCfg = Debug|x64
		{86176539-5689-8374-2198-485222138914}.Debug|x64.Build.0 = Debug|x64
		{86176539-5689-8374-2198-485222138914}.Release|Win32.ActiveCfg = Release|Win32
		{86176539-5689-8374-2198-485222138914}.Release|Win32.Build.0 = Release|Win32
		{86176539-5689-8374-2198-485222138914}.Release|x64.ActiveCfg = Release|x64
		{86176539-5689-8374-2198-485222138914}.Release|x64.Build.0 = Release|x64
		{86176539-5689-8374-2198-485222138914}.Unicode Debug|Win32.ActiveCfg = Unicode Debug|Win32
		{86176539-5689-8374-2198-485222138914}.Unicode Debug|Win32.Build.0 = Unicode Debug|Win32
		{86176539-5689-8374-2198-485222138914}.Unicode Debug|x64.ActiveCfg = Unicode Debug|x64
		{86176539-5689-8374-2198-485222138914}.Unicode Debug|x64.Build.0 = Unicode Debug|x64
		{86176539-5689-8374-2198-485222138914}.Unicode Release|Win32.ActiveCfg = Unicode Release|Win32
		{86176539-5689-8374-2198-485222138914}.Unicode Release|Win32.Build.0 = Unicode Release|Win32
		{86176539-5689-8374-2198-485222138914}.Unicode Release|x64.ActiveCfg = Unicode Release|x64
		{86176539-5689-8374-2198-485222138914}.Unicode Release|x64.Build.0 = Unicode Release|x64
		{89311512-3343-1974-6427-447112735265}.Debug|Win32.ActiveCfg = Debug|Win32
		{89311512-3343-1974-6427-447112735265}.Debug|Win32.Build.0 = Debug|Win32
		{89311512-3343-1974-6427-447112735265}.Debug|x64.ActiveCfg = Debug|x64
		{89311512-3343-1974-6427-447112735265}.Debug|x64.Build.0 = Debug|x64
		{89311512-3343-1974-6427-447112735265}.Release|Win32.ActiveCfg = Release|Win32
		{89311512-3343-1974-6427-447112735265}.Release|Win32.Build.0 = Release|Win32
		{89311512-3343-1974-6427-447112735265}.Release|x64.ActiveCfg = Release|x64
		{89311512-3343-1974-6427-447112735265}.Release|x64.Build.0 = Release|x64
		{89311512-3343-1974-6427-447112735265}.Unicode Debug|Win32.ActiveCfg = Unicode Debug|Win32
		{89311512-3343-1974-6427-447112735265}.Unicode Debug|Win32.Build.0 = Unicode Debug|Win32
		{89311512-3343-1974-6427-447112735265}.Unicode Debug|x64.ActiveCfg = Unicode Debug|x64
		{89311512-3343-1974-6427-447112735265}.Unicode Debug|x64.Build.0 = Unicode Debug|x64
		{89311512-3343-1974-6427-447112735265}.Unicode Release|Win32.ActiveCfg = Unicode Release|Win32
		{89311512-3343-1974-6427-447112735265}.Unicode Release|Win32.Build.0 = Unicode Release|Win32
		{89311512-3343-1974-6427-447112735265}.Unicode Release|x64.ActiveCfg = Unicode Release|x64
		{89311512-3343-1974-6427-447112735265}.Unicode Release|x64.Build.0 = Unicode Release|x64
		{14237256-1498-9167-3268-676965155215}.Debug|Win32.ActiveCfg = Debug|Win32
		{14237256-1498-9167-3268-676965155215}.Debug|Win32.Build.0 = Debug|Win32
		{14237256-1498-9167-3268-676965155215}.Debug|x64.ActiveCfg = Debug|x64
		{14237256-1498-9167-3268-676965155215}.Debug|x64.Build.0 = Debug|x64
		{14237256-1498-9167-3268-676965155215}.Release|Win32.ActiveCfg = Release|Win32
		{14237256-1498-9167-3268-676965155215}.Release|Win32.Build.0 = Release|Win32
		{14237256-1498-9167-3268-676965155215}.Release|x64.ActiveCfg = Release|x64
		{14237256-1498-9167-3268-676965155215}.Release|x64.Build.0 = Release|x64
		{14237256-1498-9167-3268-676965155215}.Unicode Debug|Win32.ActiveCfg = Unicode Debug|Win32
		{14237256-1498-9167-3268-676965155215}.Unicode Debug|Win32.Build.0 = Unicode Debug|Win32
		{14237256-1498-9167-3268-676965155215}.Unicode Debug|x64.ActiveCfg = Unicode Debug|x64
		{14237256-1498-9167-3268-676965155215}.Unicode Debug|x64.Build.0 = Unicode Debug|x64
		{14237256-1498-9167-3268-676965155215}.Unicode Release|Win32.ActiveCfg = Unicode Release|Win32
		{14237256-1498-9167-3268-676965155215}.Unicode Release|Win32.Build.0 = Unicode Release|Win32
		{14237256-1498-9167-3268-676965155215}.Unicode Release|x64.ActiveCfg = Unicode Release|x64
		{14237256-1498-9167-3268-676965155215}.Unicode Release|x64.Build.0 = Unicode Release|x64
		{37896147-6364-6957-4327-922182137375}.Debug|Win32.ActiveCfg = Debug|Win32
		{37896147-6364-6957-4327-922182137375}.Debug|Win32.Build.0 = Debug|Win32
		{37896147-6364-6957-4327-922182137375}.Debug|x64.ActiveCfg = Debug|x64
		{37896147-6364-6957-4327-922182137375}.Debug|x64.Build.0 = Debug|x64
		{37896147-6364-6957-4327-922182137375}.Release|Win32.ActiveCfg = Release|Win32
		{37896147-6364-6957-4327-922182137375}.Release|Win32.Build.0 = Release|Win32
		{37896147-6364-6957-4327-922182137375}.Release|x64.ActiveCfg = Release|x64
		{37896147-6364-6957-4327-922182137375}.Release|x64.Build.0 = Release|x64
		{37896147-6364-6957-4327-922182137375}.Unicode Debug|Win32.ActiveCfg = Unicode Debug|Win32
		{37896147-6364-6957-4327-922182137375}.Unicode Debug|Win32.Build.0 = Unicode Debug|Win32
		{37896147-6364-6957-4327-922182137375}.Unicode Debug|x64.ActiveCfg = Unicode Debug|x64
		{37896147-6364-6957-4327-922182137375}.Unicode Debug|x64.Build.0 = Unicode Debug|x64
		{37896147-6364-6957-4327-922182137375}.Unicode Release|Win32.ActiveCfg = Unicode Release|Win32
		{37896147-6364-6957-4327-922182137375}.Unicode Release|Win32.Build.0 = Unicode Release|Win32
		{37896147-6364-6957-4327-922182137375}.Unicode Release|x64.ActiveCfg = Unicode Release|x64
		{37896147-6364-6957-4327-922182137375}.Unicode Release|x64.Build.0 = Unicode Release|x64
		{24775115-4425-5257-3713-783781982833}.Debug|Win32.ActiveCfg = Debug|Win32
		{24775115-4425-5257-3713-783781982833}.Debug|Win32.Build.0 = Debug|Win32
		{24775115-4425-5257-3713-783781982833}.Debug|x64.ActiveCfg = Debug|x64
		{24775115-4425-5257-3713-783781982833}.Debug|x64.Build.0 = Debug|x64
		{24775115-4425-5257-3713-783781982833}.Release|Win32.ActiveCfg = Release|Win32
		{24775115-4425-5257-3713-783781982833}.Release|Win32.Build.0 = Release|Win32
		{24775115-4425-5257-3713-783781982833}.Release|x64.ActiveCfg = Release|x64
		{24775115-4425-5257-3713-783781982833}.Release|x64.Build.0 = Release|x64
		{24775115-4425-5257-3713-783781982833}.Unicode Debug|Win32.ActiveCfg = Unicode Debug|Win32
		{24775115-4425-5257-3713-783781982833}.Unicode Debug|Win32.Build.0 = Unicode Debug|Win32
		{24775115-4425-5257-3713-783781982833}.Unicode Debug|x64.ActiveCfg = Unicode Debug|x64
		{24775115-4425-5257-3713-783781982833}.Unicode Debug|x64.Build.0 = Unicode Debug|x64
		{24775115-4425-5257-3713-783781982833}.Unicode Release|Win32.ActiveCfg = Unicode Release|Win32
		{24775115-4425-5257-3713-783781982833}.Unicode Release|Win32.Build.0 = Unicode Release|Win32
		{24775115-4425-5257-3713-783781982833}.Unicode Release|x64.ActiveCfg = Unicode Release|x64
		{24775115-4425-5257-3713-783781982833}.Unicode Release|x64.Build.0 = Unicode Release|x64
	EndGlobalSection
	GlobalSection(SolutionProperties) = preSolution
		HideSolutionNode = FALSE
	EndGlobalSection
EndGlobal
