Microsoft Visual Studio Solution File, Format Version 14.00
# Visual Studio 2015
VisualStudioVersion = 12.0.31101.0
MinimumVisualStudioVersion = 10.0.40219.1
Project("{8BC9CEB8-8B4A-11D0-8D11-00A0C91BC942}") = "ActionsSample", "..\..\Samples\CommandBars\ActionsSample\ActionsSample_vc140.vcxproj", "{29417911-7228-6418-1465-795445998615}"
EndProject
Project("{8BC9CEB8-8B4A-11D0-8D11-00A0C91BC942}") = "CommandBarIcons", "..\..\Samples\CommandBars\CommandBarIcons\CommandBarIcons_vc140.vcxproj", "{44234655-5374-5512-7116-924398317755}"
EndProject
Project("{8BC9CEB8-8B4A-11D0-8D11-00A0C91BC942}") = "CommonControls", "..\..\Samples\CommandBars\CommonControls\CommonControls_vc140.vcxproj", "{19532151-3943-8297-5289-428134459514}"
EndProject
Project("{8BC9CEB8-8B4A-11D0-8D11-00A0C91BC942}") = "CustomThemes", "..\..\Samples\CommandBars\CustomThemes\CustomThemes_vc140.vcxproj", "{96421128-9293-7496-4674-189733314162}"
EndProject
Project("{8BC9CEB8-8B4A-11D0-8D11-00A0C91BC942}") = "CustomizeDlg", "..\..\Samples\CommandBars\CustomizeDlg\CustomizeDlg_vc140.vcxproj", "{99755192-7856-1186-8993-142614892412}"
EndProject
Project("{8BC9CEB8-8B4A-11D0-8D11-00A0C91BC942}") = "DesignerSample", "..\..\Samples\CommandBars\DesignerSample\DesignerSample_vc140.vcxproj", "{34572845-5913-8289-5644-361566321452}"
EndProject
Project("{8BC9CEB8-8B4A-11D0-8D11-00A0C91BC942}") = "DialogSample", "..\..\Samples\CommandBars\DialogSample\DialogSample_vc140.vcxproj", "{89979242-3661-2876-3717-765393453211}"
EndProject
Project("{8BC9CEB8-8B4A-11D0-8D11-00A0C91BC942}") = "DynamicPopups", "..\..\Samples\CommandBars\DynamicPopups\DynamicPopups_vc140.vcxproj", "{86868319-9821-1175-2213-426991217768}"
EndProject
Project("{8BC9CEB8-8B4A-11D0-8D11-00A0C91BC942}") = "GUI_Gnome", "..\..\Samples\UserInterface\GUI_Gnome\GUI_Gnome_vc140.vcxproj", "{89193382-7574-4665-6532-488882814119}"
EndProject
Project("{8BC9CEB8-8B4A-11D0-8D11-00A0C91BC942}") = "GUI_MsMoney", "..\..\Samples\UserInterface\GUI_MsMoney\GUI_MsMoney_vc140.vcxproj", "{15929936-5631-2858-3372-517745224159}"
EndProject
Project("{8BC9CEB8-8B4A-11D0-8D11-00A0C91BC942}") = "GUI_OneNote", "..\..\Samples\UserInterface\GUI_OneNote\GUI_OneNote_vc140.vcxproj", "{71337442-3388-6554-1345-992561366818}"
EndProject
Project("{8BC9CEB8-8B4A-11D0-8D11-00A0C91BC942}") = "GUI_WinZip", "..\..\Samples\UserInterface\GUI_WinZip\GUI_WinZip_vc140.vcxproj", "{66216499-9548-5643-9831-763279211566}"
EndProject
Project("{8BC9CEB8-8B4A-11D0-8D11-00A0C91BC942}") = "GallerySample", "..\..\Samples\CommandBars\GallerySample\GallerySample_vc140.vcxproj", "{61552482-7193-7343-4269-625159717717}"
EndProject
Project("{8BC9CEB8-8B4A-11D0-8D11-00A0C91BC942}") = "HelpContext", "..\..\Samples\CommandBars\HelpContext\HelpContext_vc140.vcxproj", "{95367226-5258-6436-1811-854913237756}"
EndProject
Project("{8BC9CEB8-8B4A-11D0-8D11-00A0C91BC942}") = "IntelligentMenus", "..\..\Samples\CommandBars\IntelligentMenus\IntelligentMenus_vc140.vcxproj", "{51775533-3916-9132-8973-348738269615}"
EndProject
Project("{8BC9CEB8-8B4A-11D0-8D11-00A0C91BC942}") = "ListBoxSample", "..\..\Samples\CommandBars\ListBoxSample\ListBoxSample_vc140.vcxproj", "{57654681-9177-8322-8468-119447124263}"
EndProject
Project("{8BC9CEB8-8B4A-11D0-8D11-00A0C91BC942}") = "MDIMenus", "..\..\Samples\CommandBars\MDIMenus\MDIMenus_vc140.vcxproj", "{11616925-1678-8814-9739-746284264583}"
EndProject
Project("{8BC9CEB8-8B4A-11D0-8D11-00A0C91BC942}") = "MSDI", "..\..\Samples\CommandBars\MSDI\MSDI_vc140.vcxproj", "{46433669-8834-6997-5571-975147574543}"
EndProject
Project("{8BC9CEB8-8B4A-11D0-8D11-00A0C91BC942}") = "Notifications", "..\..\Samples\CommandBars\Notifications\Notifications_vc140.vcxproj", "{12831965-5582-9693-3644-469864615382}"
EndProject
Project("{8BC9CEB8-8B4A-11D0-8D11-00A0C91BC942}") = "ReBarSample", "..\..\Samples\CommandBars\ReBarSample\ReBarSample_vc140.vcxproj", "{98729133-3643-8882-3139-132562461949}"
EndProject
Project("{8BC9CEB8-8B4A-11D0-8D11-00A0C91BC942}") = "RibbonMDISample", "..\..\Samples\Ribbon\RibbonMDISample\RibbonMDISample_vc140.vcxproj", "{92954116-1396-2582-7458-183453167281}"
EndProject
Project("{8BC9CEB8-8B4A-11D0-8D11-00A0C91BC942}") = "RibbonSample", "..\..\Samples\Ribbon\RibbonSample\RibbonSample_vc140.vcxproj", "{36871759-8452-9675-3119-322316486249}"
EndProject
Project("{8BC9CEB8-8B4A-11D0-8D11-00A0C91BC942}") = "Scribble", "..\..\Samples\CommandBars\ScribbleMultiLang\scribble_vc140.vcxproj", "{82278256-5111-4362-2272-716132528988}"
EndProject
Project("{8BC9CEB8-8B4A-11D0-8D11-00A0C91BC942}") = "SmartLayout", "..\..\Samples\CommandBars\SmartLayout\SmartLayout_vc140.vcxproj", "{54932576-4262-1468-4278-493149493531}"
EndProject
Project("{8BC9CEB8-8B4A-11D0-8D11-00A0C91BC942}") = "StatusBar", "..\..\Samples\CommandBars\StatusBar\StatusBar_vc140.vcxproj", "{72492316-1924-6151-5986-339621161887}"
EndProject
Project("{8BC9CEB8-8B4A-11D0-8D11-00A0C91BC942}") = "TabbedToolbar", "..\..\Samples\CommandBars\TabbedToolbar\TabbedToolbar_vc140.vcxproj", "{16228941-8171-4353-2637-558574489847}"
EndProject
Project("{8BC9CEB8-8B4A-11D0-8D11-00A0C91BC942}") = "TearOffPopups", "..\..\Samples\CommandBars\TearOffPopups\TearOffPopups_vc140.vcxproj", "{72526356-5738-7949-9719-953319522786}"
EndProject
Project("{8BC9CEB8-8B4A-11D0-8D11-00A0C91BC942}") = "ToolTipContext", "..\..\Samples\CommandBars\ToolTipContext\ToolTipContext_vc140.vcxproj", "{44379667-4889-5946-2717-748317496238}"
EndProject
Project("{8BC9CEB8-8B4A-11D0-8D11-00A0C91BC942}") = "WordPad", "..\..\Samples\UserInterface\GUI_Office11\wordpad_vc140.vcxproj", "{62749496-1552-9738-3524-676889974585}"
EndProject
Project("{8BC9CEB8-8B4A-11D0-8D11-00A0C91BC942}") = "SkinControls", "..\..\Samples\SkinFramework\SkinControls\SkinControls_vc140.vcxproj", "{86666231-8718-7832-9365-895742383644}"
EndProject
Project("{8BC9CEB8-8B4A-11D0-8D11-00A0C91BC942}") = "SkinMDISample", "..\..\Samples\SkinFramework\SkinMDISample\SkinMDISample_vc140.vcxproj", "{52964547-5466-2527-7438-399578435483}"
EndProject
Project("{8BC9CEB8-8B4A-11D0-8D11-00A0C91BC942}") = "SkinSDISample", "..\..\Samples\SkinFramework\SkinSDISample\SkinSDISample_vc140.vcxproj", "{25727857-3517-8615-9335-185576319845}"
EndProject
Global
	GlobalSection(SolutionConfigurationPlatforms) = preSolution
		Debug|Win32 = Debug|Win32
		Debug|x64 = Debug|x64
		Release|Win32 = Release|Win32
		Release|x64 = Release|x64
		Unicode Debug|Win32 = Unicode Debug|Win32
		Unicode Debug|x64 = Unicode Debug|x64
		Unicode Release|Win32 = Unicode Release|Win32
		Unicode Release|x64 = Unicode Release|x64
	EndGlobalSection
	GlobalSection(ProjectConfigurationPlatforms) = postSolution
		{29417911-7228-6418-1465-795445998615}.Debug|Win32.ActiveCfg = Debug|Win32
		{29417911-7228-6418-1465-795445998615}.Debug|Win32.Build.0 = Debug|Win32
		{29417911-7228-6418-1465-795445998615}.Debug|x64.ActiveCfg = Debug|x64
		{29417911-7228-6418-1465-795445998615}.Debug|x64.Build.0 = Debug|x64
		{29417911-7228-6418-1465-795445998615}.Release|Win32.ActiveCfg = Release|Win32
		{29417911-7228-6418-1465-795445998615}.Release|Win32.Build.0 = Release|Win32
		{29417911-7228-6418-1465-795445998615}.Release|x64.ActiveCfg = Release|x64
		{29417911-7228-6418-1465-795445998615}.Release|x64.Build.0 = Release|x64
		{29417911-7228-6418-1465-795445998615}.Unicode Debug|Win32.ActiveCfg = Unicode Debug|Win32
		{29417911-7228-6418-1465-795445998615}.Unicode Debug|Win32.Build.0 = Unicode Debug|Win32
		{29417911-7228-6418-1465-795445998615}.Unicode Debug|x64.ActiveCfg = Unicode Debug|x64
		{29417911-7228-6418-1465-795445998615}.Unicode Debug|x64.Build.0 = Unicode Debug|x64
		{29417911-7228-6418-1465-795445998615}.Unicode Release|Win32.ActiveCfg = Unicode Release|Win32
		{29417911-7228-6418-1465-795445998615}.Unicode Release|Win32.Build.0 = Unicode Release|Win32
		{29417911-7228-6418-1465-795445998615}.Unicode Release|x64.ActiveCfg = Unicode Release|x64
		{29417911-7228-6418-1465-795445998615}.Unicode Release|x64.Build.0 = Unicode Release|x64
		{44234655-5374-5512-7116-924398317755}.Debug|Win32.ActiveCfg = Debug|Win32
		{44234655-5374-5512-7116-924398317755}.Debug|Win32.Build.0 = Debug|Win32
		{44234655-5374-5512-7116-924398317755}.Debug|x64.ActiveCfg = Debug|x64
		{44234655-5374-5512-7116-924398317755}.Debug|x64.Build.0 = Debug|x64
		{44234655-5374-5512-7116-924398317755}.Release|Win32.ActiveCfg = Release|Win32
		{44234655-5374-5512-7116-924398317755}.Release|Win32.Build.0 = Release|Win32
		{44234655-5374-5512-7116-924398317755}.Release|x64.ActiveCfg = Release|x64
		{44234655-5374-5512-7116-924398317755}.Release|x64.Build.0 = Release|x64
		{44234655-5374-5512-7116-924398317755}.Unicode Debug|Win32.ActiveCfg = Unicode Debug|Win32
		{44234655-5374-5512-7116-924398317755}.Unicode Debug|Win32.Build.0 = Unicode Debug|Win32
		{44234655-5374-5512-7116-924398317755}.Unicode Debug|x64.ActiveCfg = Unicode Debug|x64
		{44234655-5374-5512-7116-924398317755}.Unicode Debug|x64.Build.0 = Unicode Debug|x64
		{44234655-5374-5512-7116-924398317755}.Unicode Release|Win32.ActiveCfg = Unicode Release|Win32
		{44234655-5374-5512-7116-924398317755}.Unicode Release|Win32.Build.0 = Unicode Release|Win32
		{44234655-5374-5512-7116-924398317755}.Unicode Release|x64.ActiveCfg = Unicode Release|x64
		{44234655-5374-5512-7116-924398317755}.Unicode Release|x64.Build.0 = Unicode Release|x64
		{19532151-3943-8297-5289-428134459514}.Debug|Win32.ActiveCfg = Debug|Win32
		{19532151-3943-8297-5289-428134459514}.Debug|Win32.Build.0 = Debug|Win32
		{19532151-3943-8297-5289-428134459514}.Debug|x64.ActiveCfg = Debug|x64
		{19532151-3943-8297-5289-428134459514}.Debug|x64.Build.0 = Debug|x64
		{19532151-3943-8297-5289-428134459514}.Release|Win32.ActiveCfg = Release|Win32
		{19532151-3943-8297-5289-428134459514}.Release|Win32.Build.0 = Release|Win32
		{19532151-3943-8297-5289-428134459514}.Release|x64.ActiveCfg = Release|x64
		{19532151-3943-8297-5289-428134459514}.Release|x64.Build.0 = Release|x64
		{19532151-3943-8297-5289-428134459514}.Unicode Debug|Win32.ActiveCfg = Unicode Debug|Win32
		{19532151-3943-8297-5289-428134459514}.Unicode Debug|Win32.Build.0 = Unicode Debug|Win32
		{19532151-3943-8297-5289-428134459514}.Unicode Debug|x64.ActiveCfg = Unicode Debug|x64
		{19532151-3943-8297-5289-428134459514}.Unicode Debug|x64.Build.0 = Unicode Debug|x64
		{19532151-3943-8297-5289-428134459514}.Unicode Release|Win32.ActiveCfg = Unicode Release|Win32
		{19532151-3943-8297-5289-428134459514}.Unicode Release|Win32.Build.0 = Unicode Release|Win32
		{19532151-3943-8297-5289-428134459514}.Unicode Release|x64.ActiveCfg = Unicode Release|x64
		{19532151-3943-8297-5289-428134459514}.Unicode Release|x64.Build.0 = Unicode Release|x64
		{96421128-9293-7496-4674-189733314162}.Debug|Win32.ActiveCfg = Debug|Win32
		{96421128-9293-7496-4674-189733314162}.Debug|Win32.Build.0 = Debug|Win32
		{96421128-9293-7496-4674-189733314162}.Debug|x64.ActiveCfg = Debug|x64
		{96421128-9293-7496-4674-189733314162}.Debug|x64.Build.0 = Debug|x64
		{96421128-9293-7496-4674-189733314162}.Release|Win32.ActiveCfg = Release|Win32
		{96421128-9293-7496-4674-189733314162}.Release|Win32.Build.0 = Release|Win32
		{96421128-9293-7496-4674-189733314162}.Release|x64.ActiveCfg = Release|x64
		{96421128-9293-7496-4674-189733314162}.Release|x64.Build.0 = Release|x64
		{96421128-9293-7496-4674-189733314162}.Unicode Debug|Win32.ActiveCfg = Unicode Debug|Win32
		{96421128-9293-7496-4674-189733314162}.Unicode Debug|Win32.Build.0 = Unicode Debug|Win32
		{96421128-9293-7496-4674-189733314162}.Unicode Debug|x64.ActiveCfg = Unicode Debug|x64
		{96421128-9293-7496-4674-189733314162}.Unicode Debug|x64.Build.0 = Unicode Debug|x64
		{96421128-9293-7496-4674-189733314162}.Unicode Release|Win32.ActiveCfg = Unicode Release|Win32
		{96421128-9293-7496-4674-189733314162}.Unicode Release|Win32.Build.0 = Unicode Release|Win32
		{96421128-9293-7496-4674-189733314162}.Unicode Release|x64.ActiveCfg = Unicode Release|x64
		{96421128-9293-7496-4674-189733314162}.Unicode Release|x64.Build.0 = Unicode Release|x64
		{99755192-7856-1186-8993-142614892412}.Debug|Win32.ActiveCfg = Debug|Win32
		{99755192-7856-1186-8993-142614892412}.Debug|Win32.Build.0 = Debug|Win32
		{99755192-7856-1186-8993-142614892412}.Debug|x64.ActiveCfg = Debug|x64
		{99755192-7856-1186-8993-142614892412}.Debug|x64.Build.0 = Debug|x64
		{99755192-7856-1186-8993-142614892412}.Release|Win32.ActiveCfg = Release|Win32
		{99755192-7856-1186-8993-142614892412}.Release|Win32.Build.0 = Release|Win32
		{99755192-7856-1186-8993-142614892412}.Release|x64.ActiveCfg = Release|x64
		{99755192-7856-1186-8993-142614892412}.Release|x64.Build.0 = Release|x64
		{99755192-7856-1186-8993-142614892412}.Unicode Debug|Win32.ActiveCfg = Unicode Debug|Win32
		{99755192-7856-1186-8993-142614892412}.Unicode Debug|Win32.Build.0 = Unicode Debug|Win32
		{99755192-7856-1186-8993-142614892412}.Unicode Debug|x64.ActiveCfg = Unicode Debug|x64
		{99755192-7856-1186-8993-142614892412}.Unicode Debug|x64.Build.0 = Unicode Debug|x64
		{99755192-7856-1186-8993-142614892412}.Unicode Release|Win32.ActiveCfg = Unicode Release|Win32
		{99755192-7856-1186-8993-142614892412}.Unicode Release|Win32.Build.0 = Unicode Release|Win32
		{99755192-7856-1186-8993-142614892412}.Unicode Release|x64.ActiveCfg = Unicode Release|x64
		{99755192-7856-1186-8993-142614892412}.Unicode Release|x64.Build.0 = Unicode Release|x64
		{34572845-5913-8289-5644-361566321452}.Debug|Win32.ActiveCfg = Debug|Win32
		{34572845-5913-8289-5644-361566321452}.Debug|Win32.Build.0 = Debug|Win32
		{34572845-5913-8289-5644-361566321452}.Debug|x64.ActiveCfg = Debug|x64
		{34572845-5913-8289-5644-361566321452}.Debug|x64.Build.0 = Debug|x64
		{34572845-5913-8289-5644-361566321452}.Release|Win32.ActiveCfg = Release|Win32
		{34572845-5913-8289-5644-361566321452}.Release|Win32.Build.0 = Release|Win32
		{34572845-5913-8289-5644-361566321452}.Release|x64.ActiveCfg = Release|x64
		{34572845-5913-8289-5644-361566321452}.Release|x64.Build.0 = Release|x64
		{34572845-5913-8289-5644-361566321452}.Unicode Debug|Win32.ActiveCfg = Unicode Debug|Win32
		{34572845-5913-8289-5644-361566321452}.Unicode Debug|Win32.Build.0 = Unicode Debug|Win32
		{34572845-5913-8289-5644-361566321452}.Unicode Debug|x64.ActiveCfg = Unicode Debug|x64
		{34572845-5913-8289-5644-361566321452}.Unicode Debug|x64.Build.0 = Unicode Debug|x64
		{34572845-5913-8289-5644-361566321452}.Unicode Release|Win32.ActiveCfg = Unicode Release|Win32
		{34572845-5913-8289-5644-361566321452}.Unicode Release|Win32.Build.0 = Unicode Release|Win32
		{34572845-5913-8289-5644-361566321452}.Unicode Release|x64.ActiveCfg = Unicode Release|x64
		{34572845-5913-8289-5644-361566321452}.Unicode Release|x64.Build.0 = Unicode Release|x64
		{89979242-3661-2876-3717-765393453211}.Debug|Win32.ActiveCfg = Debug|Win32
		{89979242-3661-2876-3717-765393453211}.Debug|Win32.Build.0 = Debug|Win32
		{89979242-3661-2876-3717-765393453211}.Debug|x64.ActiveCfg = Debug|x64
		{89979242-3661-2876-3717-765393453211}.Debug|x64.Build.0 = Debug|x64
		{89979242-3661-2876-3717-765393453211}.Release|Win32.ActiveCfg = Release|Win32
		{89979242-3661-2876-3717-765393453211}.Release|Win32.Build.0 = Release|Win32
		{89979242-3661-2876-3717-765393453211}.Release|x64.ActiveCfg = Release|x64
		{89979242-3661-2876-3717-765393453211}.Release|x64.Build.0 = Release|x64
		{89979242-3661-2876-3717-765393453211}.Unicode Debug|Win32.ActiveCfg = Unicode Debug|Win32
		{89979242-3661-2876-3717-765393453211}.Unicode Debug|Win32.Build.0 = Unicode Debug|Win32
		{89979242-3661-2876-3717-765393453211}.Unicode Debug|x64.ActiveCfg = Unicode Debug|x64
		{89979242-3661-2876-3717-765393453211}.Unicode Debug|x64.Build.0 = Unicode Debug|x64
		{89979242-3661-2876-3717-765393453211}.Unicode Release|Win32.ActiveCfg = Unicode Release|Win32
		{89979242-3661-2876-3717-765393453211}.Unicode Release|Win32.Build.0 = Unicode Release|Win32
		{89979242-3661-2876-3717-765393453211}.Unicode Release|x64.ActiveCfg = Unicode Release|x64
		{89979242-3661-2876-3717-765393453211}.Unicode Release|x64.Build.0 = Unicode Release|x64
		{86868319-9821-1175-2213-426991217768}.Debug|Win32.ActiveCfg = Debug|Win32
		{86868319-9821-1175-2213-426991217768}.Debug|Win32.Build.0 = Debug|Win32
		{86868319-9821-1175-2213-426991217768}.Debug|x64.ActiveCfg = Debug|x64
		{86868319-9821-1175-2213-426991217768}.Debug|x64.Build.0 = Debug|x64
		{86868319-9821-1175-2213-426991217768}.Release|Win32.ActiveCfg = Release|Win32
		{86868319-9821-1175-2213-426991217768}.Release|Win32.Build.0 = Release|Win32
		{86868319-9821-1175-2213-426991217768}.Release|x64.ActiveCfg = Release|x64
		{86868319-9821-1175-2213-426991217768}.Release|x64.Build.0 = Release|x64
		{86868319-9821-1175-2213-426991217768}.Unicode Debug|Win32.ActiveCfg = Unicode Debug|Win32
		{86868319-9821-1175-2213-426991217768}.Unicode Debug|Win32.Build.0 = Unicode Debug|Win32
		{86868319-9821-1175-2213-426991217768}.Unicode Debug|x64.ActiveCfg = Unicode Debug|x64
		{86868319-9821-1175-2213-426991217768}.Unicode Debug|x64.Build.0 = Unicode Debug|x64
		{86868319-9821-1175-2213-426991217768}.Unicode Release|Win32.ActiveCfg = Unicode Release|Win32
		{86868319-9821-1175-2213-426991217768}.Unicode Release|Win32.Build.0 = Unicode Release|Win32
		{86868319-9821-1175-2213-426991217768}.Unicode Release|x64.ActiveCfg = Unicode Release|x64
		{86868319-9821-1175-2213-426991217768}.Unicode Release|x64.Build.0 = Unicode Release|x64
		{89193382-7574-4665-6532-488882814119}.Debug|Win32.ActiveCfg = Debug|Win32
		{89193382-7574-4665-6532-488882814119}.Debug|Win32.Build.0 = Debug|Win32
		{89193382-7574-4665-6532-488882814119}.Debug|x64.ActiveCfg = Debug|x64
		{89193382-7574-4665-6532-488882814119}.Debug|x64.Build.0 = Debug|x64
		{89193382-7574-4665-6532-488882814119}.Release|Win32.ActiveCfg = Release|Win32
		{89193382-7574-4665-6532-488882814119}.Release|Win32.Build.0 = Release|Win32
		{89193382-7574-4665-6532-488882814119}.Release|x64.ActiveCfg = Release|x64
		{89193382-7574-4665-6532-488882814119}.Release|x64.Build.0 = Release|x64
		{89193382-7574-4665-6532-488882814119}.Unicode Debug|Win32.ActiveCfg = Unicode Debug|Win32
		{89193382-7574-4665-6532-488882814119}.Unicode Debug|Win32.Build.0 = Unicode Debug|Win32
		{89193382-7574-4665-6532-488882814119}.Unicode Debug|x64.ActiveCfg = Unicode Debug|x64
		{89193382-7574-4665-6532-488882814119}.Unicode Debug|x64.Build.0 = Unicode Debug|x64
		{89193382-7574-4665-6532-488882814119}.Unicode Release|Win32.ActiveCfg = Unicode Release|Win32
		{89193382-7574-4665-6532-488882814119}.Unicode Release|Win32.Build.0 = Unicode Release|Win32
		{89193382-7574-4665-6532-488882814119}.Unicode Release|x64.ActiveCfg = Unicode Release|x64
		{89193382-7574-4665-6532-488882814119}.Unicode Release|x64.Build.0 = Unicode Release|x64
		{15929936-5631-2858-3372-517745224159}.Debug|Win32.ActiveCfg = Debug|Win32
		{15929936-5631-2858-3372-517745224159}.Debug|Win32.Build.0 = Debug|Win32
		{15929936-5631-2858-3372-517745224159}.Debug|x64.ActiveCfg = Debug|x64
		{15929936-5631-2858-3372-517745224159}.Debug|x64.Build.0 = Debug|x64
		{15929936-5631-2858-3372-517745224159}.Release|Win32.ActiveCfg = Release|Win32
		{15929936-5631-2858-3372-517745224159}.Release|Win32.Build.0 = Release|Win32
		{15929936-5631-2858-3372-517745224159}.Release|x64.ActiveCfg = Release|x64
		{15929936-5631-2858-3372-517745224159}.Release|x64.Build.0 = Release|x64
		{15929936-5631-2858-3372-517745224159}.Unicode Debug|Win32.ActiveCfg = Unicode Debug|Win32
		{15929936-5631-2858-3372-517745224159}.Unicode Debug|Win32.Build.0 = Unicode Debug|Win32
		{15929936-5631-2858-3372-517745224159}.Unicode Debug|x64.ActiveCfg = Unicode Debug|x64
		{15929936-5631-2858-3372-517745224159}.Unicode Debug|x64.Build.0 = Unicode Debug|x64
		{15929936-5631-2858-3372-517745224159}.Unicode Release|Win32.ActiveCfg = Unicode Release|Win32
		{15929936-5631-2858-3372-517745224159}.Unicode Release|Win32.Build.0 = Unicode Release|Win32
		{15929936-5631-2858-3372-517745224159}.Unicode Release|x64.ActiveCfg = Unicode Release|x64
		{15929936-5631-2858-3372-517745224159}.Unicode Release|x64.Build.0 = Unicode Release|x64
		{71337442-3388-6554-1345-992561366818}.Debug|Win32.ActiveCfg = Debug|Win32
		{71337442-3388-6554-1345-992561366818}.Debug|Win32.Build.0 = Debug|Win32
		{71337442-3388-6554-1345-992561366818}.Debug|x64.ActiveCfg = Debug|x64
		{71337442-3388-6554-1345-992561366818}.Debug|x64.Build.0 = Debug|x64
		{71337442-3388-6554-1345-992561366818}.Release|Win32.ActiveCfg = Release|Win32
		{71337442-3388-6554-1345-992561366818}.Release|Win32.Build.0 = Release|Win32
		{71337442-3388-6554-1345-992561366818}.Release|x64.ActiveCfg = Release|x64
		{71337442-3388-6554-1345-992561366818}.Release|x64.Build.0 = Release|x64
		{71337442-3388-6554-1345-992561366818}.Unicode Debug|Win32.ActiveCfg = Unicode Debug|Win32
		{71337442-3388-6554-1345-992561366818}.Unicode Debug|Win32.Build.0 = Unicode Debug|Win32
		{71337442-3388-6554-1345-992561366818}.Unicode Debug|x64.ActiveCfg = Unicode Debug|x64
		{71337442-3388-6554-1345-992561366818}.Unicode Debug|x64.Build.0 = Unicode Debug|x64
		{71337442-3388-6554-1345-992561366818}.Unicode Release|Win32.ActiveCfg = Unicode Release|Win32
		{71337442-3388-6554-1345-992561366818}.Unicode Release|Win32.Build.0 = Unicode Release|Win32
		{71337442-3388-6554-1345-992561366818}.Unicode Release|x64.ActiveCfg = Unicode Release|x64
		{71337442-3388-6554-1345-992561366818}.Unicode Release|x64.Build.0 = Unicode Release|x64
		{66216499-9548-5643-9831-763279211566}.Debug|Win32.ActiveCfg = Debug|Win32
		{66216499-9548-5643-9831-763279211566}.Debug|Win32.Build.0 = Debug|Win32
		{66216499-9548-5643-9831-763279211566}.Debug|x64.ActiveCfg = Debug|x64
		{66216499-9548-5643-9831-763279211566}.Debug|x64.Build.0 = Debug|x64
		{66216499-9548-5643-9831-763279211566}.Release|Win32.ActiveCfg = Release|Win32
		{66216499-9548-5643-9831-763279211566}.Release|Win32.Build.0 = Release|Win32
		{66216499-9548-5643-9831-763279211566}.Release|x64.ActiveCfg = Release|x64
		{66216499-9548-5643-9831-763279211566}.Release|x64.Build.0 = Release|x64
		{66216499-9548-5643-9831-763279211566}.Unicode Debug|Win32.ActiveCfg = Unicode Debug|Win32
		{66216499-9548-5643-9831-763279211566}.Unicode Debug|Win32.Build.0 = Unicode Debug|Win32
		{66216499-9548-5643-9831-763279211566}.Unicode Debug|x64.ActiveCfg = Unicode Debug|x64
		{66216499-9548-5643-9831-763279211566}.Unicode Debug|x64.Build.0 = Unicode Debug|x64
		{66216499-9548-5643-9831-763279211566}.Unicode Release|Win32.ActiveCfg = Unicode Release|Win32
		{66216499-9548-5643-9831-763279211566}.Unicode Release|Win32.Build.0 = Unicode Release|Win32
		{66216499-9548-5643-9831-763279211566}.Unicode Release|x64.ActiveCfg = Unicode Release|x64
		{66216499-9548-5643-9831-763279211566}.Unicode Release|x64.Build.0 = Unicode Release|x64
		{61552482-7193-7343-4269-625159717717}.Debug|Win32.ActiveCfg = Debug|Win32
		{61552482-7193-7343-4269-625159717717}.Debug|Win32.Build.0 = Debug|Win32
		{61552482-7193-7343-4269-625159717717}.Debug|x64.ActiveCfg = Debug|x64
		{61552482-7193-7343-4269-625159717717}.Debug|x64.Build.0 = Debug|x64
		{61552482-7193-7343-4269-625159717717}.Release|Win32.ActiveCfg = Release|Win32
		{61552482-7193-7343-4269-625159717717}.Release|Win32.Build.0 = Release|Win32
		{61552482-7193-7343-4269-625159717717}.Release|x64.ActiveCfg = Release|x64
		{61552482-7193-7343-4269-625159717717}.Release|x64.Build.0 = Release|x64
		{61552482-7193-7343-4269-625159717717}.Unicode Debug|Win32.ActiveCfg = Unicode Debug|Win32
		{61552482-7193-7343-4269-625159717717}.Unicode Debug|Win32.Build.0 = Unicode Debug|Win32
		{61552482-7193-7343-4269-625159717717}.Unicode Debug|x64.ActiveCfg = Unicode Debug|x64
		{61552482-7193-7343-4269-625159717717}.Unicode Debug|x64.Build.0 = Unicode Debug|x64
		{61552482-7193-7343-4269-625159717717}.Unicode Release|Win32.ActiveCfg = Unicode Release|Win32
		{61552482-7193-7343-4269-625159717717}.Unicode Release|Win32.Build.0 = Unicode Release|Win32
		{61552482-7193-7343-4269-625159717717}.Unicode Release|x64.ActiveCfg = Unicode Release|x64
		{61552482-7193-7343-4269-625159717717}.Unicode Release|x64.Build.0 = Unicode Release|x64
		{95367226-5258-6436-1811-854913237756}.Debug|Win32.ActiveCfg = Debug|Win32
		{95367226-5258-6436-1811-854913237756}.Debug|Win32.Build.0 = Debug|Win32
		{95367226-5258-6436-1811-854913237756}.Debug|x64.ActiveCfg = Debug|x64
		{95367226-5258-6436-1811-854913237756}.Debug|x64.Build.0 = Debug|x64
		{95367226-5258-6436-1811-854913237756}.Release|Win32.ActiveCfg = Release|Win32
		{95367226-5258-6436-1811-854913237756}.Release|Win32.Build.0 = Release|Win32
		{95367226-5258-6436-1811-854913237756}.Release|x64.ActiveCfg = Release|x64
		{95367226-5258-6436-1811-854913237756}.Release|x64.Build.0 = Release|x64
		{95367226-5258-6436-1811-854913237756}.Unicode Debug|Win32.ActiveCfg = Unicode Debug|Win32
		{95367226-5258-6436-1811-854913237756}.Unicode Debug|Win32.Build.0 = Unicode Debug|Win32
		{95367226-5258-6436-1811-854913237756}.Unicode Debug|x64.ActiveCfg = Unicode Debug|x64
		{95367226-5258-6436-1811-854913237756}.Unicode Debug|x64.Build.0 = Unicode Debug|x64
		{95367226-5258-6436-1811-854913237756}.Unicode Release|Win32.ActiveCfg = Unicode Release|Win32
		{95367226-5258-6436-1811-854913237756}.Unicode Release|Win32.Build.0 = Unicode Release|Win32
		{95367226-5258-6436-1811-854913237756}.Unicode Release|x64.ActiveCfg = Unicode Release|x64
		{95367226-5258-6436-1811-854913237756}.Unicode Release|x64.Build.0 = Unicode Release|x64
		{51775533-3916-9132-8973-348738269615}.Debug|Win32.ActiveCfg = Debug|Win32
		{51775533-3916-9132-8973-348738269615}.Debug|Win32.Build.0 = Debug|Win32
		{51775533-3916-9132-8973-348738269615}.Debug|x64.ActiveCfg = Debug|x64
		{51775533-3916-9132-8973-348738269615}.Debug|x64.Build.0 = Debug|x64
		{51775533-3916-9132-8973-348738269615}.Release|Win32.ActiveCfg = Release|Win32
		{51775533-3916-9132-8973-348738269615}.Release|Win32.Build.0 = Release|Win32
		{51775533-3916-9132-8973-348738269615}.Release|x64.ActiveCfg = Release|x64
		{51775533-3916-9132-8973-348738269615}.Release|x64.Build.0 = Release|x64
		{51775533-3916-9132-8973-348738269615}.Unicode Debug|Win32.ActiveCfg = Unicode Debug|Win32
		{51775533-3916-9132-8973-348738269615}.Unicode Debug|Win32.Build.0 = Unicode Debug|Win32
		{51775533-3916-9132-8973-348738269615}.Unicode Debug|x64.ActiveCfg = Unicode Debug|x64
		{51775533-3916-9132-8973-348738269615}.Unicode Debug|x64.Build.0 = Unicode Debug|x64
		{51775533-3916-9132-8973-348738269615}.Unicode Release|Win32.ActiveCfg = Unicode Release|Win32
		{51775533-3916-9132-8973-348738269615}.Unicode Release|Win32.Build.0 = Unicode Release|Win32
		{51775533-3916-9132-8973-348738269615}.Unicode Release|x64.ActiveCfg = Unicode Release|x64
		{51775533-3916-9132-8973-348738269615}.Unicode Release|x64.Build.0 = Unicode Release|x64
		{57654681-9177-8322-8468-119447124263}.Debug|Win32.ActiveCfg = Debug|Win32
		{57654681-9177-8322-8468-119447124263}.Debug|Win32.Build.0 = Debug|Win32
		{57654681-9177-8322-8468-119447124263}.Debug|x64.ActiveCfg = Debug|x64
		{57654681-9177-8322-8468-119447124263}.Debug|x64.Build.0 = Debug|x64
		{57654681-9177-8322-8468-119447124263}.Release|Win32.ActiveCfg = Release|Win32
		{57654681-9177-8322-8468-119447124263}.Release|Win32.Build.0 = Release|Win32
		{57654681-9177-8322-8468-119447124263}.Release|x64.ActiveCfg = Release|x64
		{57654681-9177-8322-8468-119447124263}.Release|x64.Build.0 = Release|x64
		{57654681-9177-8322-8468-119447124263}.Unicode Debug|Win32.ActiveCfg = Unicode Debug|Win32
		{57654681-9177-8322-8468-119447124263}.Unicode Debug|Win32.Build.0 = Unicode Debug|Win32
		{57654681-9177-8322-8468-119447124263}.Unicode Debug|x64.ActiveCfg = Unicode Debug|x64
		{57654681-9177-8322-8468-119447124263}.Unicode Debug|x64.Build.0 = Unicode Debug|x64
		{57654681-9177-8322-8468-119447124263}.Unicode Release|Win32.ActiveCfg = Unicode Release|Win32
		{57654681-9177-8322-8468-119447124263}.Unicode Release|Win32.Build.0 = Unicode Release|Win32
		{57654681-9177-8322-8468-119447124263}.Unicode Release|x64.ActiveCfg = Unicode Release|x64
		{57654681-9177-8322-8468-119447124263}.Unicode Release|x64.Build.0 = Unicode Release|x64
		{11616925-1678-8814-9739-746284264583}.Debug|Win32.ActiveCfg = Debug|Win32
		{11616925-1678-8814-9739-746284264583}.Debug|Win32.Build.0 = Debug|Win32
		{11616925-1678-8814-9739-746284264583}.Debug|x64.ActiveCfg = Debug|x64
		{11616925-1678-8814-9739-746284264583}.Debug|x64.Build.0 = Debug|x64
		{11616925-1678-8814-9739-746284264583}.Release|Win32.ActiveCfg = Release|Win32
		{11616925-1678-8814-9739-746284264583}.Release|Win32.Build.0 = Release|Win32
		{11616925-1678-8814-9739-746284264583}.Release|x64.ActiveCfg = Release|x64
		{11616925-1678-8814-9739-746284264583}.Release|x64.Build.0 = Release|x64
		{11616925-1678-8814-9739-746284264583}.Unicode Debug|Win32.ActiveCfg = Unicode Debug|Win32
		{11616925-1678-8814-9739-746284264583}.Unicode Debug|Win32.Build.0 = Unicode Debug|Win32
		{11616925-1678-8814-9739-746284264583}.Unicode Debug|x64.ActiveCfg = Unicode Debug|x64
		{11616925-1678-8814-9739-746284264583}.Unicode Debug|x64.Build.0 = Unicode Debug|x64
		{11616925-1678-8814-9739-746284264583}.Unicode Release|Win32.ActiveCfg = Unicode Release|Win32
		{11616925-1678-8814-9739-746284264583}.Unicode Release|Win32.Build.0 = Unicode Release|Win32
		{11616925-1678-8814-9739-746284264583}.Unicode Release|x64.ActiveCfg = Unicode Release|x64
		{11616925-1678-8814-9739-746284264583}.Unicode Release|x64.Build.0 = Unicode Release|x64
		{46433669-8834-6997-5571-975147574543}.Debug|Win32.ActiveCfg = Debug|Win32
		{46433669-8834-6997-5571-975147574543}.Debug|Win32.Build.0 = Debug|Win32
		{46433669-8834-6997-5571-975147574543}.Debug|x64.ActiveCfg = Debug|x64
		{46433669-8834-6997-5571-975147574543}.Debug|x64.Build.0 = Debug|x64
		{46433669-8834-6997-5571-975147574543}.Release|Win32.ActiveCfg = Release|Win32
		{46433669-8834-6997-5571-975147574543}.Release|Win32.Build.0 = Release|Win32
		{46433669-8834-6997-5571-975147574543}.Release|x64.ActiveCfg = Release|x64
		{46433669-8834-6997-5571-975147574543}.Release|x64.Build.0 = Release|x64
		{46433669-8834-6997-5571-975147574543}.Unicode Debug|Win32.ActiveCfg = Unicode Debug|Win32
		{46433669-8834-6997-5571-975147574543}.Unicode Debug|Win32.Build.0 = Unicode Debug|Win32
		{46433669-8834-6997-5571-975147574543}.Unicode Debug|x64.ActiveCfg = Unicode Debug|x64
		{46433669-8834-6997-5571-975147574543}.Unicode Debug|x64.Build.0 = Unicode Debug|x64
		{46433669-8834-6997-5571-975147574543}.Unicode Release|Win32.ActiveCfg = Unicode Release|Win32
		{46433669-8834-6997-5571-975147574543}.Unicode Release|Win32.Build.0 = Unicode Release|Win32
		{46433669-8834-6997-5571-975147574543}.Unicode Release|x64.ActiveCfg = Unicode Release|x64
		{46433669-8834-6997-5571-975147574543}.Unicode Release|x64.Build.0 = Unicode Release|x64
		{12831965-5582-9693-3644-469864615382}.Debug|Win32.ActiveCfg = Debug|Win32
		{12831965-5582-9693-3644-469864615382}.Debug|Win32.Build.0 = Debug|Win32
		{12831965-5582-9693-3644-469864615382}.Debug|x64.ActiveCfg = Debug|x64
		{12831965-5582-9693-3644-469864615382}.Debug|x64.Build.0 = Debug|x64
		{12831965-5582-9693-3644-469864615382}.Release|Win32.ActiveCfg = Release|Win32
		{12831965-5582-9693-3644-469864615382}.Release|Win32.Build.0 = Release|Win32
		{12831965-5582-9693-3644-469864615382}.Release|x64.ActiveCfg = Release|x64
		{12831965-5582-9693-3644-469864615382}.Release|x64.Build.0 = Release|x64
		{12831965-5582-9693-3644-469864615382}.Unicode Debug|Win32.ActiveCfg = Unicode Debug|Win32
		{12831965-5582-9693-3644-469864615382}.Unicode Debug|Win32.Build.0 = Unicode Debug|Win32
		{12831965-5582-9693-3644-469864615382}.Unicode Debug|x64.ActiveCfg = Unicode Debug|x64
		{12831965-5582-9693-3644-469864615382}.Unicode Debug|x64.Build.0 = Unicode Debug|x64
		{12831965-5582-9693-3644-469864615382}.Unicode Release|Win32.ActiveCfg = Unicode Release|Win32
		{12831965-5582-9693-3644-469864615382}.Unicode Release|Win32.Build.0 = Unicode Release|Win32
		{12831965-5582-9693-3644-469864615382}.Unicode Release|x64.ActiveCfg = Unicode Release|x64
		{12831965-5582-9693-3644-469864615382}.Unicode Release|x64.Build.0 = Unicode Release|x64
		{98729133-3643-8882-3139-132562461949}.Debug|Win32.ActiveCfg = Debug|Win32
		{98729133-3643-8882-3139-132562461949}.Debug|Win32.Build.0 = Debug|Win32
		{98729133-3643-8882-3139-132562461949}.Debug|x64.ActiveCfg = Debug|x64
		{98729133-3643-8882-3139-132562461949}.Debug|x64.Build.0 = Debug|x64
		{98729133-3643-8882-3139-132562461949}.Release|Win32.ActiveCfg = Release|Win32
		{98729133-3643-8882-3139-132562461949}.Release|Win32.Build.0 = Release|Win32
		{98729133-3643-8882-3139-132562461949}.Release|x64.ActiveCfg = Release|x64
		{98729133-3643-8882-3139-132562461949}.Release|x64.Build.0 = Release|x64
		{98729133-3643-8882-3139-132562461949}.Unicode Debug|Win32.ActiveCfg = Unicode Debug|Win32
		{98729133-3643-8882-3139-132562461949}.Unicode Debug|Win32.Build.0 = Unicode Debug|Win32
		{98729133-3643-8882-3139-132562461949}.Unicode Debug|x64.ActiveCfg = Unicode Debug|x64
		{98729133-3643-8882-3139-132562461949}.Unicode Debug|x64.Build.0 = Unicode Debug|x64
		{98729133-3643-8882-3139-132562461949}.Unicode Release|Win32.ActiveCfg = Unicode Release|Win32
		{98729133-3643-8882-3139-132562461949}.Unicode Release|Win32.Build.0 = Unicode Release|Win32
		{98729133-3643-8882-3139-132562461949}.Unicode Release|x64.ActiveCfg = Unicode Release|x64
		{98729133-3643-8882-3139-132562461949}.Unicode Release|x64.Build.0 = Unicode Release|x64
		{92954116-1396-2582-7458-183453167281}.Debug|Win32.ActiveCfg = Debug|Win32
		{92954116-1396-2582-7458-183453167281}.Debug|Win32.Build.0 = Debug|Win32
		{92954116-1396-2582-7458-183453167281}.Debug|x64.ActiveCfg = Debug|x64
		{92954116-1396-2582-7458-183453167281}.Debug|x64.Build.0 = Debug|x64
		{92954116-1396-2582-7458-183453167281}.Release|Win32.ActiveCfg = Release|Win32
		{92954116-1396-2582-7458-183453167281}.Release|Win32.Build.0 = Release|Win32
		{92954116-1396-2582-7458-183453167281}.Release|x64.ActiveCfg = Release|x64
		{92954116-1396-2582-7458-183453167281}.Release|x64.Build.0 = Release|x64
		{92954116-1396-2582-7458-183453167281}.Unicode Debug|Win32.ActiveCfg = Unicode Debug|Win32
		{92954116-1396-2582-7458-183453167281}.Unicode Debug|Win32.Build.0 = Unicode Debug|Win32
		{92954116-1396-2582-7458-183453167281}.Unicode Debug|x64.ActiveCfg = Unicode Debug|x64
		{92954116-1396-2582-7458-183453167281}.Unicode Debug|x64.Build.0 = Unicode Debug|x64
		{92954116-1396-2582-7458-183453167281}.Unicode Release|Win32.ActiveCfg = Unicode Release|Win32
		{92954116-1396-2582-7458-183453167281}.Unicode Release|Win32.Build.0 = Unicode Release|Win32
		{92954116-1396-2582-7458-183453167281}.Unicode Release|x64.ActiveCfg = Unicode Release|x64
		{92954116-1396-2582-7458-183453167281}.Unicode Release|x64.Build.0 = Unicode Release|x64
		{36871759-8452-9675-3119-322316486249}.Debug|Win32.ActiveCfg = Debug|Win32
		{36871759-8452-9675-3119-322316486249}.Debug|Win32.Build.0 = Debug|Win32
		{36871759-8452-9675-3119-322316486249}.Debug|x64.ActiveCfg = Debug|x64
		{36871759-8452-9675-3119-322316486249}.Debug|x64.Build.0 = Debug|x64
		{36871759-8452-9675-3119-322316486249}.Release|Win32.ActiveCfg = Release|Win32
		{36871759-8452-9675-3119-322316486249}.Release|Win32.Build.0 = Release|Win32
		{36871759-8452-9675-3119-322316486249}.Release|x64.ActiveCfg = Release|x64
		{36871759-8452-9675-3119-322316486249}.Release|x64.Build.0 = Release|x64
		{36871759-8452-9675-3119-322316486249}.Unicode Debug|Win32.ActiveCfg = Unicode Debug|Win32
		{36871759-8452-9675-3119-322316486249}.Unicode Debug|Win32.Build.0 = Unicode Debug|Win32
		{36871759-8452-9675-3119-322316486249}.Unicode Debug|x64.ActiveCfg = Unicode Debug|x64
		{36871759-8452-9675-3119-322316486249}.Unicode Debug|x64.Build.0 = Unicode Debug|x64
		{36871759-8452-9675-3119-322316486249}.Unicode Release|Win32.ActiveCfg = Unicode Release|Win32
		{36871759-8452-9675-3119-322316486249}.Unicode Release|Win32.Build.0 = Unicode Release|Win32
		{36871759-8452-9675-3119-322316486249}.Unicode Release|x64.ActiveCfg = Unicode Release|x64
		{36871759-8452-9675-3119-322316486249}.Unicode Release|x64.Build.0 = Unicode Release|x64
		{82278256-5111-4362-2272-716132528988}.Debug|Win32.ActiveCfg = Debug|Win32
		{82278256-5111-4362-2272-716132528988}.Debug|Win32.Build.0 = Debug|Win32
		{82278256-5111-4362-2272-716132528988}.Debug|x64.ActiveCfg = Debug|x64
		{82278256-5111-4362-2272-716132528988}.Debug|x64.Build.0 = Debug|x64
		{82278256-5111-4362-2272-716132528988}.Release|Win32.ActiveCfg = Release|Win32
		{82278256-5111-4362-2272-716132528988}.Release|Win32.Build.0 = Release|Win32
		{82278256-5111-4362-2272-716132528988}.Release|x64.ActiveCfg = Release|x64
		{82278256-5111-4362-2272-716132528988}.Release|x64.Build.0 = Release|x64
		{82278256-5111-4362-2272-716132528988}.Unicode Debug|Win32.ActiveCfg = Unicode Debug|Win32
		{82278256-5111-4362-2272-716132528988}.Unicode Debug|Win32.Build.0 = Unicode Debug|Win32
		{82278256-5111-4362-2272-716132528988}.Unicode Debug|x64.ActiveCfg = Unicode Debug|x64
		{82278256-5111-4362-2272-716132528988}.Unicode Debug|x64.Build.0 = Unicode Debug|x64
		{82278256-5111-4362-2272-716132528988}.Unicode Release|Win32.ActiveCfg = Unicode Release|Win32
		{82278256-5111-4362-2272-716132528988}.Unicode Release|Win32.Build.0 = Unicode Release|Win32
		{82278256-5111-4362-2272-716132528988}.Unicode Release|x64.ActiveCfg = Unicode Release|x64
		{82278256-5111-4362-2272-716132528988}.Unicode Release|x64.Build.0 = Unicode Release|x64
		{54932576-4262-1468-4278-493149493531}.Debug|Win32.ActiveCfg = Debug|Win32
		{54932576-4262-1468-4278-493149493531}.Debug|Win32.Build.0 = Debug|Win32
		{54932576-4262-1468-4278-493149493531}.Debug|x64.ActiveCfg = Debug|x64
		{54932576-4262-1468-4278-493149493531}.Debug|x64.Build.0 = Debug|x64
		{54932576-4262-1468-4278-493149493531}.Release|Win32.ActiveCfg = Release|Win32
		{54932576-4262-1468-4278-493149493531}.Release|Win32.Build.0 = Release|Win32
		{54932576-4262-1468-4278-493149493531}.Release|x64.ActiveCfg = Release|x64
		{54932576-4262-1468-4278-493149493531}.Release|x64.Build.0 = Release|x64
		{54932576-4262-1468-4278-493149493531}.Unicode Debug|Win32.ActiveCfg = Unicode Debug|Win32
		{54932576-4262-1468-4278-493149493531}.Unicode Debug|Win32.Build.0 = Unicode Debug|Win32
		{54932576-4262-1468-4278-493149493531}.Unicode Debug|x64.ActiveCfg = Unicode Debug|x64
		{54932576-4262-1468-4278-493149493531}.Unicode Debug|x64.Build.0 = Unicode Debug|x64
		{54932576-4262-1468-4278-493149493531}.Unicode Release|Win32.ActiveCfg = Unicode Release|Win32
		{54932576-4262-1468-4278-493149493531}.Unicode Release|Win32.Build.0 = Unicode Release|Win32
		{54932576-4262-1468-4278-493149493531}.Unicode Release|x64.ActiveCfg = Unicode Release|x64
		{54932576-4262-1468-4278-493149493531}.Unicode Release|x64.Build.0 = Unicode Release|x64
		{72492316-1924-6151-5986-339621161887}.Debug|Win32.ActiveCfg = Debug|Win32
		{72492316-1924-6151-5986-339621161887}.Debug|Win32.Build.0 = Debug|Win32
		{72492316-1924-6151-5986-339621161887}.Debug|x64.ActiveCfg = Debug|x64
		{72492316-1924-6151-5986-339621161887}.Debug|x64.Build.0 = Debug|x64
		{72492316-1924-6151-5986-339621161887}.Release|Win32.ActiveCfg = Release|Win32
		{72492316-1924-6151-5986-339621161887}.Release|Win32.Build.0 = Release|Win32
		{72492316-1924-6151-5986-339621161887}.Release|x64.ActiveCfg = Release|x64
		{72492316-1924-6151-5986-339621161887}.Release|x64.Build.0 = Release|x64
		{72492316-1924-6151-5986-339621161887}.Unicode Debug|Win32.ActiveCfg = Unicode Debug|Win32
		{72492316-1924-6151-5986-339621161887}.Unicode Debug|Win32.Build.0 = Unicode Debug|Win32
		{72492316-1924-6151-5986-339621161887}.Unicode Debug|x64.ActiveCfg = Unicode Debug|x64
		{72492316-1924-6151-5986-339621161887}.Unicode Debug|x64.Build.0 = Unicode Debug|x64
		{72492316-1924-6151-5986-339621161887}.Unicode Release|Win32.ActiveCfg = Unicode Release|Win32
		{72492316-1924-6151-5986-339621161887}.Unicode Release|Win32.Build.0 = Unicode Release|Win32
		{72492316-1924-6151-5986-339621161887}.Unicode Release|x64.ActiveCfg = Unicode Release|x64
		{72492316-1924-6151-5986-339621161887}.Unicode Release|x64.Build.0 = Unicode Release|x64
		{16228941-8171-4353-2637-558574489847}.Debug|Win32.ActiveCfg = Debug|Win32
		{16228941-8171-4353-2637-558574489847}.Debug|Win32.Build.0 = Debug|Win32
		{16228941-8171-4353-2637-558574489847}.Debug|x64.ActiveCfg = Debug|x64
		{16228941-8171-4353-2637-558574489847}.Debug|x64.Build.0 = Debug|x64
		{16228941-8171-4353-2637-558574489847}.Release|Win32.ActiveCfg = Release|Win32
		{16228941-8171-4353-2637-558574489847}.Release|Win32.Build.0 = Release|Win32
		{16228941-8171-4353-2637-558574489847}.Release|x64.ActiveCfg = Release|x64
		{16228941-8171-4353-2637-558574489847}.Release|x64.Build.0 = Release|x64
		{16228941-8171-4353-2637-558574489847}.Unicode Debug|Win32.ActiveCfg = Unicode Debug|Win32
		{16228941-8171-4353-2637-558574489847}.Unicode Debug|Win32.Build.0 = Unicode Debug|Win32
		{16228941-8171-4353-2637-558574489847}.Unicode Debug|x64.ActiveCfg = Unicode Debug|x64
		{16228941-8171-4353-2637-558574489847}.Unicode Debug|x64.Build.0 = Unicode Debug|x64
		{16228941-8171-4353-2637-558574489847}.Unicode Release|Win32.ActiveCfg = Unicode Release|Win32
		{16228941-8171-4353-2637-558574489847}.Unicode Release|Win32.Build.0 = Unicode Release|Win32
		{16228941-8171-4353-2637-558574489847}.Unicode Release|x64.ActiveCfg = Unicode Release|x64
		{16228941-8171-4353-2637-558574489847}.Unicode Release|x64.Build.0 = Unicode Release|x64
		{72526356-5738-7949-9719-953319522786}.Debug|Win32.ActiveCfg = Debug|Win32
		{72526356-5738-7949-9719-953319522786}.Debug|Win32.Build.0 = Debug|Win32
		{72526356-5738-7949-9719-953319522786}.Debug|x64.ActiveCfg = Debug|x64
		{72526356-5738-7949-9719-953319522786}.Debug|x64.Build.0 = Debug|x64
		{72526356-5738-7949-9719-953319522786}.Release|Win32.ActiveCfg = Release|Win32
		{72526356-5738-7949-9719-953319522786}.Release|Win32.Build.0 = Release|Win32
		{72526356-5738-7949-9719-953319522786}.Release|x64.ActiveCfg = Release|x64
		{72526356-5738-7949-9719-953319522786}.Release|x64.Build.0 = Release|x64
		{72526356-5738-7949-9719-953319522786}.Unicode Debug|Win32.ActiveCfg = Unicode Debug|Win32
		{72526356-5738-7949-9719-953319522786}.Unicode Debug|Win32.Build.0 = Unicode Debug|Win32
		{72526356-5738-7949-9719-953319522786}.Unicode Debug|x64.ActiveCfg = Unicode Debug|x64
		{72526356-5738-7949-9719-953319522786}.Unicode Debug|x64.Build.0 = Unicode Debug|x64
		{72526356-5738-7949-9719-953319522786}.Unicode Release|Win32.ActiveCfg = Unicode Release|Win32
		{72526356-5738-7949-9719-953319522786}.Unicode Release|Win32.Build.0 = Unicode Release|Win32
		{72526356-5738-7949-9719-953319522786}.Unicode Release|x64.ActiveCfg = Unicode Release|x64
		{72526356-5738-7949-9719-953319522786}.Unicode Release|x64.Build.0 = Unicode Release|x64
		{44379667-4889-5946-2717-748317496238}.Debug|Win32.ActiveCfg = Debug|Win32
		{44379667-4889-5946-2717-748317496238}.Debug|Win32.Build.0 = Debug|Win32
		{44379667-4889-5946-2717-748317496238}.Debug|x64.ActiveCfg = Debug|x64
		{44379667-4889-5946-2717-748317496238}.Debug|x64.Build.0 = Debug|x64
		{44379667-4889-5946-2717-748317496238}.Release|Win32.ActiveCfg = Release|Win32
		{44379667-4889-5946-2717-748317496238}.Release|Win32.Build.0 = Release|Win32
		{44379667-4889-5946-2717-748317496238}.Release|x64.ActiveCfg = Release|x64
		{44379667-4889-5946-2717-748317496238}.Release|x64.Build.0 = Release|x64
		{44379667-4889-5946-2717-748317496238}.Unicode Debug|Win32.ActiveCfg = Unicode Debug|Win32
		{44379667-4889-5946-2717-748317496238}.Unicode Debug|Win32.Build.0 = Unicode Debug|Win32
		{44379667-4889-5946-2717-748317496238}.Unicode Debug|x64.ActiveCfg = Unicode Debug|x64
		{44379667-4889-5946-2717-748317496238}.Unicode Debug|x64.Build.0 = Unicode Debug|x64
		{44379667-4889-5946-2717-748317496238}.Unicode Release|Win32.ActiveCfg = Unicode Release|Win32
		{44379667-4889-5946-2717-748317496238}.Unicode Release|Win32.Build.0 = Unicode Release|Win32
		{44379667-4889-5946-2717-748317496238}.Unicode Release|x64.ActiveCfg = Unicode Release|x64
		{44379667-4889-5946-2717-748317496238}.Unicode Release|x64.Build.0 = Unicode Release|x64
		{62749496-1552-9738-3524-676889974585}.Debug|Win32.ActiveCfg = Debug|Win32
		{62749496-1552-9738-3524-676889974585}.Debug|Win32.Build.0 = Debug|Win32
		{62749496-1552-9738-3524-676889974585}.Debug|x64.ActiveCfg = Debug|x64
		{62749496-1552-9738-3524-676889974585}.Debug|x64.Build.0 = Debug|x64
		{62749496-1552-9738-3524-676889974585}.Release|Win32.ActiveCfg = Release|Win32
		{62749496-1552-9738-3524-676889974585}.Release|Win32.Build.0 = Release|Win32
		{62749496-1552-9738-3524-676889974585}.Release|x64.ActiveCfg = Release|x64
		{62749496-1552-9738-3524-676889974585}.Release|x64.Build.0 = Release|x64
		{62749496-1552-9738-3524-676889974585}.Unicode Debug|Win32.ActiveCfg = Unicode Debug|Win32
		{62749496-1552-9738-3524-676889974585}.Unicode Debug|Win32.Build.0 = Unicode Debug|Win32
		{62749496-1552-9738-3524-676889974585}.Unicode Debug|x64.ActiveCfg = Unicode Debug|x64
		{62749496-1552-9738-3524-676889974585}.Unicode Debug|x64.Build.0 = Unicode Debug|x64
		{62749496-1552-9738-3524-676889974585}.Unicode Release|Win32.ActiveCfg = Unicode Release|Win32
		{62749496-1552-9738-3524-676889974585}.Unicode Release|Win32.Build.0 = Unicode Release|Win32
		{62749496-1552-9738-3524-676889974585}.Unicode Release|x64.ActiveCfg = Unicode Release|x64
		{62749496-1552-9738-3524-676889974585}.Unicode Release|x64.Build.0 = Unicode Release|x64
		{86666231-8718-7832-9365-895742383644}.Debug|Win32.ActiveCfg = Debug|Win32
		{86666231-8718-7832-9365-895742383644}.Debug|Win32.Build.0 = Debug|Win32
		{86666231-8718-7832-9365-895742383644}.Debug|x64.ActiveCfg = Debug|x64
		{86666231-8718-7832-9365-895742383644}.Debug|x64.Build.0 = Debug|x64
		{86666231-8718-7832-9365-895742383644}.Release|Win32.ActiveCfg = Release|Win32
		{86666231-8718-7832-9365-895742383644}.Release|Win32.Build.0 = Release|Win32
		{86666231-8718-7832-9365-895742383644}.Release|x64.ActiveCfg = Release|x64
		{86666231-8718-7832-9365-895742383644}.Release|x64.Build.0 = Release|x64
		{86666231-8718-7832-9365-895742383644}.Unicode Debug|Win32.ActiveCfg = Unicode Debug|Win32
		{86666231-8718-7832-9365-895742383644}.Unicode Debug|Win32.Build.0 = Unicode Debug|Win32
		{86666231-8718-7832-9365-895742383644}.Unicode Debug|x64.ActiveCfg = Unicode Debug|x64
		{86666231-8718-7832-9365-895742383644}.Unicode Debug|x64.Build.0 = Unicode Debug|x64
		{86666231-8718-7832-9365-895742383644}.Unicode Release|Win32.ActiveCfg = Unicode Release|Win32
		{86666231-8718-7832-9365-895742383644}.Unicode Release|Win32.Build.0 = Unicode Release|Win32
		{86666231-8718-7832-9365-895742383644}.Unicode Release|x64.ActiveCfg = Unicode Release|x64
		{86666231-8718-7832-9365-895742383644}.Unicode Release|x64.Build.0 = Unicode Release|x64
		{52964547-5466-2527-7438-399578435483}.Debug|Win32.ActiveCfg = Debug|Win32
		{52964547-5466-2527-7438-399578435483}.Debug|Win32.Build.0 = Debug|Win32
		{52964547-5466-2527-7438-399578435483}.Debug|x64.ActiveCfg = Debug|x64
		{52964547-5466-2527-7438-399578435483}.Debug|x64.Build.0 = Debug|x64
		{52964547-5466-2527-7438-399578435483}.Release|Win32.ActiveCfg = Release|Win32
		{52964547-5466-2527-7438-399578435483}.Release|Win32.Build.0 = Release|Win32
		{52964547-5466-2527-7438-399578435483}.Release|x64.ActiveCfg = Release|x64
		{52964547-5466-2527-7438-399578435483}.Release|x64.Build.0 = Release|x64
		{52964547-5466-2527-7438-399578435483}.Unicode Debug|Win32.ActiveCfg = Unicode Debug|Win32
		{52964547-5466-2527-7438-399578435483}.Unicode Debug|Win32.Build.0 = Unicode Debug|Win32
		{52964547-5466-2527-7438-399578435483}.Unicode Debug|x64.ActiveCfg = Unicode Debug|x64
		{52964547-5466-2527-7438-399578435483}.Unicode Debug|x64.Build.0 = Unicode Debug|x64
		{52964547-5466-2527-7438-399578435483}.Unicode Release|Win32.ActiveCfg = Unicode Release|Win32
		{52964547-5466-2527-7438-399578435483}.Unicode Release|Win32.Build.0 = Unicode Release|Win32
		{52964547-5466-2527-7438-399578435483}.Unicode Release|x64.ActiveCfg = Unicode Release|x64
		{52964547-5466-2527-7438-399578435483}.Unicode Release|x64.Build.0 = Unicode Release|x64
		{25727857-3517-8615-9335-185576319845}.Debug|Win32.ActiveCfg = Debug|Win32
		{25727857-3517-8615-9335-185576319845}.Debug|Win32.Build.0 = Debug|Win32
		{25727857-3517-8615-9335-185576319845}.Debug|x64.ActiveCfg = Debug|x64
		{25727857-3517-8615-9335-185576319845}.Debug|x64.Build.0 = Debug|x64
		{25727857-3517-8615-9335-185576319845}.Release|Win32.ActiveCfg = Release|Win32
		{25727857-3517-8615-9335-185576319845}.Release|Win32.Build.0 = Release|Win32
		{25727857-3517-8615-9335-185576319845}.Release|x64.ActiveCfg = Release|x64
		{25727857-3517-8615-9335-185576319845}.Release|x64.Build.0 = Release|x64
		{25727857-3517-8615-9335-185576319845}.Unicode Debug|Win32.ActiveCfg = Unicode Debug|Win32
		{25727857-3517-8615-9335-185576319845}.Unicode Debug|Win32.Build.0 = Unicode Debug|Win32
		{25727857-3517-8615-9335-185576319845}.Unicode Debug|x64.ActiveCfg = Unicode Debug|x64
		{25727857-3517-8615-9335-185576319845}.Unicode Debug|x64.Build.0 = Unicode Debug|x64
		{25727857-3517-8615-9335-185576319845}.Unicode Release|Win32.ActiveCfg = Unicode Release|Win32
		{25727857-3517-8615-9335-185576319845}.Unicode Release|Win32.Build.0 = Unicode Release|Win32
		{25727857-3517-8615-9335-185576319845}.Unicode Release|x64.ActiveCfg = Unicode Release|x64
		{25727857-3517-8615-9335-185576319845}.Unicode Release|x64.Build.0 = Unicode Release|x64
	EndGlobalSection
	GlobalSection(SolutionProperties) = preSolution
		HideSolutionNode = FALSE
	EndGlobalSection
EndGlobal
